// !$*UTF8*$!
{
	archiveVersion = 1;
	classes = {
	};
	objectVersion = 46;
	objects = {

/* Begin PBXBuildFile section */
		4C0BC91415B892D3008C6FC4 /* AFHTTPClient.h in Headers */ = {isa = PBXBuildFile; fileRef = 4C0BC8FF15B892D3008C6FC4 /* AFHTTPClient.h */; };
		4C0BC91515B892D3008C6FC4 /* AFHTTPClient.m in Sources */ = {isa = PBXBuildFile; fileRef = 4C0BC90015B892D3008C6FC4 /* AFHTTPClient.m */; };
		4C0BC91615B892D3008C6FC4 /* AFHTTPRequestOperation.h in Headers */ = {isa = PBXBuildFile; fileRef = 4C0BC90115B892D3008C6FC4 /* AFHTTPRequestOperation.h */; };
		4C0BC91715B892D3008C6FC4 /* AFHTTPRequestOperation.m in Sources */ = {isa = PBXBuildFile; fileRef = 4C0BC90215B892D3008C6FC4 /* AFHTTPRequestOperation.m */; };
		4C0BC91815B892D3008C6FC4 /* AFImageRequestOperation.h in Headers */ = {isa = PBXBuildFile; fileRef = 4C0BC90315B892D3008C6FC4 /* AFImageRequestOperation.h */; };
		4C0BC91915B892D3008C6FC4 /* AFImageRequestOperation.m in Sources */ = {isa = PBXBuildFile; fileRef = 4C0BC90415B892D3008C6FC4 /* AFImageRequestOperation.m */; };
		4C0BC91A15B892D3008C6FC4 /* AFJSONRequestOperation.h in Headers */ = {isa = PBXBuildFile; fileRef = 4C0BC90515B892D3008C6FC4 /* AFJSONRequestOperation.h */; };
		4C0BC91B15B892D3008C6FC4 /* AFJSONRequestOperation.m in Sources */ = {isa = PBXBuildFile; fileRef = 4C0BC90615B892D3008C6FC4 /* AFJSONRequestOperation.m */; };
		4C0BC91C15B892D3008C6FC4 /* AFJSONUtilities.h in Headers */ = {isa = PBXBuildFile; fileRef = 4C0BC90715B892D3008C6FC4 /* AFJSONUtilities.h */; };
		4C0BC91D15B892D3008C6FC4 /* AFJSONUtilities.m in Sources */ = {isa = PBXBuildFile; fileRef = 4C0BC90815B892D3008C6FC4 /* AFJSONUtilities.m */; };
		4C0BC91E15B892D3008C6FC4 /* AFNetworkActivityIndicatorManager.h in Headers */ = {isa = PBXBuildFile; fileRef = 4C0BC90915B892D3008C6FC4 /* AFNetworkActivityIndicatorManager.h */; };
		4C0BC91F15B892D3008C6FC4 /* AFNetworkActivityIndicatorManager.m in Sources */ = {isa = PBXBuildFile; fileRef = 4C0BC90A15B892D3008C6FC4 /* AFNetworkActivityIndicatorManager.m */; };
		4C0BC92015B892D3008C6FC4 /* AFNetworking.h in Headers */ = {isa = PBXBuildFile; fileRef = 4C0BC90B15B892D3008C6FC4 /* AFNetworking.h */; };
		4C0BC92115B892D3008C6FC4 /* AFPropertyListRequestOperation.h in Headers */ = {isa = PBXBuildFile; fileRef = 4C0BC90C15B892D3008C6FC4 /* AFPropertyListRequestOperation.h */; };
		4C0BC92215B892D3008C6FC4 /* AFPropertyListRequestOperation.m in Sources */ = {isa = PBXBuildFile; fileRef = 4C0BC90D15B892D3008C6FC4 /* AFPropertyListRequestOperation.m */; };
		4C0BC92315B892D3008C6FC4 /* AFURLConnectionOperation.h in Headers */ = {isa = PBXBuildFile; fileRef = 4C0BC90E15B892D3008C6FC4 /* AFURLConnectionOperation.h */; };
		4C0BC92415B892D3008C6FC4 /* AFURLConnectionOperation.m in Sources */ = {isa = PBXBuildFile; fileRef = 4C0BC90F15B892D3008C6FC4 /* AFURLConnectionOperation.m */; };
		4C0BC92515B892D3008C6FC4 /* AFXMLRequestOperation.h in Headers */ = {isa = PBXBuildFile; fileRef = 4C0BC91015B892D3008C6FC4 /* AFXMLRequestOperation.h */; };
		4C0BC92615B892D3008C6FC4 /* AFXMLRequestOperation.m in Sources */ = {isa = PBXBuildFile; fileRef = 4C0BC91115B892D3008C6FC4 /* AFXMLRequestOperation.m */; };
		4C0BC92715B892D3008C6FC4 /* UIImageView+AFNetworking.h in Headers */ = {isa = PBXBuildFile; fileRef = 4C0BC91215B892D3008C6FC4 /* UIImageView+AFNetworking.h */; };
		4C0BC92815B892D3008C6FC4 /* UIImageView+AFNetworking.m in Sources */ = {isa = PBXBuildFile; fileRef = 4C0BC91315B892D3008C6FC4 /* UIImageView+AFNetworking.m */; };
		4C0BC93615B8C2BE008C6FC4 /* quack.wav in Resources */ = {isa = PBXBuildFile; fileRef = 4C0BC93515B8C2BE008C6FC4 /* quack.wav */; };
		4C0BC93A15B8C45B008C6FC4 /* AudioToolbox.framework in Frameworks */ = {isa = PBXBuildFile; fileRef = 4C0BC93915B8C45B008C6FC4 /* AudioToolbox.framework */; };
		4C11C6AF15B5E4C200D046BA /* DDGStoriesProvider.m in Sources */ = {isa = PBXBuildFile; fileRef = 4C11C6AE15B5E4C200D046BA /* DDGStoriesProvider.m */; };
		4C14244E15AF3F8100EFBDE3 /* bang_button_open@2x.png in Resources */ = {isa = PBXBuildFile; fileRef = 4C14244D15AF3F8100EFBDE3 /* bang_button_open@2x.png */; };
		4C14245015AF3F8E00EFBDE3 /* empty_bang_button@2x.png in Resources */ = {isa = PBXBuildFile; fileRef = 4C14244F15AF3F8E00EFBDE3 /* empty_bang_button@2x.png */; };
		4C14245215AF420800EFBDE3 /* bang_button_open.png in Resources */ = {isa = PBXBuildFile; fileRef = 4C14245115AF420800EFBDE3 /* bang_button_open.png */; };
		4C18241615A602C100248A9D /* Icon72x@2x.png in Resources */ = {isa = PBXBuildFile; fileRef = 4C18241515A602C100248A9D /* Icon72x@2x.png */; };
		4C184D0E15A3742A003AAD5E /* NSArray+ConcurrentIteration.m in Sources */ = {isa = PBXBuildFile; fileRef = 4C184D0D15A3742A003AAD5E /* NSArray+ConcurrentIteration.m */; };
		4C19FFD71593B617003AC03F /* DDGCache.m in Sources */ = {isa = PBXBuildFile; fileRef = 4C19FFD61593B617003AC03F /* DDGCache.m */; };
		4C1EF85B150C043D00532858 /* EGORefreshTableHeaderView.h in Headers */ = {isa = PBXBuildFile; fileRef = 4C1EF859150C043D00532858 /* EGORefreshTableHeaderView.h */; };
		4C1EF85C150C043D00532858 /* EGORefreshTableHeaderView.m in Sources */ = {isa = PBXBuildFile; fileRef = 4C1EF85A150C043D00532858 /* EGORefreshTableHeaderView.m */; };
		4C1EF85E150C048B00532858 /* QuartzCore.framework in Frameworks */ = {isa = PBXBuildFile; fileRef = 4C1EF85D150C048A00532858 /* QuartzCore.framework */; };
		4C1FD7ED1548FF65006B2511 /* action34x29.png in Resources */ = {isa = PBXBuildFile; fileRef = 4C1FD7D41548FF65006B2511 /* action34x29.png */; };
		4C1FD7EE1548FF65006B2511 /* arrowRight18x18.png in Resources */ = {isa = PBXBuildFile; fileRef = 4C1FD7D51548FF65006B2511 /* arrowRight18x18.png */; };
		4C1FD7EF1548FF65006B2511 /* back_button.png in Resources */ = {isa = PBXBuildFile; fileRef = 4C1FD7D61548FF65006B2511 /* back_button.png */; };
		4C1FD7F01548FF65006B2511 /* back_button@2x.png in Resources */ = {isa = PBXBuildFile; fileRef = 4C1FD7D71548FF65006B2511 /* back_button@2x.png */; };
		4C1FD7F21548FF65006B2511 /* chevron15x27.png in Resources */ = {isa = PBXBuildFile; fileRef = 4C1FD7D91548FF65006B2511 /* chevron15x27.png */; };
		4C1FD7F31548FF65006B2511 /* Default.png in Resources */ = {isa = PBXBuildFile; fileRef = 4C1FD7DA1548FF65006B2511 /* Default.png */; };
		4C1FD7F41548FF65006B2511 /* Default@2x.png in Resources */ = {isa = PBXBuildFile; fileRef = 4C1FD7DB1548FF65006B2511 /* Default@2x.png */; };
		4C1FD7F61548FF65006B2511 /* header_tile.png in Resources */ = {isa = PBXBuildFile; fileRef = 4C1FD7DD1548FF65006B2511 /* header_tile.png */; };
		4C1FD7F71548FF65006B2511 /* header_tile@2x.png in Resources */ = {isa = PBXBuildFile; fileRef = 4C1FD7DE1548FF65006B2511 /* header_tile@2x.png */; };
		4C1FD7F81548FF65006B2511 /* home_button.png in Resources */ = {isa = PBXBuildFile; fileRef = 4C1FD7DF1548FF65006B2511 /* home_button.png */; };
		4C1FD7F91548FF65006B2511 /* home_button@2x.png in Resources */ = {isa = PBXBuildFile; fileRef = 4C1FD7E01548FF65006B2511 /* home_button@2x.png */; };
		4C1FD7FA1548FF65006B2511 /* icon57x.png in Resources */ = {isa = PBXBuildFile; fileRef = 4C1FD7E11548FF65006B2511 /* icon57x.png */; };
		4C1FD7FB1548FF65006B2511 /* icon57x@2x.png in Resources */ = {isa = PBXBuildFile; fileRef = 4C1FD7E21548FF65006B2511 /* icon57x@2x.png */; };
		4C1FD7FC1548FF65006B2511 /* icon72x.png in Resources */ = {isa = PBXBuildFile; fileRef = 4C1FD7E31548FF65006B2511 /* icon72x.png */; };
		4C1FD7FD1548FF65006B2511 /* reload.png in Resources */ = {isa = PBXBuildFile; fileRef = 4C1FD7E41548FF65006B2511 /* reload.png */; };
		4C1FD7FE1548FF65006B2511 /* search_field.png in Resources */ = {isa = PBXBuildFile; fileRef = 4C1FD7E51548FF65006B2511 /* search_field.png */; };
		4C1FD7FF1548FF65006B2511 /* search_field@2x.png in Resources */ = {isa = PBXBuildFile; fileRef = 4C1FD7E61548FF65006B2511 /* search_field@2x.png */; };
		4C1FD8001548FF65006B2511 /* settings_button.png in Resources */ = {isa = PBXBuildFile; fileRef = 4C1FD7E71548FF65006B2511 /* settings_button.png */; };
		4C1FD8011548FF65006B2511 /* settings_button@2x.png in Resources */ = {isa = PBXBuildFile; fileRef = 4C1FD7E81548FF65006B2511 /* settings_button@2x.png */; };
		4C1FD8021548FF65006B2511 /* spacer8x16.png in Resources */ = {isa = PBXBuildFile; fileRef = 4C1FD7E91548FF65006B2511 /* spacer8x16.png */; };
		4C1FD8031548FF65006B2511 /* spacer44x44.png in Resources */ = {isa = PBXBuildFile; fileRef = 4C1FD7EA1548FF65006B2511 /* spacer44x44.png */; };
		4C1FD8041548FF65006B2511 /* stop.png in Resources */ = {isa = PBXBuildFile; fileRef = 4C1FD7EB1548FF65006B2511 /* stop.png */; };
		4C1FD8051548FF65006B2511 /* topicChosen37x36.png in Resources */ = {isa = PBXBuildFile; fileRef = 4C1FD7EC1548FF65006B2511 /* topicChosen37x36.png */; };
		4C24A75A15BA0946003DCB56 /* load_bar.png in Resources */ = {isa = PBXBuildFile; fileRef = 4C24A75815BA0946003DCB56 /* load_bar.png */; };
		4C24A75B15BA0946003DCB56 /* load_bar@2x.png in Resources */ = {isa = PBXBuildFile; fileRef = 4C24A75915BA0946003DCB56 /* load_bar@2x.png */; };
		4C2DD65F159CD14100A74526 /* topic_cell_background@2x.png in Resources */ = {isa = PBXBuildFile; fileRef = 4C2DD65D159CD14100A74526 /* topic_cell_background@2x.png */; };
		4C2DD660159CD14100A74526 /* topic_cell_background.png in Resources */ = {isa = PBXBuildFile; fileRef = 4C2DD65E159CD14100A74526 /* topic_cell_background.png */; };
		4C2E001215B87C700096C994 /* DDGNewsSourcesViewController.m in Sources */ = {isa = PBXBuildFile; fileRef = 4C2E001115B87C700096C994 /* DDGNewsSourcesViewController.m */; };
		4C2F2C6C15604657005AAA2E /* DDGAddressBarTextField.m in Sources */ = {isa = PBXBuildFile; fileRef = 4C2F2C6B15604657005AAA2E /* DDGAddressBarTextField.m */; };
		4C3BEFAF15C4889D00EEA7BF /* share_button@2x.png in Resources */ = {isa = PBXBuildFile; fileRef = 4C3BEFAE15C4889D00EEA7BF /* share_button@2x.png */; };
		4C3BEFB115C488E000EEA7BF /* share_button.png in Resources */ = {isa = PBXBuildFile; fileRef = 4C3BEFB015C488E000EEA7BF /* share_button.png */; };
		4C3BF0E015C4A01B00EEA7BF /* Security.framework in Frameworks */ = {isa = PBXBuildFile; fileRef = 4C3BF0DF15C4A01B00EEA7BF /* Security.framework */; };
		4C3BF0E115C4A02300EEA7BF /* SystemConfiguration.framework in Frameworks */ = {isa = PBXBuildFile; fileRef = 834CD86A14A0FC3C006240F1 /* SystemConfiguration.framework */; };
		4C3BF10815C4A48300EEA7BF /* CFNetwork.framework in Frameworks */ = {isa = PBXBuildFile; fileRef = 4C3BF10715C4A48200EEA7BF /* CFNetwork.framework */; };
		4C3BF10A15C4A49000EEA7BF /* CoreLocation.framework in Frameworks */ = {isa = PBXBuildFile; fileRef = 4C3BF10915C4A49000EEA7BF /* CoreLocation.framework */; };
		4C3BF10C15C4A4A700EEA7BF /* CoreFoundation.framework in Frameworks */ = {isa = PBXBuildFile; fileRef = 4C3BF10B15C4A4A700EEA7BF /* CoreFoundation.framework */; settings = {ATTRIBUTES = (Weak, ); }; };
		4C3BF12415C4A81D00EEA7BF /* libShareKit.a in Frameworks */ = {isa = PBXBuildFile; fileRef = 4C3BF11B15C4A6E300EEA7BF /* libShareKit.a */; };
		4C3BF12515C4A82600EEA7BF /* ShareKit.bundle in Resources */ = {isa = PBXBuildFile; fileRef = 4C3BF11D15C4A6E300EEA7BF /* ShareKit.bundle */; };
		4C3BF12615C4A86400EEA7BF /* Security.framework in Frameworks */ = {isa = PBXBuildFile; fileRef = 4C3BF0DF15C4A01B00EEA7BF /* Security.framework */; };
		4C4B7E8815C4C73E00340B59 /* DDGSHKConfigurator.m in Sources */ = {isa = PBXBuildFile; fileRef = 4C4B7E8715C4C73E00340B59 /* DDGSHKConfigurator.m */; };
		4C4B7E8A15C4EAA300340B59 /* DDGSHKSharers.plist in Resources */ = {isa = PBXBuildFile; fileRef = 4C4B7E8915C4EAA300340B59 /* DDGSHKSharers.plist */; };
		4C4B7E8E15C4EC9E00340B59 /* SVProgressHUD.bundle in Resources */ = {isa = PBXBuildFile; fileRef = 4C4B7E8B15C4EC9E00340B59 /* SVProgressHUD.bundle */; };
		4C4B7E8F15C4EC9E00340B59 /* SVProgressHUD.m in Sources */ = {isa = PBXBuildFile; fileRef = 4C4B7E8D15C4EC9E00340B59 /* SVProgressHUD.m */; };
		4C4B7E9415C4F1AA00340B59 /* DDGBookmarksViewController.m in Sources */ = {isa = PBXBuildFile; fileRef = 4C4B7E9215C4F1AA00340B59 /* DDGBookmarksViewController.m */; };
		4C4B7E9515C4F1AA00340B59 /* DDGBookmarksViewController.xib in Resources */ = {isa = PBXBuildFile; fileRef = 4C4B7E9315C4F1AA00340B59 /* DDGBookmarksViewController.xib */; };
		4C4B7E9815C4F8E500340B59 /* DDGBookmarksProvider.m in Sources */ = {isa = PBXBuildFile; fileRef = 4C4B7E9715C4F8E500340B59 /* DDGBookmarksProvider.m */; };
		4C5381461595045500490B9C /* noimage.png in Resources */ = {isa = PBXBuildFile; fileRef = 4C5381451595045500490B9C /* noimage.png */; };
		4C573D0A15B759E100790F60 /* IGFormButton.m in Sources */ = {isa = PBXBuildFile; fileRef = 4C573CF915B759E100790F60 /* IGFormButton.m */; };
		4C573D0B15B759E100790F60 /* IGFormElement.m in Sources */ = {isa = PBXBuildFile; fileRef = 4C573CFB15B759E100790F60 /* IGFormElement.m */; };
		4C573D0C15B759E100790F60 /* IGFormRadioOption.m in Sources */ = {isa = PBXBuildFile; fileRef = 4C573CFD15B759E100790F60 /* IGFormRadioOption.m */; };
		4C573D0D15B759E100790F60 /* IGFormSection.m in Sources */ = {isa = PBXBuildFile; fileRef = 4C573CFF15B759E100790F60 /* IGFormSection.m */; };
		4C573D0E15B759E100790F60 /* IGFormSwitch.m in Sources */ = {isa = PBXBuildFile; fileRef = 4C573D0115B759E100790F60 /* IGFormSwitch.m */; };
		4C573D0F15B759E100790F60 /* IGFormTextField.m in Sources */ = {isa = PBXBuildFile; fileRef = 4C573D0315B759E100790F60 /* IGFormTextField.m */; };
		4C573D1015B759E100790F60 /* IGFormTextView.m in Sources */ = {isa = PBXBuildFile; fileRef = 4C573D0515B759E100790F60 /* IGFormTextView.m */; };
		4C573D1115B759E100790F60 /* IGFormViewController.m in Sources */ = {isa = PBXBuildFile; fileRef = 4C573D0715B759E100790F60 /* IGFormViewController.m */; };
		4C573D1515B75A2900790F60 /* DDGSettingsViewController.m in Sources */ = {isa = PBXBuildFile; fileRef = 4C573D1415B75A2900790F60 /* DDGSettingsViewController.m */; };
		4C57C10F158A8D6500E4C6BF /* refresh_arrow.png in Resources */ = {isa = PBXBuildFile; fileRef = 4C57C10D158A8D6500E4C6BF /* refresh_arrow.png */; };
		4C57C112158A8F5400E4C6BF /* refresh_arrow@2x.png in Resources */ = {isa = PBXBuildFile; fileRef = 4C57C111158A8F5400E4C6BF /* refresh_arrow@2x.png */; };
		4C5F81F4158F96D6007B745A /* bangs.json in Resources */ = {isa = PBXBuildFile; fileRef = 4C5F81F3158F96D6007B745A /* bangs.json */; };
		4C5F81FA158FEA94007B745A /* bang_button.png in Resources */ = {isa = PBXBuildFile; fileRef = 4C5F81F8158FEA94007B745A /* bang_button.png */; };
		4C5F81FB158FEA94007B745A /* bang_button@2x.png in Resources */ = {isa = PBXBuildFile; fileRef = 4C5F81F9158FEA94007B745A /* bang_button@2x.png */; };
		4C660A7915914E73001AB510 /* empty_bang_button.png in Resources */ = {isa = PBXBuildFile; fileRef = 4C660A7815914E73001AB510 /* empty_bang_button.png */; };
		4C7A67BD15C5C9200087D548 /* OneLineTopicCell.xib in Resources */ = {isa = PBXBuildFile; fileRef = 4C7A67BB15C5C9200087D548 /* OneLineTopicCell.xib */; };
		4C7DA6D815890A6900D95585 /* DDGBangsProvider.m in Sources */ = {isa = PBXBuildFile; fileRef = 4C7DA6D715890A6900D95585 /* DDGBangsProvider.m */; };
		4C9A9773154DEAED00286619 /* reload@2x.png in Resources */ = {isa = PBXBuildFile; fileRef = 4C9A9771154DEAED00286619 /* reload@2x.png */; };
		4C9A9774154DEAED00286619 /* stop@2x.png in Resources */ = {isa = PBXBuildFile; fileRef = 4C9A9772154DEAED00286619 /* stop@2x.png */; };
		4CA0DC4A14EF1C2900CFC5D2 /* SDURLCache.h in Headers */ = {isa = PBXBuildFile; fileRef = 4CA0DC4814EF1C2900CFC5D2 /* SDURLCache.h */; };
		4CA0DC4B14EF1C2900CFC5D2 /* SDURLCache.m in Sources */ = {isa = PBXBuildFile; fileRef = 4CA0DC4914EF1C2900CFC5D2 /* SDURLCache.m */; };
		4CA8C5821592914D0011665C /* DDGWebViewController.xib in Resources */ = {isa = PBXBuildFile; fileRef = 4CA8C5811592914D0011665C /* DDGWebViewController.xib */; };
		4CA9C46A15CC6972001F3231 /* refresh_dotted_line@2x.png in Resources */ = {isa = PBXBuildFile; fileRef = 4CA9C46815CC6972001F3231 /* refresh_dotted_line@2x.png */; };
		4CA9C46B15CC6972001F3231 /* refresh_dotted_line.png in Resources */ = {isa = PBXBuildFile; fileRef = 4CA9C46915CC6972001F3231 /* refresh_dotted_line.png */; };
		4CA9C46E15CC72D2001F3231 /* linen_bg@2x.png in Resources */ = {isa = PBXBuildFile; fileRef = 4CA9C46C15CC72D2001F3231 /* linen_bg@2x.png */; };
		4CA9C46F15CC72D2001F3231 /* linen_bg.png in Resources */ = {isa = PBXBuildFile; fileRef = 4CA9C46D15CC72D2001F3231 /* linen_bg.png */; };
		4CA9C48615CC7E41001F3231 /* table_view_shadow_top.png in Resources */ = {isa = PBXBuildFile; fileRef = 4CA9C48415CC7E41001F3231 /* table_view_shadow_top.png */; };
		4CA9C48715CC7E41001F3231 /* table_view_shadow_top@2x.png in Resources */ = {isa = PBXBuildFile; fileRef = 4CA9C48515CC7E41001F3231 /* table_view_shadow_top@2x.png */; };
		4CA9C48A15CC82A3001F3231 /* table_view_shadow_bottom@2x.png in Resources */ = {isa = PBXBuildFile; fileRef = 4CA9C48815CC82A3001F3231 /* table_view_shadow_bottom@2x.png */; };
		4CA9C48B15CC82A3001F3231 /* table_view_shadow_bottom.png in Resources */ = {isa = PBXBuildFile; fileRef = 4CA9C48915CC82A3001F3231 /* table_view_shadow_bottom.png */; };
		4CB72E8D15BE7CF300D8541F /* DDGAddCustomSourceViewController.m in Sources */ = {isa = PBXBuildFile; fileRef = 4CB72E8C15BE7CF300D8541F /* DDGAddCustomSourceViewController.m */; };
		4CBA647B15C878B900DADD00 /* UIImage+DDG.m in Sources */ = {isa = PBXBuildFile; fileRef = 4CBA647A15C878B900DADD00 /* UIImage+DDG.m */; };
		4CCDC2AF1527B18C00CB6907 /* DDGSearchHistoryProvider.m in Sources */ = {isa = PBXBuildFile; fileRef = 4CCDC2AE1527B18C00CB6907 /* DDGSearchHistoryProvider.m */; };
		4CCEA043150AAB1D00CCC480 /* DDGSearchSuggestionsProvider.m in Sources */ = {isa = PBXBuildFile; fileRef = 4CCEA042150AAB1D00CCC480 /* DDGSearchSuggestionsProvider.m */; };
		4CD9247E15C9ED0900EB062F /* Constants.m in Sources */ = {isa = PBXBuildFile; fileRef = 4CD9247D15C9ED0900EB062F /* Constants.m */; };
		4CF9543C158A6FB30076465E /* DDGInputAccessoryView.m in Sources */ = {isa = PBXBuildFile; fileRef = 4CF9543B158A6FB30076465E /* DDGInputAccessoryView.m */; };
		4CF9ED57154DFC460075C23E /* MessageUI.framework in Frameworks */ = {isa = PBXBuildFile; fileRef = 4CF9ED56154DFC460075C23E /* MessageUI.framework */; };
		4CF9ED58154DFC5F0075C23E /* UIKit.framework in Frameworks */ = {isa = PBXBuildFile; fileRef = 83F3225C149290EF00A61BC5 /* UIKit.framework */; };
		4CF9ED59154DFCD80075C23E /* MessageUI.framework in Frameworks */ = {isa = PBXBuildFile; fileRef = 4CF9ED56154DFC460075C23E /* MessageUI.framework */; };
		4CFA1A9014DDB73C00DF52FE /* Foundation.framework in Frameworks */ = {isa = PBXBuildFile; fileRef = 833DB53D1494164F00509F2E /* Foundation.framework */; };
		4CFA1A9C14DDB77F00DF52FE /* libNoARC.a in Frameworks */ = {isa = PBXBuildFile; fileRef = 4CFA1A8F14DDB73C00DF52FE /* libNoARC.a */; };
		8345080614AB8D520093C2A1 /* Foundation.framework in Frameworks */ = {isa = PBXBuildFile; fileRef = 833DB53D1494164F00509F2E /* Foundation.framework */; };
		834CD86B14A0FC3C006240F1 /* SystemConfiguration.framework in Frameworks */ = {isa = PBXBuildFile; fileRef = 834CD86A14A0FC3C006240F1 /* SystemConfiguration.framework */; };
		834E5002149418D400EABD6E /* Twitter.framework in Frameworks */ = {isa = PBXBuildFile; fileRef = 834E5001149418D400EABD6E /* Twitter.framework */; };
		838E9061149A75D700C11E41 /* DDGSearchController.xib in Resources */ = {isa = PBXBuildFile; fileRef = 838E9063149A75D700C11E41 /* DDGSearchController.xib */; };
		838E9065149A763200C11E41 /* TwoLineTopicCell.xib in Resources */ = {isa = PBXBuildFile; fileRef = 838E9067149A763200C11E41 /* TwoLineTopicCell.xib */; };
		838E906A149A76D400C11E41 /* Localizable.strings in Resources */ = {isa = PBXBuildFile; fileRef = 838E906C149A76D400C11E41 /* Localizable.strings */; };
		839819431493C1DB0017A892 /* DDGWebViewController.m in Sources */ = {isa = PBXBuildFile; fileRef = 839819421493C1DB0017A892 /* DDGWebViewController.m */; };
		83F3225D149290EF00A61BC5 /* UIKit.framework in Frameworks */ = {isa = PBXBuildFile; fileRef = 83F3225C149290EF00A61BC5 /* UIKit.framework */; };
		83F32261149290EF00A61BC5 /* CoreGraphics.framework in Frameworks */ = {isa = PBXBuildFile; fileRef = 83F32260149290EF00A61BC5 /* CoreGraphics.framework */; };
		83F32267149290EF00A61BC5 /* InfoPlist.strings in Resources */ = {isa = PBXBuildFile; fileRef = 83F32265149290EF00A61BC5 /* InfoPlist.strings */; };
		83F32269149290EF00A61BC5 /* main.m in Sources */ = {isa = PBXBuildFile; fileRef = 83F32268149290EF00A61BC5 /* main.m */; };
		83F3226D149290EF00A61BC5 /* DDGAppDelegate.m in Sources */ = {isa = PBXBuildFile; fileRef = 83F3226C149290EF00A61BC5 /* DDGAppDelegate.m */; };
		83F32270149290EF00A61BC5 /* iPhone.storyboard in Resources */ = {isa = PBXBuildFile; fileRef = 83F3226E149290EF00A61BC5 /* iPhone.storyboard */; };
		83F32276149290EF00A61BC5 /* DDGViewController.m in Sources */ = {isa = PBXBuildFile; fileRef = 83F32275149290EF00A61BC5 /* DDGViewController.m */; };
		83F3229E1492EE1B00A61BC5 /* DDGSearchController.m in Sources */ = {isa = PBXBuildFile; fileRef = 83F3229C1492EE1B00A61BC5 /* DDGSearchController.m */; };
/* End PBXBuildFile section */

/* Begin PBXContainerItemProxy section */
		4C3BF11815C4A6E300EEA7BF /* PBXContainerItemProxy */ = {
			isa = PBXContainerItemProxy;
			containerPortal = 4C3BF10D15C4A6E300EEA7BF /* ShareKit.xcodeproj */;
			proxyType = 2;
			remoteGlobalIDString = 1D6058910D05DD3D006BFB54;
			remoteInfo = "Demo App";
		};
		4C3BF11A15C4A6E300EEA7BF /* PBXContainerItemProxy */ = {
			isa = PBXContainerItemProxy;
			containerPortal = 4C3BF10D15C4A6E300EEA7BF /* ShareKit.xcodeproj */;
			proxyType = 2;
			remoteGlobalIDString = 7AB5342E1552AADD00171BCE;
			remoteInfo = "Static Library";
		};
		4C3BF11C15C4A6E300EEA7BF /* PBXContainerItemProxy */ = {
			isa = PBXContainerItemProxy;
			containerPortal = 4C3BF10D15C4A6E300EEA7BF /* ShareKit.xcodeproj */;
			proxyType = 2;
			remoteGlobalIDString = 7AB5360F1552E26800171BCE;
			remoteInfo = "Resource Bundle";
		};
		4C3BF11E15C4A6E300EEA7BF /* PBXContainerItemProxy */ = {
			isa = PBXContainerItemProxy;
			containerPortal = 4C3BF10D15C4A6E300EEA7BF /* ShareKit.xcodeproj */;
			proxyType = 2;
			remoteGlobalIDString = 7A0F9246156BA2A0009CB40A;
			remoteInfo = "Static Library No Submodules";
		};
		4C3BF12015C4A81200EEA7BF /* PBXContainerItemProxy */ = {
			isa = PBXContainerItemProxy;
			containerPortal = 4C3BF10D15C4A6E300EEA7BF /* ShareKit.xcodeproj */;
			proxyType = 1;
			remoteGlobalIDString = 7AB5342D1552AADD00171BCE;
			remoteInfo = "Static Library";
		};
		4C3BF12215C4A81200EEA7BF /* PBXContainerItemProxy */ = {
			isa = PBXContainerItemProxy;
			containerPortal = 4C3BF10D15C4A6E300EEA7BF /* ShareKit.xcodeproj */;
			proxyType = 1;
			remoteGlobalIDString = 7AB5360E1552E26800171BCE;
			remoteInfo = "Resource Bundle";
		};
/* End PBXContainerItemProxy section */

/* Begin PBXFileReference section */
		4C0BC8FF15B892D3008C6FC4 /* AFHTTPClient.h */ = {isa = PBXFileReference; fileEncoding = 4; lastKnownFileType = sourcecode.c.h; path = AFHTTPClient.h; sourceTree = "<group>"; };
		4C0BC90015B892D3008C6FC4 /* AFHTTPClient.m */ = {isa = PBXFileReference; fileEncoding = 4; lastKnownFileType = sourcecode.c.objc; path = AFHTTPClient.m; sourceTree = "<group>"; };
		4C0BC90115B892D3008C6FC4 /* AFHTTPRequestOperation.h */ = {isa = PBXFileReference; fileEncoding = 4; lastKnownFileType = sourcecode.c.h; path = AFHTTPRequestOperation.h; sourceTree = "<group>"; };
		4C0BC90215B892D3008C6FC4 /* AFHTTPRequestOperation.m */ = {isa = PBXFileReference; fileEncoding = 4; lastKnownFileType = sourcecode.c.objc; path = AFHTTPRequestOperation.m; sourceTree = "<group>"; };
		4C0BC90315B892D3008C6FC4 /* AFImageRequestOperation.h */ = {isa = PBXFileReference; fileEncoding = 4; lastKnownFileType = sourcecode.c.h; path = AFImageRequestOperation.h; sourceTree = "<group>"; };
		4C0BC90415B892D3008C6FC4 /* AFImageRequestOperation.m */ = {isa = PBXFileReference; fileEncoding = 4; lastKnownFileType = sourcecode.c.objc; path = AFImageRequestOperation.m; sourceTree = "<group>"; };
		4C0BC90515B892D3008C6FC4 /* AFJSONRequestOperation.h */ = {isa = PBXFileReference; fileEncoding = 4; lastKnownFileType = sourcecode.c.h; path = AFJSONRequestOperation.h; sourceTree = "<group>"; };
		4C0BC90615B892D3008C6FC4 /* AFJSONRequestOperation.m */ = {isa = PBXFileReference; fileEncoding = 4; lastKnownFileType = sourcecode.c.objc; path = AFJSONRequestOperation.m; sourceTree = "<group>"; };
		4C0BC90715B892D3008C6FC4 /* AFJSONUtilities.h */ = {isa = PBXFileReference; fileEncoding = 4; lastKnownFileType = sourcecode.c.h; path = AFJSONUtilities.h; sourceTree = "<group>"; };
		4C0BC90815B892D3008C6FC4 /* AFJSONUtilities.m */ = {isa = PBXFileReference; fileEncoding = 4; lastKnownFileType = sourcecode.c.objc; path = AFJSONUtilities.m; sourceTree = "<group>"; };
		4C0BC90915B892D3008C6FC4 /* AFNetworkActivityIndicatorManager.h */ = {isa = PBXFileReference; fileEncoding = 4; lastKnownFileType = sourcecode.c.h; path = AFNetworkActivityIndicatorManager.h; sourceTree = "<group>"; };
		4C0BC90A15B892D3008C6FC4 /* AFNetworkActivityIndicatorManager.m */ = {isa = PBXFileReference; fileEncoding = 4; lastKnownFileType = sourcecode.c.objc; path = AFNetworkActivityIndicatorManager.m; sourceTree = "<group>"; };
		4C0BC90B15B892D3008C6FC4 /* AFNetworking.h */ = {isa = PBXFileReference; fileEncoding = 4; lastKnownFileType = sourcecode.c.h; path = AFNetworking.h; sourceTree = "<group>"; };
		4C0BC90C15B892D3008C6FC4 /* AFPropertyListRequestOperation.h */ = {isa = PBXFileReference; fileEncoding = 4; lastKnownFileType = sourcecode.c.h; path = AFPropertyListRequestOperation.h; sourceTree = "<group>"; };
		4C0BC90D15B892D3008C6FC4 /* AFPropertyListRequestOperation.m */ = {isa = PBXFileReference; fileEncoding = 4; lastKnownFileType = sourcecode.c.objc; path = AFPropertyListRequestOperation.m; sourceTree = "<group>"; };
		4C0BC90E15B892D3008C6FC4 /* AFURLConnectionOperation.h */ = {isa = PBXFileReference; fileEncoding = 4; lastKnownFileType = sourcecode.c.h; path = AFURLConnectionOperation.h; sourceTree = "<group>"; };
		4C0BC90F15B892D3008C6FC4 /* AFURLConnectionOperation.m */ = {isa = PBXFileReference; fileEncoding = 4; lastKnownFileType = sourcecode.c.objc; path = AFURLConnectionOperation.m; sourceTree = "<group>"; };
		4C0BC91015B892D3008C6FC4 /* AFXMLRequestOperation.h */ = {isa = PBXFileReference; fileEncoding = 4; lastKnownFileType = sourcecode.c.h; path = AFXMLRequestOperation.h; sourceTree = "<group>"; };
		4C0BC91115B892D3008C6FC4 /* AFXMLRequestOperation.m */ = {isa = PBXFileReference; fileEncoding = 4; lastKnownFileType = sourcecode.c.objc; path = AFXMLRequestOperation.m; sourceTree = "<group>"; };
		4C0BC91215B892D3008C6FC4 /* UIImageView+AFNetworking.h */ = {isa = PBXFileReference; fileEncoding = 4; lastKnownFileType = sourcecode.c.h; path = "UIImageView+AFNetworking.h"; sourceTree = "<group>"; };
		4C0BC91315B892D3008C6FC4 /* UIImageView+AFNetworking.m */ = {isa = PBXFileReference; fileEncoding = 4; lastKnownFileType = sourcecode.c.objc; path = "UIImageView+AFNetworking.m"; sourceTree = "<group>"; };
		4C0BC93515B8C2BE008C6FC4 /* quack.wav */ = {isa = PBXFileReference; lastKnownFileType = audio.wav; path = quack.wav; sourceTree = "<group>"; };
		4C0BC93715B8C314008C6FC4 /* AVFoundation.framework */ = {isa = PBXFileReference; lastKnownFileType = wrapper.framework; name = AVFoundation.framework; path = System/Library/Frameworks/AVFoundation.framework; sourceTree = SDKROOT; };
		4C0BC93915B8C45B008C6FC4 /* AudioToolbox.framework */ = {isa = PBXFileReference; lastKnownFileType = wrapper.framework; name = AudioToolbox.framework; path = System/Library/Frameworks/AudioToolbox.framework; sourceTree = SDKROOT; };
		4C11C6AD15B5E4C200D046BA /* DDGStoriesProvider.h */ = {isa = PBXFileReference; fileEncoding = 4; lastKnownFileType = sourcecode.c.h; path = DDGStoriesProvider.h; sourceTree = "<group>"; };
		4C11C6AE15B5E4C200D046BA /* DDGStoriesProvider.m */ = {isa = PBXFileReference; fileEncoding = 4; lastKnownFileType = sourcecode.c.objc; path = DDGStoriesProvider.m; sourceTree = "<group>"; };
		4C14244D15AF3F8100EFBDE3 /* bang_button_open@2x.png */ = {isa = PBXFileReference; lastKnownFileType = image.png; path = "bang_button_open@2x.png"; sourceTree = "<group>"; };
		4C14244F15AF3F8E00EFBDE3 /* empty_bang_button@2x.png */ = {isa = PBXFileReference; lastKnownFileType = image.png; path = "empty_bang_button@2x.png"; sourceTree = "<group>"; };
		4C14245115AF420800EFBDE3 /* bang_button_open.png */ = {isa = PBXFileReference; lastKnownFileType = image.png; path = bang_button_open.png; sourceTree = "<group>"; };
		4C18241515A602C100248A9D /* Icon72x@2x.png */ = {isa = PBXFileReference; lastKnownFileType = image.png; path = "Icon72x@2x.png"; sourceTree = "<group>"; };
		4C184D0C15A3742A003AAD5E /* NSArray+ConcurrentIteration.h */ = {isa = PBXFileReference; fileEncoding = 4; lastKnownFileType = sourcecode.c.h; path = "NSArray+ConcurrentIteration.h"; sourceTree = "<group>"; };
		4C184D0D15A3742A003AAD5E /* NSArray+ConcurrentIteration.m */ = {isa = PBXFileReference; fileEncoding = 4; lastKnownFileType = sourcecode.c.objc; path = "NSArray+ConcurrentIteration.m"; sourceTree = "<group>"; };
		4C19FFD51593B617003AC03F /* DDGCache.h */ = {isa = PBXFileReference; fileEncoding = 4; lastKnownFileType = sourcecode.c.h; path = DDGCache.h; sourceTree = "<group>"; };
		4C19FFD61593B617003AC03F /* DDGCache.m */ = {isa = PBXFileReference; fileEncoding = 4; lastKnownFileType = sourcecode.c.objc; path = DDGCache.m; sourceTree = "<group>"; };
		4C1EF859150C043D00532858 /* EGORefreshTableHeaderView.h */ = {isa = PBXFileReference; fileEncoding = 4; lastKnownFileType = sourcecode.c.h; path = EGORefreshTableHeaderView.h; sourceTree = "<group>"; };
		4C1EF85A150C043D00532858 /* EGORefreshTableHeaderView.m */ = {isa = PBXFileReference; fileEncoding = 4; lastKnownFileType = sourcecode.c.objc; path = EGORefreshTableHeaderView.m; sourceTree = "<group>"; };
		4C1EF85D150C048A00532858 /* QuartzCore.framework */ = {isa = PBXFileReference; lastKnownFileType = wrapper.framework; name = QuartzCore.framework; path = System/Library/Frameworks/QuartzCore.framework; sourceTree = SDKROOT; };
		4C1FD7D41548FF65006B2511 /* action34x29.png */ = {isa = PBXFileReference; lastKnownFileType = image.png; path = action34x29.png; sourceTree = "<group>"; };
		4C1FD7D51548FF65006B2511 /* arrowRight18x18.png */ = {isa = PBXFileReference; lastKnownFileType = image.png; path = arrowRight18x18.png; sourceTree = "<group>"; };
		4C1FD7D61548FF65006B2511 /* back_button.png */ = {isa = PBXFileReference; lastKnownFileType = image.png; path = back_button.png; sourceTree = "<group>"; };
		4C1FD7D71548FF65006B2511 /* back_button@2x.png */ = {isa = PBXFileReference; lastKnownFileType = image.png; path = "back_button@2x.png"; sourceTree = "<group>"; };
		4C1FD7D91548FF65006B2511 /* chevron15x27.png */ = {isa = PBXFileReference; lastKnownFileType = image.png; path = chevron15x27.png; sourceTree = "<group>"; };
		4C1FD7DA1548FF65006B2511 /* Default.png */ = {isa = PBXFileReference; lastKnownFileType = image.png; path = Default.png; sourceTree = "<group>"; };
		4C1FD7DB1548FF65006B2511 /* Default@2x.png */ = {isa = PBXFileReference; lastKnownFileType = image.png; path = "Default@2x.png"; sourceTree = "<group>"; };
		4C1FD7DD1548FF65006B2511 /* header_tile.png */ = {isa = PBXFileReference; lastKnownFileType = image.png; path = header_tile.png; sourceTree = "<group>"; };
		4C1FD7DE1548FF65006B2511 /* header_tile@2x.png */ = {isa = PBXFileReference; lastKnownFileType = image.png; path = "header_tile@2x.png"; sourceTree = "<group>"; };
		4C1FD7DF1548FF65006B2511 /* home_button.png */ = {isa = PBXFileReference; lastKnownFileType = image.png; path = home_button.png; sourceTree = "<group>"; };
		4C1FD7E01548FF65006B2511 /* home_button@2x.png */ = {isa = PBXFileReference; lastKnownFileType = image.png; path = "home_button@2x.png"; sourceTree = "<group>"; };
		4C1FD7E11548FF65006B2511 /* icon57x.png */ = {isa = PBXFileReference; lastKnownFileType = image.png; path = icon57x.png; sourceTree = "<group>"; };
		4C1FD7E21548FF65006B2511 /* icon57x@2x.png */ = {isa = PBXFileReference; lastKnownFileType = image.png; path = "icon57x@2x.png"; sourceTree = "<group>"; };
		4C1FD7E31548FF65006B2511 /* icon72x.png */ = {isa = PBXFileReference; lastKnownFileType = image.png; path = icon72x.png; sourceTree = "<group>"; };
		4C1FD7E41548FF65006B2511 /* reload.png */ = {isa = PBXFileReference; lastKnownFileType = image.png; path = reload.png; sourceTree = "<group>"; };
		4C1FD7E51548FF65006B2511 /* search_field.png */ = {isa = PBXFileReference; lastKnownFileType = image.png; path = search_field.png; sourceTree = "<group>"; };
		4C1FD7E61548FF65006B2511 /* search_field@2x.png */ = {isa = PBXFileReference; lastKnownFileType = image.png; path = "search_field@2x.png"; sourceTree = "<group>"; };
		4C1FD7E71548FF65006B2511 /* settings_button.png */ = {isa = PBXFileReference; lastKnownFileType = image.png; path = settings_button.png; sourceTree = "<group>"; };
		4C1FD7E81548FF65006B2511 /* settings_button@2x.png */ = {isa = PBXFileReference; lastKnownFileType = image.png; path = "settings_button@2x.png"; sourceTree = "<group>"; };
		4C1FD7E91548FF65006B2511 /* spacer8x16.png */ = {isa = PBXFileReference; lastKnownFileType = image.png; path = spacer8x16.png; sourceTree = "<group>"; };
		4C1FD7EA1548FF65006B2511 /* spacer44x44.png */ = {isa = PBXFileReference; lastKnownFileType = image.png; path = spacer44x44.png; sourceTree = "<group>"; };
		4C1FD7EB1548FF65006B2511 /* stop.png */ = {isa = PBXFileReference; lastKnownFileType = image.png; path = stop.png; sourceTree = "<group>"; };
		4C1FD7EC1548FF65006B2511 /* topicChosen37x36.png */ = {isa = PBXFileReference; lastKnownFileType = image.png; path = topicChosen37x36.png; sourceTree = "<group>"; };
		4C24A75815BA0946003DCB56 /* load_bar.png */ = {isa = PBXFileReference; lastKnownFileType = image.png; path = load_bar.png; sourceTree = "<group>"; };
		4C24A75915BA0946003DCB56 /* load_bar@2x.png */ = {isa = PBXFileReference; lastKnownFileType = image.png; path = "load_bar@2x.png"; sourceTree = "<group>"; };
		4C2DD65D159CD14100A74526 /* topic_cell_background@2x.png */ = {isa = PBXFileReference; lastKnownFileType = image.png; path = "topic_cell_background@2x.png"; sourceTree = "<group>"; };
		4C2DD65E159CD14100A74526 /* topic_cell_background.png */ = {isa = PBXFileReference; lastKnownFileType = image.png; path = topic_cell_background.png; sourceTree = "<group>"; };
		4C2E001015B87C700096C994 /* DDGNewsSourcesViewController.h */ = {isa = PBXFileReference; fileEncoding = 4; lastKnownFileType = sourcecode.c.h; path = DDGNewsSourcesViewController.h; sourceTree = "<group>"; };
		4C2E001115B87C700096C994 /* DDGNewsSourcesViewController.m */ = {isa = PBXFileReference; fileEncoding = 4; lastKnownFileType = sourcecode.c.objc; path = DDGNewsSourcesViewController.m; sourceTree = "<group>"; };
		4C2F2C6A15604657005AAA2E /* DDGAddressBarTextField.h */ = {isa = PBXFileReference; fileEncoding = 4; lastKnownFileType = sourcecode.c.h; path = DDGAddressBarTextField.h; sourceTree = "<group>"; };
		4C2F2C6B15604657005AAA2E /* DDGAddressBarTextField.m */ = {isa = PBXFileReference; fileEncoding = 4; lastKnownFileType = sourcecode.c.objc; path = DDGAddressBarTextField.m; sourceTree = "<group>"; };
		4C3BEFAE15C4889D00EEA7BF /* share_button@2x.png */ = {isa = PBXFileReference; lastKnownFileType = image.png; path = "share_button@2x.png"; sourceTree = "<group>"; };
		4C3BEFB015C488E000EEA7BF /* share_button.png */ = {isa = PBXFileReference; lastKnownFileType = image.png; path = share_button.png; sourceTree = "<group>"; };
		4C3BF0DF15C4A01B00EEA7BF /* Security.framework */ = {isa = PBXFileReference; lastKnownFileType = wrapper.framework; name = Security.framework; path = System/Library/Frameworks/Security.framework; sourceTree = SDKROOT; };
		4C3BF10715C4A48200EEA7BF /* CFNetwork.framework */ = {isa = PBXFileReference; lastKnownFileType = wrapper.framework; name = CFNetwork.framework; path = System/Library/Frameworks/CFNetwork.framework; sourceTree = SDKROOT; };
		4C3BF10915C4A49000EEA7BF /* CoreLocation.framework */ = {isa = PBXFileReference; lastKnownFileType = wrapper.framework; name = CoreLocation.framework; path = System/Library/Frameworks/CoreLocation.framework; sourceTree = SDKROOT; };
		4C3BF10B15C4A4A700EEA7BF /* CoreFoundation.framework */ = {isa = PBXFileReference; lastKnownFileType = wrapper.framework; name = CoreFoundation.framework; path = System/Library/Frameworks/CoreFoundation.framework; sourceTree = SDKROOT; };
		4C3BF10D15C4A6E300EEA7BF /* ShareKit.xcodeproj */ = {isa = PBXFileReference; lastKnownFileType = "wrapper.pb-project"; name = ShareKit.xcodeproj; path = Submodules/ShareKit/ShareKit.xcodeproj; sourceTree = "<group>"; };
		4C4B7E8615C4C73E00340B59 /* DDGSHKConfigurator.h */ = {isa = PBXFileReference; fileEncoding = 4; lastKnownFileType = sourcecode.c.h; path = DDGSHKConfigurator.h; sourceTree = "<group>"; };
		4C4B7E8715C4C73E00340B59 /* DDGSHKConfigurator.m */ = {isa = PBXFileReference; fileEncoding = 4; lastKnownFileType = sourcecode.c.objc; path = DDGSHKConfigurator.m; sourceTree = "<group>"; };
		4C4B7E8915C4EAA300340B59 /* DDGSHKSharers.plist */ = {isa = PBXFileReference; fileEncoding = 4; lastKnownFileType = text.plist.xml; path = DDGSHKSharers.plist; sourceTree = "<group>"; };
		4C4B7E8B15C4EC9E00340B59 /* SVProgressHUD.bundle */ = {isa = PBXFileReference; lastKnownFileType = "wrapper.plug-in"; path = SVProgressHUD.bundle; sourceTree = "<group>"; };
		4C4B7E8C15C4EC9E00340B59 /* SVProgressHUD.h */ = {isa = PBXFileReference; fileEncoding = 4; lastKnownFileType = sourcecode.c.h; path = SVProgressHUD.h; sourceTree = "<group>"; };
		4C4B7E8D15C4EC9E00340B59 /* SVProgressHUD.m */ = {isa = PBXFileReference; fileEncoding = 4; lastKnownFileType = sourcecode.c.objc; path = SVProgressHUD.m; sourceTree = "<group>"; };
		4C4B7E9115C4F1AA00340B59 /* DDGBookmarksViewController.h */ = {isa = PBXFileReference; fileEncoding = 4; lastKnownFileType = sourcecode.c.h; path = DDGBookmarksViewController.h; sourceTree = "<group>"; };
		4C4B7E9215C4F1AA00340B59 /* DDGBookmarksViewController.m */ = {isa = PBXFileReference; fileEncoding = 4; lastKnownFileType = sourcecode.c.objc; path = DDGBookmarksViewController.m; sourceTree = "<group>"; };
		4C4B7E9315C4F1AA00340B59 /* DDGBookmarksViewController.xib */ = {isa = PBXFileReference; fileEncoding = 4; lastKnownFileType = file.xib; path = DDGBookmarksViewController.xib; sourceTree = "<group>"; };
		4C4B7E9615C4F8E500340B59 /* DDGBookmarksProvider.h */ = {isa = PBXFileReference; fileEncoding = 4; lastKnownFileType = sourcecode.c.h; path = DDGBookmarksProvider.h; sourceTree = "<group>"; };
		4C4B7E9715C4F8E500340B59 /* DDGBookmarksProvider.m */ = {isa = PBXFileReference; fileEncoding = 4; lastKnownFileType = sourcecode.c.objc; path = DDGBookmarksProvider.m; sourceTree = "<group>"; };
		4C5381451595045500490B9C /* noimage.png */ = {isa = PBXFileReference; lastKnownFileType = image.png; path = noimage.png; sourceTree = "<group>"; };
		4C573CF815B759E100790F60 /* IGFormButton.h */ = {isa = PBXFileReference; fileEncoding = 4; lastKnownFileType = sourcecode.c.h; path = IGFormButton.h; sourceTree = "<group>"; };
		4C573CF915B759E100790F60 /* IGFormButton.m */ = {isa = PBXFileReference; fileEncoding = 4; lastKnownFileType = sourcecode.c.objc; path = IGFormButton.m; sourceTree = "<group>"; };
		4C573CFA15B759E100790F60 /* IGFormElement.h */ = {isa = PBXFileReference; fileEncoding = 4; lastKnownFileType = sourcecode.c.h; path = IGFormElement.h; sourceTree = "<group>"; };
		4C573CFB15B759E100790F60 /* IGFormElement.m */ = {isa = PBXFileReference; fileEncoding = 4; lastKnownFileType = sourcecode.c.objc; path = IGFormElement.m; sourceTree = "<group>"; };
		4C573CFC15B759E100790F60 /* IGFormRadioOption.h */ = {isa = PBXFileReference; fileEncoding = 4; lastKnownFileType = sourcecode.c.h; path = IGFormRadioOption.h; sourceTree = "<group>"; };
		4C573CFD15B759E100790F60 /* IGFormRadioOption.m */ = {isa = PBXFileReference; fileEncoding = 4; lastKnownFileType = sourcecode.c.objc; path = IGFormRadioOption.m; sourceTree = "<group>"; };
		4C573CFE15B759E100790F60 /* IGFormSection.h */ = {isa = PBXFileReference; fileEncoding = 4; lastKnownFileType = sourcecode.c.h; path = IGFormSection.h; sourceTree = "<group>"; };
		4C573CFF15B759E100790F60 /* IGFormSection.m */ = {isa = PBXFileReference; fileEncoding = 4; lastKnownFileType = sourcecode.c.objc; path = IGFormSection.m; sourceTree = "<group>"; };
		4C573D0015B759E100790F60 /* IGFormSwitch.h */ = {isa = PBXFileReference; fileEncoding = 4; lastKnownFileType = sourcecode.c.h; path = IGFormSwitch.h; sourceTree = "<group>"; };
		4C573D0115B759E100790F60 /* IGFormSwitch.m */ = {isa = PBXFileReference; fileEncoding = 4; lastKnownFileType = sourcecode.c.objc; path = IGFormSwitch.m; sourceTree = "<group>"; };
		4C573D0215B759E100790F60 /* IGFormTextField.h */ = {isa = PBXFileReference; fileEncoding = 4; lastKnownFileType = sourcecode.c.h; path = IGFormTextField.h; sourceTree = "<group>"; };
		4C573D0315B759E100790F60 /* IGFormTextField.m */ = {isa = PBXFileReference; fileEncoding = 4; lastKnownFileType = sourcecode.c.objc; path = IGFormTextField.m; sourceTree = "<group>"; };
		4C573D0415B759E100790F60 /* IGFormTextView.h */ = {isa = PBXFileReference; fileEncoding = 4; lastKnownFileType = sourcecode.c.h; path = IGFormTextView.h; sourceTree = "<group>"; };
		4C573D0515B759E100790F60 /* IGFormTextView.m */ = {isa = PBXFileReference; fileEncoding = 4; lastKnownFileType = sourcecode.c.objc; path = IGFormTextView.m; sourceTree = "<group>"; };
		4C573D0615B759E100790F60 /* IGFormViewController.h */ = {isa = PBXFileReference; fileEncoding = 4; lastKnownFileType = sourcecode.c.h; path = IGFormViewController.h; sourceTree = "<group>"; };
		4C573D0715B759E100790F60 /* IGFormViewController.m */ = {isa = PBXFileReference; fileEncoding = 4; lastKnownFileType = sourcecode.c.objc; path = IGFormViewController.m; sourceTree = "<group>"; };
		4C573D1315B75A2900790F60 /* DDGSettingsViewController.h */ = {isa = PBXFileReference; fileEncoding = 4; lastKnownFileType = sourcecode.c.h; path = DDGSettingsViewController.h; sourceTree = "<group>"; };
		4C573D1415B75A2900790F60 /* DDGSettingsViewController.m */ = {isa = PBXFileReference; fileEncoding = 4; lastKnownFileType = sourcecode.c.objc; path = DDGSettingsViewController.m; sourceTree = "<group>"; };
		4C57C10D158A8D6500E4C6BF /* refresh_arrow.png */ = {isa = PBXFileReference; lastKnownFileType = image.png; path = refresh_arrow.png; sourceTree = "<group>"; };
		4C57C111158A8F5400E4C6BF /* refresh_arrow@2x.png */ = {isa = PBXFileReference; lastKnownFileType = image.png; path = "refresh_arrow@2x.png"; sourceTree = "<group>"; };
		4C5F81F3158F96D6007B745A /* bangs.json */ = {isa = PBXFileReference; fileEncoding = 4; lastKnownFileType = text.json; path = bangs.json; sourceTree = "<group>"; };
		4C5F81F8158FEA94007B745A /* bang_button.png */ = {isa = PBXFileReference; lastKnownFileType = image.png; path = bang_button.png; sourceTree = "<group>"; };
		4C5F81F9158FEA94007B745A /* bang_button@2x.png */ = {isa = PBXFileReference; lastKnownFileType = image.png; path = "bang_button@2x.png"; sourceTree = "<group>"; };
		4C660A7815914E73001AB510 /* empty_bang_button.png */ = {isa = PBXFileReference; lastKnownFileType = image.png; path = empty_bang_button.png; sourceTree = "<group>"; };
		4C7A67BC15C5C9200087D548 /* en */ = {isa = PBXFileReference; lastKnownFileType = file.xib; name = en; path = en.lproj/OneLineTopicCell.xib; sourceTree = "<group>"; };
		4C7DA6D615890A6900D95585 /* DDGBangsProvider.h */ = {isa = PBXFileReference; fileEncoding = 4; lastKnownFileType = sourcecode.c.h; path = DDGBangsProvider.h; sourceTree = "<group>"; };
		4C7DA6D715890A6900D95585 /* DDGBangsProvider.m */ = {isa = PBXFileReference; fileEncoding = 4; lastKnownFileType = sourcecode.c.objc; path = DDGBangsProvider.m; sourceTree = "<group>"; };
		4C9A9771154DEAED00286619 /* reload@2x.png */ = {isa = PBXFileReference; lastKnownFileType = image.png; path = "reload@2x.png"; sourceTree = "<group>"; };
		4C9A9772154DEAED00286619 /* stop@2x.png */ = {isa = PBXFileReference; lastKnownFileType = image.png; path = "stop@2x.png"; sourceTree = "<group>"; };
		4CA0DC4814EF1C2900CFC5D2 /* SDURLCache.h */ = {isa = PBXFileReference; fileEncoding = 4; lastKnownFileType = sourcecode.c.h; path = SDURLCache.h; sourceTree = "<group>"; };
		4CA0DC4914EF1C2900CFC5D2 /* SDURLCache.m */ = {isa = PBXFileReference; fileEncoding = 4; lastKnownFileType = sourcecode.c.objc; path = SDURLCache.m; sourceTree = "<group>"; };
		4CA7ED3814D3BFB000A83E77 /* DDGSearchHandler.h */ = {isa = PBXFileReference; fileEncoding = 4; lastKnownFileType = sourcecode.c.h; path = DDGSearchHandler.h; sourceTree = "<group>"; };
		4CA8C5811592914D0011665C /* DDGWebViewController.xib */ = {isa = PBXFileReference; fileEncoding = 4; lastKnownFileType = file.xib; path = DDGWebViewController.xib; sourceTree = "<group>"; };
		4CA9C46815CC6972001F3231 /* refresh_dotted_line@2x.png */ = {isa = PBXFileReference; lastKnownFileType = image.png; path = "refresh_dotted_line@2x.png"; sourceTree = "<group>"; };
		4CA9C46915CC6972001F3231 /* refresh_dotted_line.png */ = {isa = PBXFileReference; lastKnownFileType = image.png; path = refresh_dotted_line.png; sourceTree = "<group>"; };
		4CA9C46C15CC72D2001F3231 /* linen_bg@2x.png */ = {isa = PBXFileReference; lastKnownFileType = image.png; path = "linen_bg@2x.png"; sourceTree = "<group>"; };
		4CA9C46D15CC72D2001F3231 /* linen_bg.png */ = {isa = PBXFileReference; lastKnownFileType = image.png; path = linen_bg.png; sourceTree = "<group>"; };
		4CA9C48415CC7E41001F3231 /* table_view_shadow_top.png */ = {isa = PBXFileReference; lastKnownFileType = image.png; path = table_view_shadow_top.png; sourceTree = "<group>"; };
		4CA9C48515CC7E41001F3231 /* table_view_shadow_top@2x.png */ = {isa = PBXFileReference; lastKnownFileType = image.png; path = "table_view_shadow_top@2x.png"; sourceTree = "<group>"; };
		4CA9C48815CC82A3001F3231 /* table_view_shadow_bottom@2x.png */ = {isa = PBXFileReference; lastKnownFileType = image.png; path = "table_view_shadow_bottom@2x.png"; sourceTree = "<group>"; };
		4CA9C48915CC82A3001F3231 /* table_view_shadow_bottom.png */ = {isa = PBXFileReference; lastKnownFileType = image.png; path = table_view_shadow_bottom.png; sourceTree = "<group>"; };
		4CB72E8B15BE7CF300D8541F /* DDGAddCustomSourceViewController.h */ = {isa = PBXFileReference; fileEncoding = 4; lastKnownFileType = sourcecode.c.h; path = DDGAddCustomSourceViewController.h; sourceTree = "<group>"; };
		4CB72E8C15BE7CF300D8541F /* DDGAddCustomSourceViewController.m */ = {isa = PBXFileReference; fileEncoding = 4; lastKnownFileType = sourcecode.c.objc; path = DDGAddCustomSourceViewController.m; sourceTree = "<group>"; };
		4CBA647A15C878B900DADD00 /* UIImage+DDG.m */ = {isa = PBXFileReference; fileEncoding = 4; lastKnownFileType = sourcecode.c.objc; path = "UIImage+DDG.m"; sourceTree = "<group>"; };
		4CBA647C15C8836B00DADD00 /* UIImage+DDG.h */ = {isa = PBXFileReference; lastKnownFileType = sourcecode.c.h; path = "UIImage+DDG.h"; sourceTree = "<group>"; };
		4CBDCDFF15C116A500372237 /* Reachability.h */ = {isa = PBXFileReference; fileEncoding = 4; lastKnownFileType = sourcecode.c.h; path = Reachability.h; sourceTree = "<group>"; };
		4CCDC2AD1527B18C00CB6907 /* DDGSearchHistoryProvider.h */ = {isa = PBXFileReference; fileEncoding = 4; lastKnownFileType = sourcecode.c.h; path = DDGSearchHistoryProvider.h; sourceTree = "<group>"; };
		4CCDC2AE1527B18C00CB6907 /* DDGSearchHistoryProvider.m */ = {isa = PBXFileReference; fileEncoding = 4; lastKnownFileType = sourcecode.c.objc; path = DDGSearchHistoryProvider.m; sourceTree = "<group>"; };
		4CCEA041150AAB1D00CCC480 /* DDGSearchSuggestionsProvider.h */ = {isa = PBXFileReference; fileEncoding = 4; lastKnownFileType = sourcecode.c.h; path = DDGSearchSuggestionsProvider.h; sourceTree = "<group>"; };
		4CCEA042150AAB1D00CCC480 /* DDGSearchSuggestionsProvider.m */ = {isa = PBXFileReference; fileEncoding = 4; lastKnownFileType = sourcecode.c.objc; path = DDGSearchSuggestionsProvider.m; sourceTree = "<group>"; };
		4CD9247C15C9ED0900EB062F /* Constants.h */ = {isa = PBXFileReference; fileEncoding = 4; lastKnownFileType = sourcecode.c.h; path = Constants.h; sourceTree = "<group>"; };
		4CD9247D15C9ED0900EB062F /* Constants.m */ = {isa = PBXFileReference; fileEncoding = 4; lastKnownFileType = sourcecode.c.objc; path = Constants.m; sourceTree = "<group>"; };
		4CE458FC15963729009225F5 /* DuckDuckGo.entitlements */ = {isa = PBXFileReference; lastKnownFileType = text.xml; path = DuckDuckGo.entitlements; sourceTree = "<group>"; };
		4CF9543A158A6FB30076465E /* DDGInputAccessoryView.h */ = {isa = PBXFileReference; fileEncoding = 4; lastKnownFileType = sourcecode.c.h; path = DDGInputAccessoryView.h; sourceTree = "<group>"; };
		4CF9543B158A6FB30076465E /* DDGInputAccessoryView.m */ = {isa = PBXFileReference; fileEncoding = 4; lastKnownFileType = sourcecode.c.objc; path = DDGInputAccessoryView.m; sourceTree = "<group>"; };
		4CF9ED56154DFC460075C23E /* MessageUI.framework */ = {isa = PBXFileReference; lastKnownFileType = wrapper.framework; name = MessageUI.framework; path = System/Library/Frameworks/MessageUI.framework; sourceTree = SDKROOT; };
		4CFA1A8F14DDB73C00DF52FE /* libNoARC.a */ = {isa = PBXFileReference; explicitFileType = archive.ar; includeInIndex = 0; path = libNoARC.a; sourceTree = BUILT_PRODUCTS_DIR; };
		4CFA1A9314DDB73C00DF52FE /* NoARC-Prefix.pch */ = {isa = PBXFileReference; lastKnownFileType = sourcecode.c.h; path = "NoARC-Prefix.pch"; sourceTree = "<group>"; };
		8303A4E71499287B00D34412 /* Always.h */ = {isa = PBXFileReference; fileEncoding = 4; lastKnownFileType = sourcecode.c.h; path = Always.h; sourceTree = "<group>"; };
		833DB53D1494164F00509F2E /* Foundation.framework */ = {isa = PBXFileReference; lastKnownFileType = wrapper.framework; name = Foundation.framework; path = System/Library/Frameworks/Foundation.framework; sourceTree = SDKROOT; };
		834CD86A14A0FC3C006240F1 /* SystemConfiguration.framework */ = {isa = PBXFileReference; lastKnownFileType = wrapper.framework; name = SystemConfiguration.framework; path = System/Library/Frameworks/SystemConfiguration.framework; sourceTree = SDKROOT; };
		834E5001149418D400EABD6E /* Twitter.framework */ = {isa = PBXFileReference; lastKnownFileType = wrapper.framework; name = Twitter.framework; path = System/Library/Frameworks/Twitter.framework; sourceTree = SDKROOT; };
		838E9062149A75D700C11E41 /* en */ = {isa = PBXFileReference; lastKnownFileType = file.xib; name = en; path = en.lproj/DDGSearchController.xib; sourceTree = "<group>"; };
		838E9066149A763200C11E41 /* en */ = {isa = PBXFileReference; lastKnownFileType = file.xib; name = en; path = en.lproj/TwoLineTopicCell.xib; sourceTree = "<group>"; };
		838E906B149A76D400C11E41 /* en */ = {isa = PBXFileReference; lastKnownFileType = text.plist.strings; name = en; path = en.lproj/Localizable.strings; sourceTree = "<group>"; };
		839819411493C1DB0017A892 /* DDGWebViewController.h */ = {isa = PBXFileReference; fileEncoding = 4; lastKnownFileType = sourcecode.c.h; path = DDGWebViewController.h; sourceTree = "<group>"; };
		839819421493C1DB0017A892 /* DDGWebViewController.m */ = {isa = PBXFileReference; fileEncoding = 4; lastKnownFileType = sourcecode.c.objc; path = DDGWebViewController.m; sourceTree = "<group>"; };
		83F32258149290EF00A61BC5 /* DuckDuckGo.app */ = {isa = PBXFileReference; explicitFileType = wrapper.application; includeInIndex = 0; path = DuckDuckGo.app; sourceTree = BUILT_PRODUCTS_DIR; };
		83F3225C149290EF00A61BC5 /* UIKit.framework */ = {isa = PBXFileReference; lastKnownFileType = wrapper.framework; name = UIKit.framework; path = System/Library/Frameworks/UIKit.framework; sourceTree = SDKROOT; };
		83F32260149290EF00A61BC5 /* CoreGraphics.framework */ = {isa = PBXFileReference; lastKnownFileType = wrapper.framework; name = CoreGraphics.framework; path = System/Library/Frameworks/CoreGraphics.framework; sourceTree = SDKROOT; };
		83F32264149290EF00A61BC5 /* DuckDuckGo-Info.plist */ = {isa = PBXFileReference; lastKnownFileType = text.plist.xml; path = "DuckDuckGo-Info.plist"; sourceTree = "<group>"; };
		83F32266149290EF00A61BC5 /* en */ = {isa = PBXFileReference; lastKnownFileType = text.plist.strings; name = en; path = en.lproj/InfoPlist.strings; sourceTree = "<group>"; };
		83F32268149290EF00A61BC5 /* main.m */ = {isa = PBXFileReference; lastKnownFileType = sourcecode.c.objc; path = main.m; sourceTree = "<group>"; };
		83F3226A149290EF00A61BC5 /* DuckDuckGo-Prefix.pch */ = {isa = PBXFileReference; lastKnownFileType = sourcecode.c.h; path = "DuckDuckGo-Prefix.pch"; sourceTree = "<group>"; };
		83F3226B149290EF00A61BC5 /* DDGAppDelegate.h */ = {isa = PBXFileReference; lastKnownFileType = sourcecode.c.h; path = DDGAppDelegate.h; sourceTree = "<group>"; };
		83F3226C149290EF00A61BC5 /* DDGAppDelegate.m */ = {isa = PBXFileReference; lastKnownFileType = sourcecode.c.objc; path = DDGAppDelegate.m; sourceTree = "<group>"; };
		83F3226F149290EF00A61BC5 /* en */ = {isa = PBXFileReference; lastKnownFileType = file.storyboard; name = en; path = en.lproj/iPhone.storyboard; sourceTree = "<group>"; };
		83F32274149290EF00A61BC5 /* DDGViewController.h */ = {isa = PBXFileReference; lastKnownFileType = sourcecode.c.h; path = DDGViewController.h; sourceTree = "<group>"; };
		83F32275149290EF00A61BC5 /* DDGViewController.m */ = {isa = PBXFileReference; lastKnownFileType = sourcecode.c.objc; path = DDGViewController.m; sourceTree = "<group>"; };
		83F3229B1492EE1B00A61BC5 /* DDGSearchController.h */ = {isa = PBXFileReference; fileEncoding = 4; lastKnownFileType = sourcecode.c.h; path = DDGSearchController.h; sourceTree = "<group>"; };
		83F3229C1492EE1B00A61BC5 /* DDGSearchController.m */ = {isa = PBXFileReference; fileEncoding = 4; lastKnownFileType = sourcecode.c.objc; path = DDGSearchController.m; sourceTree = "<group>"; };
/* End PBXFileReference section */

/* Begin PBXFrameworksBuildPhase section */
		4CFA1A8C14DDB73C00DF52FE /* Frameworks */ = {
			isa = PBXFrameworksBuildPhase;
			buildActionMask = 2147483647;
			files = (
				4C3BF0E115C4A02300EEA7BF /* SystemConfiguration.framework in Frameworks */,
				4C3BF0E015C4A01B00EEA7BF /* Security.framework in Frameworks */,
				4CF9ED58154DFC5F0075C23E /* UIKit.framework in Frameworks */,
				4CF9ED57154DFC460075C23E /* MessageUI.framework in Frameworks */,
				4CFA1A9014DDB73C00DF52FE /* Foundation.framework in Frameworks */,
			);
			runOnlyForDeploymentPostprocessing = 0;
		};
		83F32255149290EF00A61BC5 /* Frameworks */ = {
			isa = PBXFrameworksBuildPhase;
			buildActionMask = 2147483647;
			files = (
				4C3BF12615C4A86400EEA7BF /* Security.framework in Frameworks */,
				4C3BF12415C4A81D00EEA7BF /* libShareKit.a in Frameworks */,
				4C3BF10C15C4A4A700EEA7BF /* CoreFoundation.framework in Frameworks */,
				834E5002149418D400EABD6E /* Twitter.framework in Frameworks */,
				4C3BF10A15C4A49000EEA7BF /* CoreLocation.framework in Frameworks */,
				4C3BF10815C4A48300EEA7BF /* CFNetwork.framework in Frameworks */,
				4C0BC93A15B8C45B008C6FC4 /* AudioToolbox.framework in Frameworks */,
				4CF9ED59154DFCD80075C23E /* MessageUI.framework in Frameworks */,
				4C1EF85E150C048B00532858 /* QuartzCore.framework in Frameworks */,
				4CFA1A9C14DDB77F00DF52FE /* libNoARC.a in Frameworks */,
				8345080614AB8D520093C2A1 /* Foundation.framework in Frameworks */,
				83F3225D149290EF00A61BC5 /* UIKit.framework in Frameworks */,
				834CD86B14A0FC3C006240F1 /* SystemConfiguration.framework in Frameworks */,
				83F32261149290EF00A61BC5 /* CoreGraphics.framework in Frameworks */,
			);
			runOnlyForDeploymentPostprocessing = 0;
		};
/* End PBXFrameworksBuildPhase section */

/* Begin PBXGroup section */
		4C1FD7D31548FF5B006B2511 /* Images */ = {
			isa = PBXGroup;
			children = (
				4C3BEFB015C488E000EEA7BF /* share_button.png */,
				4C3BEFAE15C4889D00EEA7BF /* share_button@2x.png */,
				4C24A75815BA0946003DCB56 /* load_bar.png */,
				4C24A75915BA0946003DCB56 /* load_bar@2x.png */,
				4C5381451595045500490B9C /* noimage.png */,
				4C57C111158A8F5400E4C6BF /* refresh_arrow@2x.png */,
				4C57C10D158A8D6500E4C6BF /* refresh_arrow.png */,
				4CA9C46815CC6972001F3231 /* refresh_dotted_line@2x.png */,
				4CA9C46915CC6972001F3231 /* refresh_dotted_line.png */,
				4CA9C48415CC7E41001F3231 /* table_view_shadow_top.png */,
				4CA9C48515CC7E41001F3231 /* table_view_shadow_top@2x.png */,
				4CA9C48815CC82A3001F3231 /* table_view_shadow_bottom@2x.png */,
				4CA9C48915CC82A3001F3231 /* table_view_shadow_bottom.png */,
				4CA9C46C15CC72D2001F3231 /* linen_bg@2x.png */,
				4CA9C46D15CC72D2001F3231 /* linen_bg.png */,
				4C1FD7D41548FF65006B2511 /* action34x29.png */,
				4C1FD7D51548FF65006B2511 /* arrowRight18x18.png */,
				4C1FD7D61548FF65006B2511 /* back_button.png */,
				4C1FD7D71548FF65006B2511 /* back_button@2x.png */,
				4C1FD7D91548FF65006B2511 /* chevron15x27.png */,
				4C1FD7DA1548FF65006B2511 /* Default.png */,
				4C1FD7DB1548FF65006B2511 /* Default@2x.png */,
				4C1FD7DD1548FF65006B2511 /* header_tile.png */,
				4C1FD7DE1548FF65006B2511 /* header_tile@2x.png */,
				4C1FD7DF1548FF65006B2511 /* home_button.png */,
				4C1FD7E01548FF65006B2511 /* home_button@2x.png */,
				4C1FD7E11548FF65006B2511 /* icon57x.png */,
				4C1FD7E21548FF65006B2511 /* icon57x@2x.png */,
				4C1FD7E31548FF65006B2511 /* icon72x.png */,
				4C18241515A602C100248A9D /* Icon72x@2x.png */,
				4C1FD7E51548FF65006B2511 /* search_field.png */,
				4C1FD7E61548FF65006B2511 /* search_field@2x.png */,
				4C1FD7E71548FF65006B2511 /* settings_button.png */,
				4C1FD7E81548FF65006B2511 /* settings_button@2x.png */,
				4C1FD7E91548FF65006B2511 /* spacer8x16.png */,
				4C1FD7EA1548FF65006B2511 /* spacer44x44.png */,
				4C1FD7EB1548FF65006B2511 /* stop.png */,
				4C9A9772154DEAED00286619 /* stop@2x.png */,
				4C1FD7E41548FF65006B2511 /* reload.png */,
				4C9A9771154DEAED00286619 /* reload@2x.png */,
				4C1FD7EC1548FF65006B2511 /* topicChosen37x36.png */,
				4C5F81F8158FEA94007B745A /* bang_button.png */,
				4C5F81F9158FEA94007B745A /* bang_button@2x.png */,
				4C14245115AF420800EFBDE3 /* bang_button_open.png */,
				4C660A7815914E73001AB510 /* empty_bang_button.png */,
				4C14244D15AF3F8100EFBDE3 /* bang_button_open@2x.png */,
				4C14244F15AF3F8E00EFBDE3 /* empty_bang_button@2x.png */,
				4C2DD65D159CD14100A74526 /* topic_cell_background@2x.png */,
				4C2DD65E159CD14100A74526 /* topic_cell_background.png */,
			);
			name = Images;
			sourceTree = "<group>";
		};
		4C3BEF8F15C47D5500EEA7BF /* IGFormViewController */ = {
			isa = PBXGroup;
			children = (
				4C573CF815B759E100790F60 /* IGFormButton.h */,
				4C573CF915B759E100790F60 /* IGFormButton.m */,
				4C573CFA15B759E100790F60 /* IGFormElement.h */,
				4C573CFB15B759E100790F60 /* IGFormElement.m */,
				4C573CFC15B759E100790F60 /* IGFormRadioOption.h */,
				4C573CFD15B759E100790F60 /* IGFormRadioOption.m */,
				4C573CFE15B759E100790F60 /* IGFormSection.h */,
				4C573CFF15B759E100790F60 /* IGFormSection.m */,
				4C573D0015B759E100790F60 /* IGFormSwitch.h */,
				4C573D0115B759E100790F60 /* IGFormSwitch.m */,
				4C573D0215B759E100790F60 /* IGFormTextField.h */,
				4C573D0315B759E100790F60 /* IGFormTextField.m */,
				4C573D0415B759E100790F60 /* IGFormTextView.h */,
				4C573D0515B759E100790F60 /* IGFormTextView.m */,
				4C573D0615B759E100790F60 /* IGFormViewController.h */,
				4C573D0715B759E100790F60 /* IGFormViewController.m */,
			);
			name = IGFormViewController;
			sourceTree = "<group>";
		};
		4C3BF10E15C4A6E300EEA7BF /* Products */ = {
			isa = PBXGroup;
			children = (
				4C3BF11915C4A6E300EEA7BF /* ShareKitDemo.app */,
				4C3BF11B15C4A6E300EEA7BF /* libShareKit.a */,
				4C3BF11D15C4A6E300EEA7BF /* ShareKit.bundle */,
				4C3BF11F15C4A6E300EEA7BF /* libShareKitNoSubmodules.a */,
			);
			name = Products;
			sourceTree = "<group>";
		};
		4C4B7E9015C4F18800340B59 /* Autocomplete tier 2 */ = {
			isa = PBXGroup;
			children = (
				4C4B7E9115C4F1AA00340B59 /* DDGBookmarksViewController.h */,
				4C4B7E9215C4F1AA00340B59 /* DDGBookmarksViewController.m */,
				4C4B7E9315C4F1AA00340B59 /* DDGBookmarksViewController.xib */,
				4C4B7E9615C4F8E500340B59 /* DDGBookmarksProvider.h */,
				4C4B7E9715C4F8E500340B59 /* DDGBookmarksProvider.m */,
			);
			name = "Autocomplete tier 2";
			sourceTree = "<group>";
		};
		4C573C1115B7311200790F60 /* Home screen */ = {
			isa = PBXGroup;
			children = (
				83F32274149290EF00A61BC5 /* DDGViewController.h */,
				83F32275149290EF00A61BC5 /* DDGViewController.m */,
				838E9067149A763200C11E41 /* TwoLineTopicCell.xib */,
				4C7A67BB15C5C9200087D548 /* OneLineTopicCell.xib */,
				4C11C6AD15B5E4C200D046BA /* DDGStoriesProvider.h */,
				4C11C6AE15B5E4C200D046BA /* DDGStoriesProvider.m */,
			);
			name = "Home screen";
			sourceTree = "<group>";
		};
		4C573C1215B7313E00790F60 /* Settings */ = {
			isa = PBXGroup;
			children = (
				4C573D1315B75A2900790F60 /* DDGSettingsViewController.h */,
				4C573D1415B75A2900790F60 /* DDGSettingsViewController.m */,
				4C2E001015B87C700096C994 /* DDGNewsSourcesViewController.h */,
				4C2E001115B87C700096C994 /* DDGNewsSourcesViewController.m */,
				4CB72E8B15BE7CF300D8541F /* DDGAddCustomSourceViewController.h */,
				4CB72E8C15BE7CF300D8541F /* DDGAddCustomSourceViewController.m */,
			);
			name = Settings;
			sourceTree = "<group>";
		};
		4C660A741591487C001AB510 /* Search controller */ = {
			isa = PBXGroup;
			children = (
				83F3229B1492EE1B00A61BC5 /* DDGSearchController.h */,
				83F3229C1492EE1B00A61BC5 /* DDGSearchController.m */,
				838E9063149A75D700C11E41 /* DDGSearchController.xib */,
				4CA7ED3814D3BFB000A83E77 /* DDGSearchHandler.h */,
				4CF9543A158A6FB30076465E /* DDGInputAccessoryView.h */,
				4CF9543B158A6FB30076465E /* DDGInputAccessoryView.m */,
				4CCDC2AD1527B18C00CB6907 /* DDGSearchHistoryProvider.h */,
				4CCDC2AE1527B18C00CB6907 /* DDGSearchHistoryProvider.m */,
				4CCEA041150AAB1D00CCC480 /* DDGSearchSuggestionsProvider.h */,
				4CCEA042150AAB1D00CCC480 /* DDGSearchSuggestionsProvider.m */,
				4C7DA6D615890A6900D95585 /* DDGBangsProvider.h */,
				4C7DA6D715890A6900D95585 /* DDGBangsProvider.m */,
				4C2F2C6A15604657005AAA2E /* DDGAddressBarTextField.h */,
				4C2F2C6B15604657005AAA2E /* DDGAddressBarTextField.m */,
			);
			name = "Search controller";
			sourceTree = "<group>";
		};
		4C6AC43514DDA95500A1ACA1 /* 3rd Party */ = {
			isa = PBXGroup;
			children = (
				4C3BEF8F15C47D5500EEA7BF /* IGFormViewController */,
				4CBDCDFF15C116A500372237 /* Reachability.h */,
				4C1EF859150C043D00532858 /* EGORefreshTableHeaderView.h */,
				4C1EF85A150C043D00532858 /* EGORefreshTableHeaderView.m */,
				4C4B7E8B15C4EC9E00340B59 /* SVProgressHUD.bundle */,
				4C4B7E8C15C4EC9E00340B59 /* SVProgressHUD.h */,
				4C4B7E8D15C4EC9E00340B59 /* SVProgressHUD.m */,
			);
			name = "3rd Party";
			sourceTree = "<group>";
		};
		4CA0DC4714EF1C0800CFC5D2 /* SDURLCache */ = {
			isa = PBXGroup;
			children = (
				4CA0DC4814EF1C2900CFC5D2 /* SDURLCache.h */,
				4CA0DC4914EF1C2900CFC5D2 /* SDURLCache.m */,
			);
			name = SDURLCache;
			sourceTree = "<group>";
		};
		4CFA1A9114DDB73C00DF52FE /* NoARC */ = {
			isa = PBXGroup;
			children = (
				4CA0DC4714EF1C0800CFC5D2 /* SDURLCache */,
				4CFA1A9D14DDBD2200DF52FE /* AFNetworking */,
				4CFA1A9214DDB73C00DF52FE /* Supporting Files */,
			);
			path = NoARC;
			sourceTree = "<group>";
		};
		4CFA1A9214DDB73C00DF52FE /* Supporting Files */ = {
			isa = PBXGroup;
			children = (
				4CFA1A9314DDB73C00DF52FE /* NoARC-Prefix.pch */,
			);
			name = "Supporting Files";
			sourceTree = "<group>";
		};
		4CFA1A9D14DDBD2200DF52FE /* AFNetworking */ = {
			isa = PBXGroup;
			children = (
				4C0BC8FF15B892D3008C6FC4 /* AFHTTPClient.h */,
				4C0BC90015B892D3008C6FC4 /* AFHTTPClient.m */,
				4C0BC90115B892D3008C6FC4 /* AFHTTPRequestOperation.h */,
				4C0BC90215B892D3008C6FC4 /* AFHTTPRequestOperation.m */,
				4C0BC90315B892D3008C6FC4 /* AFImageRequestOperation.h */,
				4C0BC90415B892D3008C6FC4 /* AFImageRequestOperation.m */,
				4C0BC90515B892D3008C6FC4 /* AFJSONRequestOperation.h */,
				4C0BC90615B892D3008C6FC4 /* AFJSONRequestOperation.m */,
				4C0BC90715B892D3008C6FC4 /* AFJSONUtilities.h */,
				4C0BC90815B892D3008C6FC4 /* AFJSONUtilities.m */,
				4C0BC90915B892D3008C6FC4 /* AFNetworkActivityIndicatorManager.h */,
				4C0BC90A15B892D3008C6FC4 /* AFNetworkActivityIndicatorManager.m */,
				4C0BC90B15B892D3008C6FC4 /* AFNetworking.h */,
				4C0BC90C15B892D3008C6FC4 /* AFPropertyListRequestOperation.h */,
				4C0BC90D15B892D3008C6FC4 /* AFPropertyListRequestOperation.m */,
				4C0BC90E15B892D3008C6FC4 /* AFURLConnectionOperation.h */,
				4C0BC90F15B892D3008C6FC4 /* AFURLConnectionOperation.m */,
				4C0BC91015B892D3008C6FC4 /* AFXMLRequestOperation.h */,
				4C0BC91115B892D3008C6FC4 /* AFXMLRequestOperation.m */,
				4C0BC91215B892D3008C6FC4 /* UIImageView+AFNetworking.h */,
				4C0BC91315B892D3008C6FC4 /* UIImageView+AFNetworking.m */,
			);
			name = AFNetworking;
			sourceTree = "<group>";
		};
		833DB53C1494164F00509F2E /* Frameworks */ = {
			isa = PBXGroup;
			children = (
				83F3225C149290EF00A61BC5 /* UIKit.framework */,
				83F32260149290EF00A61BC5 /* CoreGraphics.framework */,
				834CD86A14A0FC3C006240F1 /* SystemConfiguration.framework */,
				834E5001149418D400EABD6E /* Twitter.framework */,
				833DB53D1494164F00509F2E /* Foundation.framework */,
			);
			name = Frameworks;
			sourceTree = "<group>";
		};
		838E906D149A794F00C11E41 /* Resources */ = {
			isa = PBXGroup;
			children = (
				4C0BC93515B8C2BE008C6FC4 /* quack.wav */,
				83F3226E149290EF00A61BC5 /* iPhone.storyboard */,
				838E906C149A76D400C11E41 /* Localizable.strings */,
			);
			name = Resources;
			sourceTree = "<group>";
		};
		83F3224D149290EF00A61BC5 = {
			isa = PBXGroup;
			children = (
				4C3BF10B15C4A4A700EEA7BF /* CoreFoundation.framework */,
				4C3BF10915C4A49000EEA7BF /* CoreLocation.framework */,
				4C3BF10715C4A48200EEA7BF /* CFNetwork.framework */,
				4C3BF0DF15C4A01B00EEA7BF /* Security.framework */,
				4C0BC93915B8C45B008C6FC4 /* AudioToolbox.framework */,
				4C0BC93715B8C314008C6FC4 /* AVFoundation.framework */,
				4CF9ED56154DFC460075C23E /* MessageUI.framework */,
				4C1EF85D150C048A00532858 /* QuartzCore.framework */,
				83F32262149290EF00A61BC5 /* DuckDuckGo */,
				4C3BF10D15C4A6E300EEA7BF /* ShareKit.xcodeproj */,
				4CFA1A9114DDB73C00DF52FE /* NoARC */,
				833DB53C1494164F00509F2E /* Frameworks */,
				83F32259149290EF00A61BC5 /* Products */,
			);
			sourceTree = "<group>";
		};
		83F32259149290EF00A61BC5 /* Products */ = {
			isa = PBXGroup;
			children = (
				83F32258149290EF00A61BC5 /* DuckDuckGo.app */,
				4CFA1A8F14DDB73C00DF52FE /* libNoARC.a */,
			);
			name = Products;
			sourceTree = "<group>";
		};
		83F32262149290EF00A61BC5 /* DuckDuckGo */ = {
			isa = PBXGroup;
			children = (
				4CD9247C15C9ED0900EB062F /* Constants.h */,
				4CD9247D15C9ED0900EB062F /* Constants.m */,
				4C5F81F3158F96D6007B745A /* bangs.json */,
				4C6AC43514DDA95500A1ACA1 /* 3rd Party */,
				83F3226B149290EF00A61BC5 /* DDGAppDelegate.h */,
				83F3226C149290EF00A61BC5 /* DDGAppDelegate.m */,
				4C4B7E8615C4C73E00340B59 /* DDGSHKConfigurator.h */,
				4C4B7E8715C4C73E00340B59 /* DDGSHKConfigurator.m */,
				4C4B7E8915C4EAA300340B59 /* DDGSHKSharers.plist */,
				4C660A741591487C001AB510 /* Search controller */,
				4C4B7E9015C4F18800340B59 /* Autocomplete tier 2 */,
				4C573C1115B7311200790F60 /* Home screen */,
				4C573C1215B7313E00790F60 /* Settings */,
				839819411493C1DB0017A892 /* DDGWebViewController.h */,
				839819421493C1DB0017A892 /* DDGWebViewController.m */,
				4CA8C5811592914D0011665C /* DDGWebViewController.xib */,
				4C19FFD51593B617003AC03F /* DDGCache.h */,
				4C19FFD61593B617003AC03F /* DDGCache.m */,
				4C184D0C15A3742A003AAD5E /* NSArray+ConcurrentIteration.h */,
				4C184D0D15A3742A003AAD5E /* NSArray+ConcurrentIteration.m */,
				4CBA647C15C8836B00DADD00 /* UIImage+DDG.h */,
				4CBA647A15C878B900DADD00 /* UIImage+DDG.m */,
				4C1FD7D31548FF5B006B2511 /* Images */,
				838E906D149A794F00C11E41 /* Resources */,
				83F32263149290EF00A61BC5 /* Supporting Files */,
			);
			path = DuckDuckGo;
			sourceTree = "<group>";
		};
		83F32263149290EF00A61BC5 /* Supporting Files */ = {
			isa = PBXGroup;
			children = (
				4CE458FC15963729009225F5 /* DuckDuckGo.entitlements */,
				83F32264149290EF00A61BC5 /* DuckDuckGo-Info.plist */,
				83F32265149290EF00A61BC5 /* InfoPlist.strings */,
				83F32268149290EF00A61BC5 /* main.m */,
				83F3226A149290EF00A61BC5 /* DuckDuckGo-Prefix.pch */,
				8303A4E71499287B00D34412 /* Always.h */,
			);
			name = "Supporting Files";
			sourceTree = "<group>";
		};
/* End PBXGroup section */

/* Begin PBXHeadersBuildPhase section */
		4CFA1A8D14DDB73C00DF52FE /* Headers */ = {
			isa = PBXHeadersBuildPhase;
			buildActionMask = 2147483647;
			files = (
				4CA0DC4A14EF1C2900CFC5D2 /* SDURLCache.h in Headers */,
				4C1EF85B150C043D00532858 /* EGORefreshTableHeaderView.h in Headers */,
				4C0BC91415B892D3008C6FC4 /* AFHTTPClient.h in Headers */,
				4C0BC91615B892D3008C6FC4 /* AFHTTPRequestOperation.h in Headers */,
				4C0BC91815B892D3008C6FC4 /* AFImageRequestOperation.h in Headers */,
				4C0BC91A15B892D3008C6FC4 /* AFJSONRequestOperation.h in Headers */,
				4C0BC91C15B892D3008C6FC4 /* AFJSONUtilities.h in Headers */,
				4C0BC91E15B892D3008C6FC4 /* AFNetworkActivityIndicatorManager.h in Headers */,
				4C0BC92015B892D3008C6FC4 /* AFNetworking.h in Headers */,
				4C0BC92115B892D3008C6FC4 /* AFPropertyListRequestOperation.h in Headers */,
				4C0BC92315B892D3008C6FC4 /* AFURLConnectionOperation.h in Headers */,
				4C0BC92515B892D3008C6FC4 /* AFXMLRequestOperation.h in Headers */,
				4C0BC92715B892D3008C6FC4 /* UIImageView+AFNetworking.h in Headers */,
			);
			runOnlyForDeploymentPostprocessing = 0;
		};
/* End PBXHeadersBuildPhase section */

/* Begin PBXNativeTarget section */
		4CFA1A8E14DDB73C00DF52FE /* NoARC */ = {
			isa = PBXNativeTarget;
			buildConfigurationList = 4CFA1A9714DDB73C00DF52FE /* Build configuration list for PBXNativeTarget "NoARC" */;
			buildPhases = (
				4CFA1A8B14DDB73C00DF52FE /* Sources */,
				4CFA1A8C14DDB73C00DF52FE /* Frameworks */,
				4CFA1A8D14DDB73C00DF52FE /* Headers */,
			);
			buildRules = (
			);
			dependencies = (
			);
			name = NoARC;
			productName = NoARC;
			productReference = 4CFA1A8F14DDB73C00DF52FE /* libNoARC.a */;
			productType = "com.apple.product-type.library.static";
		};
		83F32257149290EF00A61BC5 /* DuckDuckGo */ = {
			isa = PBXNativeTarget;
			buildConfigurationList = 83F32279149290EF00A61BC5 /* Build configuration list for PBXNativeTarget "DuckDuckGo" */;
			buildPhases = (
				83F32254149290EF00A61BC5 /* Sources */,
				83F32255149290EF00A61BC5 /* Frameworks */,
				83F32256149290EF00A61BC5 /* Resources */,
			);
			buildRules = (
			);
			dependencies = (
				4C3BF12115C4A81200EEA7BF /* PBXTargetDependency */,
				4C3BF12315C4A81200EEA7BF /* PBXTargetDependency */,
			);
			name = DuckDuckGo;
			productName = DuckDuckGo2;
			productReference = 83F32258149290EF00A61BC5 /* DuckDuckGo.app */;
			productType = "com.apple.product-type.application";
		};
/* End PBXNativeTarget section */

/* Begin PBXProject section */
		83F3224F149290EF00A61BC5 /* Project object */ = {
			isa = PBXProject;
			attributes = {
				LastUpgradeCheck = 0440;
			};
			buildConfigurationList = 83F32252149290EF00A61BC5 /* Build configuration list for PBXProject "DuckDuckGo" */;
			compatibilityVersion = "Xcode 3.2";
			developmentRegion = English;
			hasScannedForEncodings = 0;
			knownRegions = (
				en,
				de,
			);
			mainGroup = 83F3224D149290EF00A61BC5;
			productRefGroup = 83F32259149290EF00A61BC5 /* Products */;
			projectDirPath = "";
			projectReferences = (
				{
					ProductGroup = 4C3BF10E15C4A6E300EEA7BF /* Products */;
					ProjectRef = 4C3BF10D15C4A6E300EEA7BF /* ShareKit.xcodeproj */;
				},
			);
			projectRoot = "";
			targets = (
				83F32257149290EF00A61BC5 /* DuckDuckGo */,
				4CFA1A8E14DDB73C00DF52FE /* NoARC */,
			);
		};
/* End PBXProject section */

/* Begin PBXReferenceProxy section */
		4C3BF11915C4A6E300EEA7BF /* ShareKitDemo.app */ = {
			isa = PBXReferenceProxy;
			fileType = wrapper.application;
			path = ShareKitDemo.app;
			remoteRef = 4C3BF11815C4A6E300EEA7BF /* PBXContainerItemProxy */;
			sourceTree = BUILT_PRODUCTS_DIR;
		};
		4C3BF11B15C4A6E300EEA7BF /* libShareKit.a */ = {
			isa = PBXReferenceProxy;
			fileType = archive.ar;
			path = libShareKit.a;
			remoteRef = 4C3BF11A15C4A6E300EEA7BF /* PBXContainerItemProxy */;
			sourceTree = BUILT_PRODUCTS_DIR;
		};
		4C3BF11D15C4A6E300EEA7BF /* ShareKit.bundle */ = {
			isa = PBXReferenceProxy;
			fileType = wrapper.cfbundle;
			path = ShareKit.bundle;
			remoteRef = 4C3BF11C15C4A6E300EEA7BF /* PBXContainerItemProxy */;
			sourceTree = BUILT_PRODUCTS_DIR;
		};
		4C3BF11F15C4A6E300EEA7BF /* libShareKitNoSubmodules.a */ = {
			isa = PBXReferenceProxy;
			fileType = archive.ar;
			path = libShareKitNoSubmodules.a;
			remoteRef = 4C3BF11E15C4A6E300EEA7BF /* PBXContainerItemProxy */;
			sourceTree = BUILT_PRODUCTS_DIR;
		};
/* End PBXReferenceProxy section */

/* Begin PBXResourcesBuildPhase section */
		83F32256149290EF00A61BC5 /* Resources */ = {
			isa = PBXResourcesBuildPhase;
			buildActionMask = 2147483647;
			files = (
				4C3BF12515C4A82600EEA7BF /* ShareKit.bundle in Resources */,
				83F32267149290EF00A61BC5 /* InfoPlist.strings in Resources */,
				83F32270149290EF00A61BC5 /* iPhone.storyboard in Resources */,
				838E9065149A763200C11E41 /* TwoLineTopicCell.xib in Resources */,
				838E9061149A75D700C11E41 /* DDGSearchController.xib in Resources */,
				838E906A149A76D400C11E41 /* Localizable.strings in Resources */,
				4C1FD7ED1548FF65006B2511 /* action34x29.png in Resources */,
				4C1FD7EE1548FF65006B2511 /* arrowRight18x18.png in Resources */,
				4C1FD7EF1548FF65006B2511 /* back_button.png in Resources */,
				4C1FD7F01548FF65006B2511 /* back_button@2x.png in Resources */,
				4C1FD7F21548FF65006B2511 /* chevron15x27.png in Resources */,
				4C1FD7F31548FF65006B2511 /* Default.png in Resources */,
				4C1FD7F41548FF65006B2511 /* Default@2x.png in Resources */,
				4C1FD7F61548FF65006B2511 /* header_tile.png in Resources */,
				4C1FD7F71548FF65006B2511 /* header_tile@2x.png in Resources */,
				4C1FD7F81548FF65006B2511 /* home_button.png in Resources */,
				4C1FD7F91548FF65006B2511 /* home_button@2x.png in Resources */,
				4C1FD7FA1548FF65006B2511 /* icon57x.png in Resources */,
				4C1FD7FB1548FF65006B2511 /* icon57x@2x.png in Resources */,
				4C1FD7FC1548FF65006B2511 /* icon72x.png in Resources */,
				4C1FD7FD1548FF65006B2511 /* reload.png in Resources */,
				4C1FD7FE1548FF65006B2511 /* search_field.png in Resources */,
				4C1FD7FF1548FF65006B2511 /* search_field@2x.png in Resources */,
				4C1FD8001548FF65006B2511 /* settings_button.png in Resources */,
				4C1FD8011548FF65006B2511 /* settings_button@2x.png in Resources */,
				4C1FD8021548FF65006B2511 /* spacer8x16.png in Resources */,
				4C1FD8031548FF65006B2511 /* spacer44x44.png in Resources */,
				4C1FD8041548FF65006B2511 /* stop.png in Resources */,
				4C1FD8051548FF65006B2511 /* topicChosen37x36.png in Resources */,
				4C9A9773154DEAED00286619 /* reload@2x.png in Resources */,
				4C9A9774154DEAED00286619 /* stop@2x.png in Resources */,
				4C57C10F158A8D6500E4C6BF /* refresh_arrow.png in Resources */,
				4C57C112158A8F5400E4C6BF /* refresh_arrow@2x.png in Resources */,
				4C5F81F4158F96D6007B745A /* bangs.json in Resources */,
				4C5F81FA158FEA94007B745A /* bang_button.png in Resources */,
				4C5F81FB158FEA94007B745A /* bang_button@2x.png in Resources */,
				4C660A7915914E73001AB510 /* empty_bang_button.png in Resources */,
				4CA8C5821592914D0011665C /* DDGWebViewController.xib in Resources */,
				4C5381461595045500490B9C /* noimage.png in Resources */,
				4C2DD65F159CD14100A74526 /* topic_cell_background@2x.png in Resources */,
				4C2DD660159CD14100A74526 /* topic_cell_background.png in Resources */,
				4C18241615A602C100248A9D /* Icon72x@2x.png in Resources */,
				4C14244E15AF3F8100EFBDE3 /* bang_button_open@2x.png in Resources */,
				4C14245015AF3F8E00EFBDE3 /* empty_bang_button@2x.png in Resources */,
				4C14245215AF420800EFBDE3 /* bang_button_open.png in Resources */,
				4C0BC93615B8C2BE008C6FC4 /* quack.wav in Resources */,
				4C24A75A15BA0946003DCB56 /* load_bar.png in Resources */,
				4C24A75B15BA0946003DCB56 /* load_bar@2x.png in Resources */,
				4C3BEFAF15C4889D00EEA7BF /* share_button@2x.png in Resources */,
				4C3BEFB115C488E000EEA7BF /* share_button.png in Resources */,
				4C4B7E8A15C4EAA300340B59 /* DDGSHKSharers.plist in Resources */,
				4C4B7E8E15C4EC9E00340B59 /* SVProgressHUD.bundle in Resources */,
				4C4B7E9515C4F1AA00340B59 /* DDGBookmarksViewController.xib in Resources */,
				4C7A67BD15C5C9200087D548 /* OneLineTopicCell.xib in Resources */,
				4CA9C46A15CC6972001F3231 /* refresh_dotted_line@2x.png in Resources */,
				4CA9C46B15CC6972001F3231 /* refresh_dotted_line.png in Resources */,
				4CA9C46E15CC72D2001F3231 /* linen_bg@2x.png in Resources */,
				4CA9C46F15CC72D2001F3231 /* linen_bg.png in Resources */,
				4CA9C48615CC7E41001F3231 /* table_view_shadow_top.png in Resources */,
				4CA9C48715CC7E41001F3231 /* table_view_shadow_top@2x.png in Resources */,
				4CA9C48A15CC82A3001F3231 /* table_view_shadow_bottom@2x.png in Resources */,
				4CA9C48B15CC82A3001F3231 /* table_view_shadow_bottom.png in Resources */,
			);
			runOnlyForDeploymentPostprocessing = 0;
		};
/* End PBXResourcesBuildPhase section */

/* Begin PBXSourcesBuildPhase section */
		4CFA1A8B14DDB73C00DF52FE /* Sources */ = {
			isa = PBXSourcesBuildPhase;
			buildActionMask = 2147483647;
			files = (
				4CA0DC4B14EF1C2900CFC5D2 /* SDURLCache.m in Sources */,
				4C1EF85C150C043D00532858 /* EGORefreshTableHeaderView.m in Sources */,
				4C0BC91515B892D3008C6FC4 /* AFHTTPClient.m in Sources */,
				4C0BC91715B892D3008C6FC4 /* AFHTTPRequestOperation.m in Sources */,
				4C0BC91915B892D3008C6FC4 /* AFImageRequestOperation.m in Sources */,
				4C0BC91B15B892D3008C6FC4 /* AFJSONRequestOperation.m in Sources */,
				4C0BC91D15B892D3008C6FC4 /* AFJSONUtilities.m in Sources */,
				4C0BC91F15B892D3008C6FC4 /* AFNetworkActivityIndicatorManager.m in Sources */,
				4C0BC92215B892D3008C6FC4 /* AFPropertyListRequestOperation.m in Sources */,
				4C0BC92415B892D3008C6FC4 /* AFURLConnectionOperation.m in Sources */,
				4C0BC92615B892D3008C6FC4 /* AFXMLRequestOperation.m in Sources */,
				4C0BC92815B892D3008C6FC4 /* UIImageView+AFNetworking.m in Sources */,
			);
			runOnlyForDeploymentPostprocessing = 0;
		};
		83F32254149290EF00A61BC5 /* Sources */ = {
			isa = PBXSourcesBuildPhase;
			buildActionMask = 2147483647;
			files = (
				83F32269149290EF00A61BC5 /* main.m in Sources */,
				83F3226D149290EF00A61BC5 /* DDGAppDelegate.m in Sources */,
				83F32276149290EF00A61BC5 /* DDGViewController.m in Sources */,
				83F3229E1492EE1B00A61BC5 /* DDGSearchController.m in Sources */,
				839819431493C1DB0017A892 /* DDGWebViewController.m in Sources */,
				4CCEA043150AAB1D00CCC480 /* DDGSearchSuggestionsProvider.m in Sources */,
				4CCDC2AF1527B18C00CB6907 /* DDGSearchHistoryProvider.m in Sources */,
				4C2F2C6C15604657005AAA2E /* DDGAddressBarTextField.m in Sources */,
				4C7DA6D815890A6900D95585 /* DDGBangsProvider.m in Sources */,
				4CF9543C158A6FB30076465E /* DDGInputAccessoryView.m in Sources */,
				4C19FFD71593B617003AC03F /* DDGCache.m in Sources */,
				4C184D0E15A3742A003AAD5E /* NSArray+ConcurrentIteration.m in Sources */,
				4C11C6AF15B5E4C200D046BA /* DDGStoriesProvider.m in Sources */,
				4C573D0A15B759E100790F60 /* IGFormButton.m in Sources */,
				4C573D0B15B759E100790F60 /* IGFormElement.m in Sources */,
				4C573D0C15B759E100790F60 /* IGFormRadioOption.m in Sources */,
				4C573D0D15B759E100790F60 /* IGFormSection.m in Sources */,
				4C573D0E15B759E100790F60 /* IGFormSwitch.m in Sources */,
				4C573D0F15B759E100790F60 /* IGFormTextField.m in Sources */,
				4C573D1015B759E100790F60 /* IGFormTextView.m in Sources */,
				4C573D1115B759E100790F60 /* IGFormViewController.m in Sources */,
				4C573D1515B75A2900790F60 /* DDGSettingsViewController.m in Sources */,
				4C2E001215B87C700096C994 /* DDGNewsSourcesViewController.m in Sources */,
				4CB72E8D15BE7CF300D8541F /* DDGAddCustomSourceViewController.m in Sources */,
				4C4B7E8815C4C73E00340B59 /* DDGSHKConfigurator.m in Sources */,
				4C4B7E8F15C4EC9E00340B59 /* SVProgressHUD.m in Sources */,
				4C4B7E9415C4F1AA00340B59 /* DDGBookmarksViewController.m in Sources */,
				4C4B7E9815C4F8E500340B59 /* DDGBookmarksProvider.m in Sources */,
				4CBA647B15C878B900DADD00 /* UIImage+DDG.m in Sources */,
				4CD9247E15C9ED0900EB062F /* Constants.m in Sources */,
			);
			runOnlyForDeploymentPostprocessing = 0;
		};
/* End PBXSourcesBuildPhase section */

/* Begin PBXTargetDependency section */
		4C3BF12115C4A81200EEA7BF /* PBXTargetDependency */ = {
			isa = PBXTargetDependency;
			name = "Static Library";
			targetProxy = 4C3BF12015C4A81200EEA7BF /* PBXContainerItemProxy */;
		};
		4C3BF12315C4A81200EEA7BF /* PBXTargetDependency */ = {
			isa = PBXTargetDependency;
			name = "Resource Bundle";
			targetProxy = 4C3BF12215C4A81200EEA7BF /* PBXContainerItemProxy */;
		};
/* End PBXTargetDependency section */

/* Begin PBXVariantGroup section */
		4C7A67BB15C5C9200087D548 /* OneLineTopicCell.xib */ = {
			isa = PBXVariantGroup;
			children = (
				4C7A67BC15C5C9200087D548 /* en */,
			);
			name = OneLineTopicCell.xib;
			sourceTree = "<group>";
		};
		838E9063149A75D700C11E41 /* DDGSearchController.xib */ = {
			isa = PBXVariantGroup;
			children = (
				838E9062149A75D700C11E41 /* en */,
			);
			name = DDGSearchController.xib;
			sourceTree = "<group>";
		};
		838E9067149A763200C11E41 /* TwoLineTopicCell.xib */ = {
			isa = PBXVariantGroup;
			children = (
				838E9066149A763200C11E41 /* en */,
			);
			name = TwoLineTopicCell.xib;
			sourceTree = "<group>";
		};
		838E906C149A76D400C11E41 /* Localizable.strings */ = {
			isa = PBXVariantGroup;
			children = (
				838E906B149A76D400C11E41 /* en */,
			);
			name = Localizable.strings;
			path = ..;
			sourceTree = "<group>";
		};
		83F32265149290EF00A61BC5 /* InfoPlist.strings */ = {
			isa = PBXVariantGroup;
			children = (
				83F32266149290EF00A61BC5 /* en */,
			);
			name = InfoPlist.strings;
			sourceTree = "<group>";
		};
		83F3226E149290EF00A61BC5 /* iPhone.storyboard */ = {
			isa = PBXVariantGroup;
			children = (
				83F3226F149290EF00A61BC5 /* en */,
			);
			name = iPhone.storyboard;
			sourceTree = "<group>";
		};
/* End PBXVariantGroup section */

/* Begin XCBuildConfiguration section */
		4CFA1A9814DDB73C00DF52FE /* Debug */ = {
			isa = XCBuildConfiguration;
			buildSettings = {
				CODE_SIGN_IDENTITY = "iPhone Developer";
				"CODE_SIGN_IDENTITY[sdk=iphoneos*]" = "iPhone Developer";
				DSTROOT = /tmp/NoARC.dst;
				GCC_PRECOMPILE_PREFIX_HEADER = YES;
				GCC_PREFIX_HEADER = "NoARC/NoARC-Prefix.pch";
				OTHER_LDFLAGS = "-ObjC";
				PRODUCT_NAME = "$(TARGET_NAME)";
				PROVISIONING_PROFILE = "";
				"PROVISIONING_PROFILE[sdk=iphoneos*]" = "";
				SKIP_INSTALL = YES;
			};
			name = Debug;
		};
		4CFA1A9914DDB73C00DF52FE /* Release */ = {
			isa = XCBuildConfiguration;
			buildSettings = {
				DSTROOT = /tmp/NoARC.dst;
				GCC_PRECOMPILE_PREFIX_HEADER = YES;
				GCC_PREFIX_HEADER = "NoARC/NoARC-Prefix.pch";
				OTHER_LDFLAGS = "-ObjC";
				PRODUCT_NAME = "$(TARGET_NAME)";
				SKIP_INSTALL = YES;
			};
			name = Release;
		};
		83F32277149290EF00A61BC5 /* Debug */ = {
			isa = XCBuildConfiguration;
			buildSettings = {
				ALWAYS_SEARCH_USER_PATHS = NO;
				ARCHS = "$(ARCHS_STANDARD_32_BIT)";
				"CODE_SIGN_IDENTITY[sdk=iphoneos*]" = "iPhone Developer: Suren Gulrajani (XBRVWK3QD3)";
				COPY_PHASE_STRIP = NO;
				GCC_C_LANGUAGE_STANDARD = gnu99;
				GCC_DYNAMIC_NO_PIC = NO;
				GCC_OPTIMIZATION_LEVEL = 0;
				GCC_PREPROCESSOR_DEFINITIONS = (
					"DEBUG=1",
					"$(inherited)",
				);
				GCC_SYMBOLS_PRIVATE_EXTERN = NO;
				GCC_VERSION = com.apple.compilers.llvm.clang.1_0;
				GCC_WARN_ABOUT_MISSING_PROTOTYPES = YES;
				GCC_WARN_ABOUT_RETURN_TYPE = YES;
				GCC_WARN_UNUSED_VARIABLE = YES;
				IPHONEOS_DEPLOYMENT_TARGET = 5.0;
				"PROVISIONING_PROFILE[sdk=iphoneos*]" = "A544C7A1-B461-446B-9CB2-754B7CA4F1EB";
				SDKROOT = iphoneos;
				TARGETED_DEVICE_FAMILY = "1,2";
			};
			name = Debug;
		};
		83F32278149290EF00A61BC5 /* Release */ = {
			isa = XCBuildConfiguration;
			buildSettings = {
				ALWAYS_SEARCH_USER_PATHS = NO;
				ARCHS = "$(ARCHS_STANDARD_32_BIT)";
				CODE_SIGN_IDENTITY = "iPhone Distribution: Duck Duck Go, Inc.";
				"CODE_SIGN_IDENTITY[sdk=iphoneos*]" = "iPhone Distribution: Duck Duck Go, Inc.";
				COPY_PHASE_STRIP = YES;
				GCC_C_LANGUAGE_STANDARD = gnu99;
				GCC_VERSION = com.apple.compilers.llvm.clang.1_0;
				GCC_WARN_ABOUT_MISSING_PROTOTYPES = YES;
				GCC_WARN_ABOUT_RETURN_TYPE = YES;
				GCC_WARN_UNUSED_VARIABLE = YES;
				IPHONEOS_DEPLOYMENT_TARGET = 5.0;
				OTHER_CFLAGS = "-DNS_BLOCK_ASSERTIONS=1";
				PROVISIONING_PROFILE = "4D42040A-FD44-4F05-A983-3EEE1760A249";
				"PROVISIONING_PROFILE[sdk=iphoneos*]" = "4D42040A-FD44-4F05-A983-3EEE1760A249";
				SDKROOT = iphoneos;
				TARGETED_DEVICE_FAMILY = "1,2";
				VALIDATE_PRODUCT = YES;
			};
			name = Release;
		};
		83F3227A149290EF00A61BC5 /* Debug */ = {
			isa = XCBuildConfiguration;
			buildSettings = {
				CLANG_ENABLE_OBJC_ARC = YES;
				CODE_SIGN_IDENTITY = "iPhone Developer";
				"CODE_SIGN_IDENTITY[sdk=iphoneos*]" = "iPhone Developer";
				GCC_PRECOMPILE_PREFIX_HEADER = YES;
				GCC_PREFIX_HEADER = "DuckDuckGo/DuckDuckGo-Prefix.pch";
				INFOPLIST_FILE = "DuckDuckGo/DuckDuckGo-Info.plist";
				OTHER_LDFLAGS = (
					"-ObjC",
					"-all_load",
				);
				PRODUCT_NAME = "$(TARGET_NAME)";
				PROVISIONING_PROFILE = "";
				"PROVISIONING_PROFILE[sdk=iphoneos*]" = "";
				TARGETED_DEVICE_FAMILY = 1;
				USER_HEADER_SEARCH_PATHS = "Submodules/**";
				WRAPPER_EXTENSION = app;
			};
			name = Debug;
		};
		83F3227B149290EF00A61BC5 /* Release */ = {
			isa = XCBuildConfiguration;
			buildSettings = {
				CLANG_ENABLE_OBJC_ARC = YES;
				CODE_SIGN_IDENTITY = "iPhone Distribution";
				"CODE_SIGN_IDENTITY[sdk=iphoneos*]" = "iPhone Distribution";
				GCC_PRECOMPILE_PREFIX_HEADER = YES;
				GCC_PREFIX_HEADER = "DuckDuckGo/DuckDuckGo-Prefix.pch";
				INFOPLIST_FILE = "DuckDuckGo/DuckDuckGo-Info.plist";
				OTHER_LDFLAGS = (
					"-ObjC",
					"-all_load",
				);
				PRODUCT_NAME = "$(TARGET_NAME)";
				PROVISIONING_PROFILE = "";
				"PROVISIONING_PROFILE[sdk=iphoneos*]" = "";
				TARGETED_DEVICE_FAMILY = 1;
				USER_HEADER_SEARCH_PATHS = "Submodules/**";
				WRAPPER_EXTENSION = app;
			};
			name = Release;
		};
/* End XCBuildConfiguration section */

/* Begin XCConfigurationList section */
		4CFA1A9714DDB73C00DF52FE /* Build configuration list for PBXNativeTarget "NoARC" */ = {
			isa = XCConfigurationList;
			buildConfigurations = (
				4CFA1A9814DDB73C00DF52FE /* Debug */,
				4CFA1A9914DDB73C00DF52FE /* Release */,
			);
			defaultConfigurationIsVisible = 0;
			defaultConfigurationName = Release;
		};
		83F32252149290EF00A61BC5 /* Build configuration list for PBXProject "DuckDuckGo" */ = {
			isa = XCConfigurationList;
			buildConfigurations = (
				83F32277149290EF00A61BC5 /* Debug */,
				83F32278149290EF00A61BC5 /* Release */,
			);
			defaultConfigurationIsVisible = 0;
			defaultConfigurationName = Release;
		};
		83F32279149290EF00A61BC5 /* Build configuration list for PBXNativeTarget "DuckDuckGo" */ = {
			isa = XCConfigurationList;
			buildConfigurations = (
				83F3227A149290EF00A61BC5 /* Debug */,
				83F3227B149290EF00A61BC5 /* Release */,
			);
			defaultConfigurationIsVisible = 0;
			defaultConfigurationName = Release;
		};
/* End XCConfigurationList section */
	};
	rootObject = 83F3224F149290EF00A61BC5 /* Project object */;
}
