// !$*UTF8*$!
{
	archiveVersion = 1;
	classes = {
	};
	objectVersion = 46;
	objects = {

/* Begin PBXBuildFile section */
		4C1E3A0C14C9F44600A0E143 /* Default.png in Resources */ = {isa = PBXBuildFile; fileRef = 4C1E3A0A14C9F44600A0E143 /* Default.png */; };
		4C1E3A0D14C9F44600A0E143 /* Default@2x.png in Resources */ = {isa = PBXBuildFile; fileRef = 4C1E3A0B14C9F44600A0E143 /* Default@2x.png */; };
		4C1E3A1214C9F50B00A0E143 /* icon57x.png in Resources */ = {isa = PBXBuildFile; fileRef = 4C1E3A0F14C9F50B00A0E143 /* icon57x.png */; };
		4C1E3A1314C9F50B00A0E143 /* icon57x@2x.png in Resources */ = {isa = PBXBuildFile; fileRef = 4C1E3A1014C9F50B00A0E143 /* icon57x@2x.png */; };
		4C1E3A1414C9F50B00A0E143 /* icon72x.png in Resources */ = {isa = PBXBuildFile; fileRef = 4C1E3A1114C9F50B00A0E143 /* icon72x.png */; };
		4C1E3A1C14CB26DA00A0E143 /* Reachability.m in Sources */ = {isa = PBXBuildFile; fileRef = 60E04A5C14A0EA9000F8BD23 /* Reachability.m */; };
		4C8D7AF114BE7EE100F6E604 /* NSObject+SBJson.h in Headers */ = {isa = PBXBuildFile; fileRef = 4C8D7AD814BE7EE100F6E604 /* NSObject+SBJson.h */; };
		4C8D7AF214BE7EE100F6E604 /* NSObject+SBJson.m in Sources */ = {isa = PBXBuildFile; fileRef = 4C8D7AD914BE7EE100F6E604 /* NSObject+SBJson.m */; };
		4C8D7AF314BE7EE100F6E604 /* SBJson.h in Headers */ = {isa = PBXBuildFile; fileRef = 4C8D7ADA14BE7EE100F6E604 /* SBJson.h */; };
		4C8D7AF414BE7EE100F6E604 /* SBJsonParser.h in Headers */ = {isa = PBXBuildFile; fileRef = 4C8D7ADB14BE7EE100F6E604 /* SBJsonParser.h */; };
		4C8D7AF514BE7EE100F6E604 /* SBJsonParser.m in Sources */ = {isa = PBXBuildFile; fileRef = 4C8D7ADC14BE7EE100F6E604 /* SBJsonParser.m */; };
		4C8D7AF614BE7EE100F6E604 /* SBJsonStreamParser.h in Headers */ = {isa = PBXBuildFile; fileRef = 4C8D7ADD14BE7EE100F6E604 /* SBJsonStreamParser.h */; };
		4C8D7AF714BE7EE100F6E604 /* SBJsonStreamParser.m in Sources */ = {isa = PBXBuildFile; fileRef = 4C8D7ADE14BE7EE100F6E604 /* SBJsonStreamParser.m */; };
		4C8D7AF814BE7EE100F6E604 /* SBJsonStreamParserAccumulator.h in Headers */ = {isa = PBXBuildFile; fileRef = 4C8D7ADF14BE7EE100F6E604 /* SBJsonStreamParserAccumulator.h */; };
		4C8D7AF914BE7EE100F6E604 /* SBJsonStreamParserAccumulator.m in Sources */ = {isa = PBXBuildFile; fileRef = 4C8D7AE014BE7EE100F6E604 /* SBJsonStreamParserAccumulator.m */; };
		4C8D7AFA14BE7EE100F6E604 /* SBJsonStreamParserAdapter.h in Headers */ = {isa = PBXBuildFile; fileRef = 4C8D7AE114BE7EE100F6E604 /* SBJsonStreamParserAdapter.h */; };
		4C8D7AFB14BE7EE100F6E604 /* SBJsonStreamParserAdapter.m in Sources */ = {isa = PBXBuildFile; fileRef = 4C8D7AE214BE7EE100F6E604 /* SBJsonStreamParserAdapter.m */; };
		4C8D7AFC14BE7EE100F6E604 /* SBJsonStreamParserState.h in Headers */ = {isa = PBXBuildFile; fileRef = 4C8D7AE314BE7EE100F6E604 /* SBJsonStreamParserState.h */; };
		4C8D7AFD14BE7EE100F6E604 /* SBJsonStreamParserState.m in Sources */ = {isa = PBXBuildFile; fileRef = 4C8D7AE414BE7EE100F6E604 /* SBJsonStreamParserState.m */; };
		4C8D7AFE14BE7EE100F6E604 /* SBJsonStreamWriter.h in Headers */ = {isa = PBXBuildFile; fileRef = 4C8D7AE514BE7EE100F6E604 /* SBJsonStreamWriter.h */; };
		4C8D7AFF14BE7EE100F6E604 /* SBJsonStreamWriter.m in Sources */ = {isa = PBXBuildFile; fileRef = 4C8D7AE614BE7EE100F6E604 /* SBJsonStreamWriter.m */; };
		4C8D7B0014BE7EE100F6E604 /* SBJsonStreamWriterAccumulator.h in Headers */ = {isa = PBXBuildFile; fileRef = 4C8D7AE714BE7EE100F6E604 /* SBJsonStreamWriterAccumulator.h */; };
		4C8D7B0114BE7EE100F6E604 /* SBJsonStreamWriterAccumulator.m in Sources */ = {isa = PBXBuildFile; fileRef = 4C8D7AE814BE7EE100F6E604 /* SBJsonStreamWriterAccumulator.m */; };
		4C8D7B0214BE7EE100F6E604 /* SBJsonStreamWriterState.h in Headers */ = {isa = PBXBuildFile; fileRef = 4C8D7AE914BE7EE100F6E604 /* SBJsonStreamWriterState.h */; };
		4C8D7B0314BE7EE100F6E604 /* SBJsonStreamWriterState.m in Sources */ = {isa = PBXBuildFile; fileRef = 4C8D7AEA14BE7EE100F6E604 /* SBJsonStreamWriterState.m */; };
		4C8D7B0414BE7EE100F6E604 /* SBJsonTokeniser.h in Headers */ = {isa = PBXBuildFile; fileRef = 4C8D7AEB14BE7EE100F6E604 /* SBJsonTokeniser.h */; };
		4C8D7B0514BE7EE100F6E604 /* SBJsonTokeniser.m in Sources */ = {isa = PBXBuildFile; fileRef = 4C8D7AEC14BE7EE100F6E604 /* SBJsonTokeniser.m */; };
		4C8D7B0614BE7EE100F6E604 /* SBJsonUTF8Stream.h in Headers */ = {isa = PBXBuildFile; fileRef = 4C8D7AED14BE7EE100F6E604 /* SBJsonUTF8Stream.h */; };
		4C8D7B0714BE7EE100F6E604 /* SBJsonUTF8Stream.m in Sources */ = {isa = PBXBuildFile; fileRef = 4C8D7AEE14BE7EE100F6E604 /* SBJsonUTF8Stream.m */; };
		4C8D7B0814BE7EE100F6E604 /* SBJsonWriter.h in Headers */ = {isa = PBXBuildFile; fileRef = 4C8D7AEF14BE7EE100F6E604 /* SBJsonWriter.h */; };
		4C8D7B0914BE7EE100F6E604 /* SBJsonWriter.m in Sources */ = {isa = PBXBuildFile; fileRef = 4C8D7AF014BE7EE100F6E604 /* SBJsonWriter.m */; };
		8303A4F014992F1900D34412 /* spacer44x44.png in Resources */ = {isa = PBXBuildFile; fileRef = 8303A4EF14992F1900D34412 /* spacer44x44.png */; };
		8329AE05149F883300C6ECB2 /* duckPlaceholder314x73.png in Resources */ = {isa = PBXBuildFile; fileRef = 8329AE04149F883300C6ECB2 /* duckPlaceholder314x73.png */; };
		832F8A5D149FBF4600EAFADB /* duckPlaceholder314x73.psd in Resources */ = {isa = PBXBuildFile; fileRef = 832F8A5C149FBF4600EAFADB /* duckPlaceholder314x73.psd */; };
		833DB53E1494164F00509F2E /* Foundation.framework in Frameworks */ = {isa = PBXBuildFile; fileRef = 833DB53D1494164F00509F2E /* Foundation.framework */; };
		833DB5561494168900509F2E /* CacheController.h in Headers */ = {isa = PBXBuildFile; fileRef = 833DB5481494168900509F2E /* CacheController.h */; };
		833DB5571494168900509F2E /* DataHelper.h in Headers */ = {isa = PBXBuildFile; fileRef = 833DB5491494168900509F2E /* DataHelper.h */; };
		833DB5581494168900509F2E /* Instapaper.h in Headers */ = {isa = PBXBuildFile; fileRef = 833DB54A1494168900509F2E /* Instapaper.h */; };
		833DB55A1494168900509F2E /* NetworkActivityStatus.h in Headers */ = {isa = PBXBuildFile; fileRef = 833DB54C1494168900509F2E /* NetworkActivityStatus.h */; };
		833DB55B1494168900509F2E /* NSData+Additions.h in Headers */ = {isa = PBXBuildFile; fileRef = 833DB54D1494168900509F2E /* NSData+Additions.h */; };
		833DB55C1494168900509F2E /* NSDate-Utilities.h in Headers */ = {isa = PBXBuildFile; fileRef = 833DB54E1494168900509F2E /* NSDate-Utilities.h */; };
		833DB5621494168900509F2E /* UIImage+ImageUtility.h in Headers */ = {isa = PBXBuildFile; fileRef = 833DB5541494168900509F2E /* UIImage+ImageUtility.h */; };
		833DB5631494168900509F2E /* UtilityCHS.h in Headers */ = {isa = PBXBuildFile; fileRef = 833DB5551494168900509F2E /* UtilityCHS.h */; };
		833DB56C149416B100509F2E /* CacheController.m in Sources */ = {isa = PBXBuildFile; fileRef = 833DB564149416B100509F2E /* CacheController.m */; };
		833DB56D149416B100509F2E /* DataHelper.m in Sources */ = {isa = PBXBuildFile; fileRef = 833DB565149416B100509F2E /* DataHelper.m */; };
		833DB56E149416B100509F2E /* Instapaper.m in Sources */ = {isa = PBXBuildFile; fileRef = 833DB566149416B100509F2E /* Instapaper.m */; };
		833DB56F149416B100509F2E /* NetworkActivityStatus.m in Sources */ = {isa = PBXBuildFile; fileRef = 833DB567149416B100509F2E /* NetworkActivityStatus.m */; };
		833DB571149416B100509F2E /* NSDate-Utilities.m in Sources */ = {isa = PBXBuildFile; fileRef = 833DB569149416B100509F2E /* NSDate-Utilities.m */; };
		833DB572149416B100509F2E /* UIImage+ImageUtility.m in Sources */ = {isa = PBXBuildFile; fileRef = 833DB56A149416B100509F2E /* UIImage+ImageUtility.m */; };
		833DB573149416B100509F2E /* UtilityCHS.m in Sources */ = {isa = PBXBuildFile; fileRef = 833DB56B149416B100509F2E /* UtilityCHS.m */; };
		8345080614AB8D520093C2A1 /* Foundation.framework in Frameworks */ = {isa = PBXBuildFile; fileRef = 833DB53D1494164F00509F2E /* Foundation.framework */; };
		834CD86814A0F9D7006240F1 /* doneButton51x31.png in Resources */ = {isa = PBXBuildFile; fileRef = 834CD86714A0F9D7006240F1 /* doneButton51x31.png */; };
		834CD86B14A0FC3C006240F1 /* SystemConfiguration.framework in Frameworks */ = {isa = PBXBuildFile; fileRef = 834CD86A14A0FC3C006240F1 /* SystemConfiguration.framework */; };
		834E4FF6149417EC00EABD6E /* libDDGLib.a in Frameworks */ = {isa = PBXBuildFile; fileRef = 833DB53B1494164F00509F2E /* libDDGLib.a */; };
		834E5002149418D400EABD6E /* Twitter.framework in Frameworks */ = {isa = PBXBuildFile; fileRef = 834E5001149418D400EABD6E /* Twitter.framework */; };
		838195D014A0CB0E001C5EBC /* customizeButton300x46.psd in Resources */ = {isa = PBXBuildFile; fileRef = 838195CF14A0CB0E001C5EBC /* customizeButton300x46.psd */; };
		838195D614A0CCDF001C5EBC /* DDGTopicsTrendsPick.m in Sources */ = {isa = PBXBuildFile; fileRef = 838195D514A0CCDF001C5EBC /* DDGTopicsTrendsPick.m */; };
		838E9061149A75D700C11E41 /* DDGSearchController.xib in Resources */ = {isa = PBXBuildFile; fileRef = 838E9063149A75D700C11E41 /* DDGSearchController.xib */; };
		838E9065149A763200C11E41 /* CurrentTopicCell.xib in Resources */ = {isa = PBXBuildFile; fileRef = 838E9067149A763200C11E41 /* CurrentTopicCell.xib */; };
		838E906A149A76D400C11E41 /* Localizable.strings in Resources */ = {isa = PBXBuildFile; fileRef = 838E906C149A76D400C11E41 /* Localizable.strings */; };
		839819431493C1DB0017A892 /* DDGWebViewController.m in Sources */ = {isa = PBXBuildFile; fileRef = 839819421493C1DB0017A892 /* DDGWebViewController.m */; };
		839819481493E7F90017A892 /* gear40x37.png in Resources */ = {isa = PBXBuildFile; fileRef = 839819471493E7F90017A892 /* gear40x37.png */; };
		839CB4B014AA37500054297C /* DDGSearchSuggestionCache.m in Sources */ = {isa = PBXBuildFile; fileRef = 839CB4AF14AA37500054297C /* DDGSearchSuggestionCache.m */; };
		83E03E8214A4CA5D0098F328 /* topicChosen37x36.png in Resources */ = {isa = PBXBuildFile; fileRef = 83E03E8114A4CA5C0098F328 /* topicChosen37x36.png */; };
		83E46A9514A2210700A2D4FC /* Temporary in Resources */ = {isa = PBXBuildFile; fileRef = 83E46A9414A2210700A2D4FC /* Temporary */; };
		83E46A9A14A22DEE00A2D4FC /* chevron15x27.png in Resources */ = {isa = PBXBuildFile; fileRef = 83E46A9914A22DEE00A2D4FC /* chevron15x27.png */; };
		83E46A9C14A2391700A2D4FC /* arrowRight18x18.png in Resources */ = {isa = PBXBuildFile; fileRef = 83E46A9B14A2391700A2D4FC /* arrowRight18x18.png */; };
		83E46A9E14A2401C00A2D4FC /* TopicsTrendsPickCell.xib in Resources */ = {isa = PBXBuildFile; fileRef = 83E46A9D14A2401C00A2D4FC /* TopicsTrendsPickCell.xib */; };
		83F3225D149290EF00A61BC5 /* UIKit.framework in Frameworks */ = {isa = PBXBuildFile; fileRef = 83F3225C149290EF00A61BC5 /* UIKit.framework */; };
		83F32261149290EF00A61BC5 /* CoreGraphics.framework in Frameworks */ = {isa = PBXBuildFile; fileRef = 83F32260149290EF00A61BC5 /* CoreGraphics.framework */; };
		83F32267149290EF00A61BC5 /* InfoPlist.strings in Resources */ = {isa = PBXBuildFile; fileRef = 83F32265149290EF00A61BC5 /* InfoPlist.strings */; };
		83F32269149290EF00A61BC5 /* main.m in Sources */ = {isa = PBXBuildFile; fileRef = 83F32268149290EF00A61BC5 /* main.m */; };
		83F3226D149290EF00A61BC5 /* DDGAppDelegate.m in Sources */ = {isa = PBXBuildFile; fileRef = 83F3226C149290EF00A61BC5 /* DDGAppDelegate.m */; };
		83F32270149290EF00A61BC5 /* MainStoryboard_iPhone.storyboard in Resources */ = {isa = PBXBuildFile; fileRef = 83F3226E149290EF00A61BC5 /* MainStoryboard_iPhone.storyboard */; };
		83F32273149290EF00A61BC5 /* MainStoryboard_iPad.storyboard in Resources */ = {isa = PBXBuildFile; fileRef = 83F32271149290EF00A61BC5 /* MainStoryboard_iPad.storyboard */; };
		83F32276149290EF00A61BC5 /* DDGViewController.m in Sources */ = {isa = PBXBuildFile; fileRef = 83F32275149290EF00A61BC5 /* DDGViewController.m */; };
		83F3228A1492934B00A61BC5 /* action34x29.png in Resources */ = {isa = PBXBuildFile; fileRef = 83F322851492934B00A61BC5 /* action34x29.png */; };
		83F3228B1492934B00A61BC5 /* bbg40x37.png in Resources */ = {isa = PBXBuildFile; fileRef = 83F322861492934B00A61BC5 /* bbg40x37.png */; };
		83F3228D1492934B00A61BC5 /* home40x37.png in Resources */ = {isa = PBXBuildFile; fileRef = 83F322881492934B00A61BC5 /* home40x37.png */; };
		83F3228E1492934B00A61BC5 /* spacer8x16.png in Resources */ = {isa = PBXBuildFile; fileRef = 83F322891492934B00A61BC5 /* spacer8x16.png */; };
		83F3229E1492EE1B00A61BC5 /* DDGSearchController.m in Sources */ = {isa = PBXBuildFile; fileRef = 83F3229C1492EE1B00A61BC5 /* DDGSearchController.m */; };
		83FCA91114966EC000AEDAC6 /* buttonLightGrey40x37.png in Resources */ = {isa = PBXBuildFile; fileRef = 83FCA91014966EC000AEDAC6 /* buttonLightGrey40x37.png */; };
/* End PBXBuildFile section */

/* Begin PBXContainerItemProxy section */
		834E50031494195200EABD6E /* PBXContainerItemProxy */ = {
			isa = PBXContainerItemProxy;
			containerPortal = 83F3224F149290EF00A61BC5 /* Project object */;
			proxyType = 1;
			remoteGlobalIDString = 833DB53A1494164F00509F2E;
			remoteInfo = DDGLib;
		};
/* End PBXContainerItemProxy section */

/* Begin PBXFileReference section */
		4C1E3A0A14C9F44600A0E143 /* Default.png */ = {isa = PBXFileReference; lastKnownFileType = image.png; path = Default.png; sourceTree = "<group>"; };
		4C1E3A0B14C9F44600A0E143 /* Default@2x.png */ = {isa = PBXFileReference; lastKnownFileType = image.png; path = "Default@2x.png"; sourceTree = "<group>"; };
		4C1E3A0F14C9F50B00A0E143 /* icon57x.png */ = {isa = PBXFileReference; lastKnownFileType = image.png; path = icon57x.png; sourceTree = "<group>"; };
		4C1E3A1014C9F50B00A0E143 /* icon57x@2x.png */ = {isa = PBXFileReference; lastKnownFileType = image.png; path = "icon57x@2x.png"; sourceTree = "<group>"; };
		4C1E3A1114C9F50B00A0E143 /* icon72x.png */ = {isa = PBXFileReference; lastKnownFileType = image.png; path = icon72x.png; sourceTree = "<group>"; };
		4C8D7AD814BE7EE100F6E604 /* NSObject+SBJson.h */ = {isa = PBXFileReference; fileEncoding = 4; lastKnownFileType = sourcecode.c.h; path = "NSObject+SBJson.h"; sourceTree = "<group>"; };
		4C8D7AD914BE7EE100F6E604 /* NSObject+SBJson.m */ = {isa = PBXFileReference; fileEncoding = 4; lastKnownFileType = sourcecode.c.objc; path = "NSObject+SBJson.m"; sourceTree = "<group>"; };
		4C8D7ADA14BE7EE100F6E604 /* SBJson.h */ = {isa = PBXFileReference; fileEncoding = 4; lastKnownFileType = sourcecode.c.h; path = SBJson.h; sourceTree = "<group>"; };
		4C8D7ADB14BE7EE100F6E604 /* SBJsonParser.h */ = {isa = PBXFileReference; fileEncoding = 4; lastKnownFileType = sourcecode.c.h; path = SBJsonParser.h; sourceTree = "<group>"; };
		4C8D7ADC14BE7EE100F6E604 /* SBJsonParser.m */ = {isa = PBXFileReference; fileEncoding = 4; lastKnownFileType = sourcecode.c.objc; path = SBJsonParser.m; sourceTree = "<group>"; };
		4C8D7ADD14BE7EE100F6E604 /* SBJsonStreamParser.h */ = {isa = PBXFileReference; fileEncoding = 4; lastKnownFileType = sourcecode.c.h; path = SBJsonStreamParser.h; sourceTree = "<group>"; };
		4C8D7ADE14BE7EE100F6E604 /* SBJsonStreamParser.m */ = {isa = PBXFileReference; fileEncoding = 4; lastKnownFileType = sourcecode.c.objc; path = SBJsonStreamParser.m; sourceTree = "<group>"; };
		4C8D7ADF14BE7EE100F6E604 /* SBJsonStreamParserAccumulator.h */ = {isa = PBXFileReference; fileEncoding = 4; lastKnownFileType = sourcecode.c.h; path = SBJsonStreamParserAccumulator.h; sourceTree = "<group>"; };
		4C8D7AE014BE7EE100F6E604 /* SBJsonStreamParserAccumulator.m */ = {isa = PBXFileReference; fileEncoding = 4; lastKnownFileType = sourcecode.c.objc; path = SBJsonStreamParserAccumulator.m; sourceTree = "<group>"; };
		4C8D7AE114BE7EE100F6E604 /* SBJsonStreamParserAdapter.h */ = {isa = PBXFileReference; fileEncoding = 4; lastKnownFileType = sourcecode.c.h; path = SBJsonStreamParserAdapter.h; sourceTree = "<group>"; };
		4C8D7AE214BE7EE100F6E604 /* SBJsonStreamParserAdapter.m */ = {isa = PBXFileReference; fileEncoding = 4; lastKnownFileType = sourcecode.c.objc; path = SBJsonStreamParserAdapter.m; sourceTree = "<group>"; };
		4C8D7AE314BE7EE100F6E604 /* SBJsonStreamParserState.h */ = {isa = PBXFileReference; fileEncoding = 4; lastKnownFileType = sourcecode.c.h; path = SBJsonStreamParserState.h; sourceTree = "<group>"; };
		4C8D7AE414BE7EE100F6E604 /* SBJsonStreamParserState.m */ = {isa = PBXFileReference; fileEncoding = 4; lastKnownFileType = sourcecode.c.objc; path = SBJsonStreamParserState.m; sourceTree = "<group>"; };
		4C8D7AE514BE7EE100F6E604 /* SBJsonStreamWriter.h */ = {isa = PBXFileReference; fileEncoding = 4; lastKnownFileType = sourcecode.c.h; path = SBJsonStreamWriter.h; sourceTree = "<group>"; };
		4C8D7AE614BE7EE100F6E604 /* SBJsonStreamWriter.m */ = {isa = PBXFileReference; fileEncoding = 4; lastKnownFileType = sourcecode.c.objc; path = SBJsonStreamWriter.m; sourceTree = "<group>"; };
		4C8D7AE714BE7EE100F6E604 /* SBJsonStreamWriterAccumulator.h */ = {isa = PBXFileReference; fileEncoding = 4; lastKnownFileType = sourcecode.c.h; path = SBJsonStreamWriterAccumulator.h; sourceTree = "<group>"; };
		4C8D7AE814BE7EE100F6E604 /* SBJsonStreamWriterAccumulator.m */ = {isa = PBXFileReference; fileEncoding = 4; lastKnownFileType = sourcecode.c.objc; path = SBJsonStreamWriterAccumulator.m; sourceTree = "<group>"; };
		4C8D7AE914BE7EE100F6E604 /* SBJsonStreamWriterState.h */ = {isa = PBXFileReference; fileEncoding = 4; lastKnownFileType = sourcecode.c.h; path = SBJsonStreamWriterState.h; sourceTree = "<group>"; };
		4C8D7AEA14BE7EE100F6E604 /* SBJsonStreamWriterState.m */ = {isa = PBXFileReference; fileEncoding = 4; lastKnownFileType = sourcecode.c.objc; path = SBJsonStreamWriterState.m; sourceTree = "<group>"; };
		4C8D7AEB14BE7EE100F6E604 /* SBJsonTokeniser.h */ = {isa = PBXFileReference; fileEncoding = 4; lastKnownFileType = sourcecode.c.h; path = SBJsonTokeniser.h; sourceTree = "<group>"; };
		4C8D7AEC14BE7EE100F6E604 /* SBJsonTokeniser.m */ = {isa = PBXFileReference; fileEncoding = 4; lastKnownFileType = sourcecode.c.objc; path = SBJsonTokeniser.m; sourceTree = "<group>"; };
		4C8D7AED14BE7EE100F6E604 /* SBJsonUTF8Stream.h */ = {isa = PBXFileReference; fileEncoding = 4; lastKnownFileType = sourcecode.c.h; path = SBJsonUTF8Stream.h; sourceTree = "<group>"; };
		4C8D7AEE14BE7EE100F6E604 /* SBJsonUTF8Stream.m */ = {isa = PBXFileReference; fileEncoding = 4; lastKnownFileType = sourcecode.c.objc; path = SBJsonUTF8Stream.m; sourceTree = "<group>"; };
		4C8D7AEF14BE7EE100F6E604 /* SBJsonWriter.h */ = {isa = PBXFileReference; fileEncoding = 4; lastKnownFileType = sourcecode.c.h; path = SBJsonWriter.h; sourceTree = "<group>"; };
		4C8D7AF014BE7EE100F6E604 /* SBJsonWriter.m */ = {isa = PBXFileReference; fileEncoding = 4; lastKnownFileType = sourcecode.c.objc; path = SBJsonWriter.m; sourceTree = "<group>"; };
		60E04A5C14A0EA9000F8BD23 /* Reachability.m */ = {isa = PBXFileReference; fileEncoding = 4; lastKnownFileType = sourcecode.c.objc; name = Reachability.m; path = ../DuckDuckGo/Reachability.m; sourceTree = "<group>"; };
		60E04A5F14A0EA9900F8BD23 /* Reachability.h */ = {isa = PBXFileReference; fileEncoding = 4; lastKnownFileType = sourcecode.c.h; name = Reachability.h; path = ../DuckDuckGo/Reachability.h; sourceTree = "<group>"; };
		8303A4E71499287B00D34412 /* Always.h */ = {isa = PBXFileReference; fileEncoding = 4; lastKnownFileType = sourcecode.c.h; path = Always.h; sourceTree = "<group>"; };
		8303A4EF14992F1900D34412 /* spacer44x44.png */ = {isa = PBXFileReference; lastKnownFileType = image.png; path = spacer44x44.png; sourceTree = "<group>"; };
		8329AE04149F883300C6ECB2 /* duckPlaceholder314x73.png */ = {isa = PBXFileReference; lastKnownFileType = image.png; path = duckPlaceholder314x73.png; sourceTree = "<group>"; };
		832F8A5C149FBF4600EAFADB /* duckPlaceholder314x73.psd */ = {isa = PBXFileReference; lastKnownFileType = file; path = duckPlaceholder314x73.psd; sourceTree = "<group>"; };
		833DB53B1494164F00509F2E /* libDDGLib.a */ = {isa = PBXFileReference; explicitFileType = archive.ar; includeInIndex = 0; path = libDDGLib.a; sourceTree = BUILT_PRODUCTS_DIR; };
		833DB53D1494164F00509F2E /* Foundation.framework */ = {isa = PBXFileReference; lastKnownFileType = wrapper.framework; name = Foundation.framework; path = System/Library/Frameworks/Foundation.framework; sourceTree = SDKROOT; };
		833DB5411494164F00509F2E /* DDGLib-Prefix.pch */ = {isa = PBXFileReference; lastKnownFileType = sourcecode.c.h; path = "DDGLib-Prefix.pch"; sourceTree = "<group>"; };
		833DB5481494168900509F2E /* CacheController.h */ = {isa = PBXFileReference; fileEncoding = 4; lastKnownFileType = sourcecode.c.h; path = CacheController.h; sourceTree = "<group>"; };
		833DB5491494168900509F2E /* DataHelper.h */ = {isa = PBXFileReference; fileEncoding = 4; lastKnownFileType = sourcecode.c.h; path = DataHelper.h; sourceTree = "<group>"; };
		833DB54A1494168900509F2E /* Instapaper.h */ = {isa = PBXFileReference; fileEncoding = 4; lastKnownFileType = sourcecode.c.h; path = Instapaper.h; sourceTree = "<group>"; };
		833DB54C1494168900509F2E /* NetworkActivityStatus.h */ = {isa = PBXFileReference; fileEncoding = 4; lastKnownFileType = sourcecode.c.h; path = NetworkActivityStatus.h; sourceTree = "<group>"; };
		833DB54D1494168900509F2E /* NSData+Additions.h */ = {isa = PBXFileReference; fileEncoding = 4; lastKnownFileType = sourcecode.c.h; path = "NSData+Additions.h"; sourceTree = "<group>"; };
		833DB54E1494168900509F2E /* NSDate-Utilities.h */ = {isa = PBXFileReference; fileEncoding = 4; lastKnownFileType = sourcecode.c.h; path = "NSDate-Utilities.h"; sourceTree = "<group>"; };
		833DB5541494168900509F2E /* UIImage+ImageUtility.h */ = {isa = PBXFileReference; fileEncoding = 4; lastKnownFileType = sourcecode.c.h; path = "UIImage+ImageUtility.h"; sourceTree = "<group>"; };
		833DB5551494168900509F2E /* UtilityCHS.h */ = {isa = PBXFileReference; fileEncoding = 4; lastKnownFileType = sourcecode.c.h; path = UtilityCHS.h; sourceTree = "<group>"; };
		833DB564149416B100509F2E /* CacheController.m */ = {isa = PBXFileReference; fileEncoding = 4; lastKnownFileType = sourcecode.c.objc; path = CacheController.m; sourceTree = "<group>"; };
		833DB565149416B100509F2E /* DataHelper.m */ = {isa = PBXFileReference; fileEncoding = 4; lastKnownFileType = sourcecode.c.objc; path = DataHelper.m; sourceTree = "<group>"; };
		833DB566149416B100509F2E /* Instapaper.m */ = {isa = PBXFileReference; fileEncoding = 4; lastKnownFileType = sourcecode.c.objc; path = Instapaper.m; sourceTree = "<group>"; };
		833DB567149416B100509F2E /* NetworkActivityStatus.m */ = {isa = PBXFileReference; fileEncoding = 4; lastKnownFileType = sourcecode.c.objc; path = NetworkActivityStatus.m; sourceTree = "<group>"; };
		833DB568149416B100509F2E /* NSData+Additions.m */ = {isa = PBXFileReference; fileEncoding = 4; lastKnownFileType = sourcecode.c.objc; path = "NSData+Additions.m"; sourceTree = "<group>"; };
		833DB569149416B100509F2E /* NSDate-Utilities.m */ = {isa = PBXFileReference; fileEncoding = 4; lastKnownFileType = sourcecode.c.objc; path = "NSDate-Utilities.m"; sourceTree = "<group>"; };
		833DB56A149416B100509F2E /* UIImage+ImageUtility.m */ = {isa = PBXFileReference; fileEncoding = 4; lastKnownFileType = sourcecode.c.objc; path = "UIImage+ImageUtility.m"; sourceTree = "<group>"; };
		833DB56B149416B100509F2E /* UtilityCHS.m */ = {isa = PBXFileReference; fileEncoding = 4; lastKnownFileType = sourcecode.c.objc; path = UtilityCHS.m; sourceTree = "<group>"; };
		834CD86714A0F9D7006240F1 /* doneButton51x31.png */ = {isa = PBXFileReference; lastKnownFileType = image.png; path = doneButton51x31.png; sourceTree = "<group>"; };
		834CD86A14A0FC3C006240F1 /* SystemConfiguration.framework */ = {isa = PBXFileReference; lastKnownFileType = wrapper.framework; name = SystemConfiguration.framework; path = System/Library/Frameworks/SystemConfiguration.framework; sourceTree = SDKROOT; };
		834E5001149418D400EABD6E /* Twitter.framework */ = {isa = PBXFileReference; lastKnownFileType = wrapper.framework; name = Twitter.framework; path = System/Library/Frameworks/Twitter.framework; sourceTree = SDKROOT; };
		838195CF14A0CB0E001C5EBC /* customizeButton300x46.psd */ = {isa = PBXFileReference; lastKnownFileType = file; path = customizeButton300x46.psd; sourceTree = "<group>"; };
		838195D414A0CCDF001C5EBC /* DDGTopicsTrendsPick.h */ = {isa = PBXFileReference; fileEncoding = 4; lastKnownFileType = sourcecode.c.h; path = DDGTopicsTrendsPick.h; sourceTree = "<group>"; };
		838195D514A0CCDF001C5EBC /* DDGTopicsTrendsPick.m */ = {isa = PBXFileReference; fileEncoding = 4; lastKnownFileType = sourcecode.c.objc; path = DDGTopicsTrendsPick.m; sourceTree = "<group>"; };
		838E9062149A75D700C11E41 /* en */ = {isa = PBXFileReference; lastKnownFileType = file.xib; name = en; path = en.lproj/DDGSearchController.xib; sourceTree = "<group>"; };
		838E9066149A763200C11E41 /* en */ = {isa = PBXFileReference; lastKnownFileType = file.xib; name = en; path = en.lproj/CurrentTopicCell.xib; sourceTree = "<group>"; };
		838E906B149A76D400C11E41 /* en */ = {isa = PBXFileReference; lastKnownFileType = text.plist.strings; name = en; path = en.lproj/Localizable.strings; sourceTree = "<group>"; };
		839819411493C1DB0017A892 /* DDGWebViewController.h */ = {isa = PBXFileReference; fileEncoding = 4; lastKnownFileType = sourcecode.c.h; path = DDGWebViewController.h; sourceTree = "<group>"; };
		839819421493C1DB0017A892 /* DDGWebViewController.m */ = {isa = PBXFileReference; fileEncoding = 4; lastKnownFileType = sourcecode.c.objc; path = DDGWebViewController.m; sourceTree = "<group>"; };
		839819441493D2290017A892 /* DDGSearchProtocol.h */ = {isa = PBXFileReference; fileEncoding = 4; lastKnownFileType = sourcecode.c.h; path = DDGSearchProtocol.h; sourceTree = "<group>"; };
		839819471493E7F90017A892 /* gear40x37.png */ = {isa = PBXFileReference; lastKnownFileType = image.png; path = gear40x37.png; sourceTree = "<group>"; };
		839CB4AE14AA37500054297C /* DDGSearchSuggestionCache.h */ = {isa = PBXFileReference; fileEncoding = 4; lastKnownFileType = sourcecode.c.h; path = DDGSearchSuggestionCache.h; sourceTree = "<group>"; };
		839CB4AF14AA37500054297C /* DDGSearchSuggestionCache.m */ = {isa = PBXFileReference; fileEncoding = 4; lastKnownFileType = sourcecode.c.objc; path = DDGSearchSuggestionCache.m; sourceTree = "<group>"; };
		839CB4B414AA3AEA0054297C /* Singleton.h */ = {isa = PBXFileReference; fileEncoding = 4; lastKnownFileType = sourcecode.c.h; path = Singleton.h; sourceTree = "<group>"; };
		83BAB000149B7EA9006E528D /* PersistentFetch.h */ = {isa = PBXFileReference; fileEncoding = 4; lastKnownFileType = sourcecode.c.h; path = PersistentFetch.h; sourceTree = "<group>"; };
		83BAB001149B7EA9006E528D /* PersistentFetch.m */ = {isa = PBXFileReference; fileEncoding = 4; lastKnownFileType = sourcecode.c.objc; path = PersistentFetch.m; sourceTree = "<group>"; };
		83E03E8114A4CA5C0098F328 /* topicChosen37x36.png */ = {isa = PBXFileReference; lastKnownFileType = image.png; path = topicChosen37x36.png; sourceTree = "<group>"; };
		83E46A9414A2210700A2D4FC /* Temporary */ = {isa = PBXFileReference; lastKnownFileType = folder; path = Temporary; sourceTree = "<group>"; };
		83E46A9914A22DEE00A2D4FC /* chevron15x27.png */ = {isa = PBXFileReference; lastKnownFileType = image.png; path = chevron15x27.png; sourceTree = "<group>"; };
		83E46A9B14A2391700A2D4FC /* arrowRight18x18.png */ = {isa = PBXFileReference; lastKnownFileType = image.png; path = arrowRight18x18.png; sourceTree = "<group>"; };
		83E46A9D14A2401C00A2D4FC /* TopicsTrendsPickCell.xib */ = {isa = PBXFileReference; fileEncoding = 4; lastKnownFileType = file.xib; path = TopicsTrendsPickCell.xib; sourceTree = "<group>"; };
		83F32258149290EF00A61BC5 /* DuckDuckGo.app */ = {isa = PBXFileReference; explicitFileType = wrapper.application; includeInIndex = 0; path = DuckDuckGo.app; sourceTree = BUILT_PRODUCTS_DIR; };
		83F3225C149290EF00A61BC5 /* UIKit.framework */ = {isa = PBXFileReference; lastKnownFileType = wrapper.framework; name = UIKit.framework; path = System/Library/Frameworks/UIKit.framework; sourceTree = SDKROOT; };
		83F32260149290EF00A61BC5 /* CoreGraphics.framework */ = {isa = PBXFileReference; lastKnownFileType = wrapper.framework; name = CoreGraphics.framework; path = System/Library/Frameworks/CoreGraphics.framework; sourceTree = SDKROOT; };
		83F32264149290EF00A61BC5 /* DuckDuckGo-Info.plist */ = {isa = PBXFileReference; lastKnownFileType = text.plist.xml; path = "DuckDuckGo-Info.plist"; sourceTree = "<group>"; };
		83F32266149290EF00A61BC5 /* en */ = {isa = PBXFileReference; lastKnownFileType = text.plist.strings; name = en; path = en.lproj/InfoPlist.strings; sourceTree = "<group>"; };
		83F32268149290EF00A61BC5 /* main.m */ = {isa = PBXFileReference; lastKnownFileType = sourcecode.c.objc; path = main.m; sourceTree = "<group>"; };
		83F3226A149290EF00A61BC5 /* DuckDuckGo-Prefix.pch */ = {isa = PBXFileReference; lastKnownFileType = sourcecode.c.h; path = "DuckDuckGo-Prefix.pch"; sourceTree = "<group>"; };
		83F3226B149290EF00A61BC5 /* DDGAppDelegate.h */ = {isa = PBXFileReference; lastKnownFileType = sourcecode.c.h; path = DDGAppDelegate.h; sourceTree = "<group>"; };
		83F3226C149290EF00A61BC5 /* DDGAppDelegate.m */ = {isa = PBXFileReference; lastKnownFileType = sourcecode.c.objc; path = DDGAppDelegate.m; sourceTree = "<group>"; };
		83F3226F149290EF00A61BC5 /* en */ = {isa = PBXFileReference; lastKnownFileType = file.storyboard; name = en; path = en.lproj/MainStoryboard_iPhone.storyboard; sourceTree = "<group>"; };
		83F32272149290EF00A61BC5 /* en */ = {isa = PBXFileReference; lastKnownFileType = file.storyboard; name = en; path = en.lproj/MainStoryboard_iPad.storyboard; sourceTree = "<group>"; };
		83F32274149290EF00A61BC5 /* DDGViewController.h */ = {isa = PBXFileReference; lastKnownFileType = sourcecode.c.h; path = DDGViewController.h; sourceTree = "<group>"; };
		83F32275149290EF00A61BC5 /* DDGViewController.m */ = {isa = PBXFileReference; lastKnownFileType = sourcecode.c.objc; path = DDGViewController.m; sourceTree = "<group>"; };
		83F322851492934B00A61BC5 /* action34x29.png */ = {isa = PBXFileReference; lastKnownFileType = image.png; path = action34x29.png; sourceTree = "<group>"; };
		83F322861492934B00A61BC5 /* bbg40x37.png */ = {isa = PBXFileReference; lastKnownFileType = image.png; path = bbg40x37.png; sourceTree = "<group>"; };
		83F322881492934B00A61BC5 /* home40x37.png */ = {isa = PBXFileReference; lastKnownFileType = image.png; path = home40x37.png; sourceTree = "<group>"; };
		83F322891492934B00A61BC5 /* spacer8x16.png */ = {isa = PBXFileReference; lastKnownFileType = image.png; path = spacer8x16.png; sourceTree = "<group>"; };
		83F3229B1492EE1B00A61BC5 /* DDGSearchController.h */ = {isa = PBXFileReference; fileEncoding = 4; lastKnownFileType = sourcecode.c.h; path = DDGSearchController.h; sourceTree = "<group>"; };
		83F3229C1492EE1B00A61BC5 /* DDGSearchController.m */ = {isa = PBXFileReference; fileEncoding = 4; lastKnownFileType = sourcecode.c.objc; path = DDGSearchController.m; sourceTree = "<group>"; };
		83FCA91014966EC000AEDAC6 /* buttonLightGrey40x37.png */ = {isa = PBXFileReference; lastKnownFileType = image.png; path = buttonLightGrey40x37.png; sourceTree = "<group>"; };
/* End PBXFileReference section */

/* Begin PBXFrameworksBuildPhase section */
		833DB5381494164F00509F2E /* Frameworks */ = {
			isa = PBXFrameworksBuildPhase;
			buildActionMask = 2147483647;
			files = (
				833DB53E1494164F00509F2E /* Foundation.framework in Frameworks */,
			);
			runOnlyForDeploymentPostprocessing = 0;
		};
		83F32255149290EF00A61BC5 /* Frameworks */ = {
			isa = PBXFrameworksBuildPhase;
			buildActionMask = 2147483647;
			files = (
				8345080614AB8D520093C2A1 /* Foundation.framework in Frameworks */,
				83F3225D149290EF00A61BC5 /* UIKit.framework in Frameworks */,
				834CD86B14A0FC3C006240F1 /* SystemConfiguration.framework in Frameworks */,
				834E5002149418D400EABD6E /* Twitter.framework in Frameworks */,
				83F32261149290EF00A61BC5 /* CoreGraphics.framework in Frameworks */,
				834E4FF6149417EC00EABD6E /* libDDGLib.a in Frameworks */,
			);
			runOnlyForDeploymentPostprocessing = 0;
		};
/* End PBXFrameworksBuildPhase section */

/* Begin PBXGroup section */
		4C1E3A1B14CB26C600A0E143 /* Reachability */ = {
			isa = PBXGroup;
			children = (
				60E04A5F14A0EA9900F8BD23 /* Reachability.h */,
				60E04A5C14A0EA9000F8BD23 /* Reachability.m */,
			);
			name = Reachability;
			sourceTree = "<group>";
		};
		4C1E3A1D14CB26E500A0E143 /* ASIHTTPRequest */ = {
			isa = PBXGroup;
			children = (
			);
			name = ASIHTTPRequest;
			sourceTree = "<group>";
		};
		4C8D7AD714BE7EE100F6E604 /* SBJson */ = {
			isa = PBXGroup;
			children = (
				4C8D7AD814BE7EE100F6E604 /* NSObject+SBJson.h */,
				4C8D7AD914BE7EE100F6E604 /* NSObject+SBJson.m */,
				4C8D7ADA14BE7EE100F6E604 /* SBJson.h */,
				4C8D7ADB14BE7EE100F6E604 /* SBJsonParser.h */,
				4C8D7ADC14BE7EE100F6E604 /* SBJsonParser.m */,
				4C8D7ADD14BE7EE100F6E604 /* SBJsonStreamParser.h */,
				4C8D7ADE14BE7EE100F6E604 /* SBJsonStreamParser.m */,
				4C8D7ADF14BE7EE100F6E604 /* SBJsonStreamParserAccumulator.h */,
				4C8D7AE014BE7EE100F6E604 /* SBJsonStreamParserAccumulator.m */,
				4C8D7AE114BE7EE100F6E604 /* SBJsonStreamParserAdapter.h */,
				4C8D7AE214BE7EE100F6E604 /* SBJsonStreamParserAdapter.m */,
				4C8D7AE314BE7EE100F6E604 /* SBJsonStreamParserState.h */,
				4C8D7AE414BE7EE100F6E604 /* SBJsonStreamParserState.m */,
				4C8D7AE514BE7EE100F6E604 /* SBJsonStreamWriter.h */,
				4C8D7AE614BE7EE100F6E604 /* SBJsonStreamWriter.m */,
				4C8D7AE714BE7EE100F6E604 /* SBJsonStreamWriterAccumulator.h */,
				4C8D7AE814BE7EE100F6E604 /* SBJsonStreamWriterAccumulator.m */,
				4C8D7AE914BE7EE100F6E604 /* SBJsonStreamWriterState.h */,
				4C8D7AEA14BE7EE100F6E604 /* SBJsonStreamWriterState.m */,
				4C8D7AEB14BE7EE100F6E604 /* SBJsonTokeniser.h */,
				4C8D7AEC14BE7EE100F6E604 /* SBJsonTokeniser.m */,
				4C8D7AED14BE7EE100F6E604 /* SBJsonUTF8Stream.h */,
				4C8D7AEE14BE7EE100F6E604 /* SBJsonUTF8Stream.m */,
				4C8D7AEF14BE7EE100F6E604 /* SBJsonWriter.h */,
				4C8D7AF014BE7EE100F6E604 /* SBJsonWriter.m */,
			);
			path = SBJson;
			sourceTree = "<group>";
		};
		832F8A5B149FBF4600EAFADB /* Artwork */ = {
			isa = PBXGroup;
			children = (
				838195CF14A0CB0E001C5EBC /* customizeButton300x46.psd */,
				832F8A5C149FBF4600EAFADB /* duckPlaceholder314x73.psd */,
			);
			path = Artwork;
			sourceTree = "<group>";
		};
		833DB53C1494164F00509F2E /* Frameworks */ = {
			isa = PBXGroup;
			children = (
				83F3225C149290EF00A61BC5 /* UIKit.framework */,
				83F32260149290EF00A61BC5 /* CoreGraphics.framework */,
				834CD86A14A0FC3C006240F1 /* SystemConfiguration.framework */,
				834E5001149418D400EABD6E /* Twitter.framework */,
				833DB53D1494164F00509F2E /* Foundation.framework */,
			);
			name = Frameworks;
			sourceTree = "<group>";
		};
		833DB53F1494164F00509F2E /* DDGLib */ = {
			isa = PBXGroup;
			children = (
				4C1E3A1D14CB26E500A0E143 /* ASIHTTPRequest */,
				4C1E3A1B14CB26C600A0E143 /* Reachability */,
				4C8D7AD714BE7EE100F6E604 /* SBJson */,
				833DB5481494168900509F2E /* CacheController.h */,
				833DB5491494168900509F2E /* DataHelper.h */,
				833DB54A1494168900509F2E /* Instapaper.h */,
				833DB54C1494168900509F2E /* NetworkActivityStatus.h */,
				833DB54D1494168900509F2E /* NSData+Additions.h */,
				833DB54E1494168900509F2E /* NSDate-Utilities.h */,
				833DB5541494168900509F2E /* UIImage+ImageUtility.h */,
				833DB5551494168900509F2E /* UtilityCHS.h */,
				833DB564149416B100509F2E /* CacheController.m */,
				833DB565149416B100509F2E /* DataHelper.m */,
				833DB566149416B100509F2E /* Instapaper.m */,
				833DB567149416B100509F2E /* NetworkActivityStatus.m */,
				833DB568149416B100509F2E /* NSData+Additions.m */,
				833DB569149416B100509F2E /* NSDate-Utilities.m */,
				833DB56A149416B100509F2E /* UIImage+ImageUtility.m */,
				833DB56B149416B100509F2E /* UtilityCHS.m */,
				833DB5401494164F00509F2E /* Supporting Files */,
			);
			name = DDGLib;
			path = ../DDGLib;
			sourceTree = "<group>";
		};
		833DB5401494164F00509F2E /* Supporting Files */ = {
			isa = PBXGroup;
			children = (
				833DB5411494164F00509F2E /* DDGLib-Prefix.pch */,
			);
			name = "Supporting Files";
			sourceTree = "<group>";
		};
		8355A13B149B977E003C74F8 /* To Be Shown The Door Very Soon */ = {
			isa = PBXGroup;
			children = (
				83BAB000149B7EA9006E528D /* PersistentFetch.h */,
				83BAB001149B7EA9006E528D /* PersistentFetch.m */,
			);
			name = "To Be Shown The Door Very Soon";
			path = DuckDuckGo;
			sourceTree = "<group>";
		};
		838E906D149A794F00C11E41 /* Resources */ = {
			isa = PBXGroup;
			children = (
				83F3226E149290EF00A61BC5 /* MainStoryboard_iPhone.storyboard */,
				83F32271149290EF00A61BC5 /* MainStoryboard_iPad.storyboard */,
				838E9063149A75D700C11E41 /* DDGSearchController.xib */,
				838E9067149A763200C11E41 /* CurrentTopicCell.xib */,
				83E46A9D14A2401C00A2D4FC /* TopicsTrendsPickCell.xib */,
				838E906C149A76D400C11E41 /* Localizable.strings */,
			);
			name = Resources;
			sourceTree = "<group>";
		};
		83F3224D149290EF00A61BC5 = {
			isa = PBXGroup;
			children = (
				83F32262149290EF00A61BC5 /* DuckDuckGo */,
				8355A13B149B977E003C74F8 /* To Be Shown The Door Very Soon */,
				833DB53C1494164F00509F2E /* Frameworks */,
				83F32259149290EF00A61BC5 /* Products */,
			);
			sourceTree = "<group>";
		};
		83F32259149290EF00A61BC5 /* Products */ = {
			isa = PBXGroup;
			children = (
				83F32258149290EF00A61BC5 /* DuckDuckGo.app */,
				833DB53B1494164F00509F2E /* libDDGLib.a */,
			);
			name = Products;
			sourceTree = "<group>";
		};
		83F32262149290EF00A61BC5 /* DuckDuckGo */ = {
			isa = PBXGroup;
			children = (
				83F3226B149290EF00A61BC5 /* DDGAppDelegate.h */,
				83F3226C149290EF00A61BC5 /* DDGAppDelegate.m */,
				83F32274149290EF00A61BC5 /* DDGViewController.h */,
				83F32275149290EF00A61BC5 /* DDGViewController.m */,
				838195D414A0CCDF001C5EBC /* DDGTopicsTrendsPick.h */,
				838195D514A0CCDF001C5EBC /* DDGTopicsTrendsPick.m */,
				839819411493C1DB0017A892 /* DDGWebViewController.h */,
				839819421493C1DB0017A892 /* DDGWebViewController.m */,
				839819441493D2290017A892 /* DDGSearchProtocol.h */,
				83F3229B1492EE1B00A61BC5 /* DDGSearchController.h */,
				83F3229C1492EE1B00A61BC5 /* DDGSearchController.m */,
				839CB4AE14AA37500054297C /* DDGSearchSuggestionCache.h */,
				839CB4AF14AA37500054297C /* DDGSearchSuggestionCache.m */,
				83F32263149290EF00A61BC5 /* Supporting Files */,
				83F322841492932D00A61BC5 /* Images */,
				833DB53F1494164F00509F2E /* DDGLib */,
				83F322841492932D00A61BC5 /* Images */,
				83E46A9414A2210700A2D4FC /* Temporary */,
				838E906D149A794F00C11E41 /* Resources */,
				832F8A5B149FBF4600EAFADB /* Artwork */,
			);
			path = DuckDuckGo;
			sourceTree = "<group>";
		};
		83F32263149290EF00A61BC5 /* Supporting Files */ = {
			isa = PBXGroup;
			children = (
				83F32264149290EF00A61BC5 /* DuckDuckGo-Info.plist */,
				83F32265149290EF00A61BC5 /* InfoPlist.strings */,
				83F32268149290EF00A61BC5 /* main.m */,
				83F3226A149290EF00A61BC5 /* DuckDuckGo-Prefix.pch */,
				8303A4E71499287B00D34412 /* Always.h */,
				839CB4B414AA3AEA0054297C /* Singleton.h */,
			);
			name = "Supporting Files";
			sourceTree = "<group>";
		};
		83F322841492932D00A61BC5 /* Images */ = {
			isa = PBXGroup;
			children = (
				4C1E3A0F14C9F50B00A0E143 /* icon57x.png */,
				4C1E3A1014C9F50B00A0E143 /* icon57x@2x.png */,
				4C1E3A1114C9F50B00A0E143 /* icon72x.png */,
				4C1E3A0A14C9F44600A0E143 /* Default.png */,
				4C1E3A0B14C9F44600A0E143 /* Default@2x.png */,
				83E03E8114A4CA5C0098F328 /* topicChosen37x36.png */,
				83E46A9B14A2391700A2D4FC /* arrowRight18x18.png */,
				83E46A9914A22DEE00A2D4FC /* chevron15x27.png */,
				834CD86714A0F9D7006240F1 /* doneButton51x31.png */,
				8329AE04149F883300C6ECB2 /* duckPlaceholder314x73.png */,
				8303A4EF14992F1900D34412 /* spacer44x44.png */,
				83F322851492934B00A61BC5 /* action34x29.png */,
				83F322861492934B00A61BC5 /* bbg40x37.png */,
				839819471493E7F90017A892 /* gear40x37.png */,
				83F322881492934B00A61BC5 /* home40x37.png */,
				83F322891492934B00A61BC5 /* spacer8x16.png */,
				83FCA91014966EC000AEDAC6 /* buttonLightGrey40x37.png */,
			);
			name = Images;
			sourceTree = "<group>";
		};
/* End PBXGroup section */

/* Begin PBXHeadersBuildPhase section */
		833DB5391494164F00509F2E /* Headers */ = {
			isa = PBXHeadersBuildPhase;
			buildActionMask = 2147483647;
			files = (
				833DB5561494168900509F2E /* CacheController.h in Headers */,
				833DB5571494168900509F2E /* DataHelper.h in Headers */,
				833DB5581494168900509F2E /* Instapaper.h in Headers */,
				833DB55A1494168900509F2E /* NetworkActivityStatus.h in Headers */,
				833DB55B1494168900509F2E /* NSData+Additions.h in Headers */,
				833DB55C1494168900509F2E /* NSDate-Utilities.h in Headers */,
				833DB5621494168900509F2E /* UIImage+ImageUtility.h in Headers */,
				833DB5631494168900509F2E /* UtilityCHS.h in Headers */,
				4C8D7AF114BE7EE100F6E604 /* NSObject+SBJson.h in Headers */,
				4C8D7AF314BE7EE100F6E604 /* SBJson.h in Headers */,
				4C8D7AF414BE7EE100F6E604 /* SBJsonParser.h in Headers */,
				4C8D7AF614BE7EE100F6E604 /* SBJsonStreamParser.h in Headers */,
				4C8D7AF814BE7EE100F6E604 /* SBJsonStreamParserAccumulator.h in Headers */,
				4C8D7AFA14BE7EE100F6E604 /* SBJsonStreamParserAdapter.h in Headers */,
				4C8D7AFC14BE7EE100F6E604 /* SBJsonStreamParserState.h in Headers */,
				4C8D7AFE14BE7EE100F6E604 /* SBJsonStreamWriter.h in Headers */,
				4C8D7B0014BE7EE100F6E604 /* SBJsonStreamWriterAccumulator.h in Headers */,
				4C8D7B0214BE7EE100F6E604 /* SBJsonStreamWriterState.h in Headers */,
				4C8D7B0414BE7EE100F6E604 /* SBJsonTokeniser.h in Headers */,
				4C8D7B0614BE7EE100F6E604 /* SBJsonUTF8Stream.h in Headers */,
				4C8D7B0814BE7EE100F6E604 /* SBJsonWriter.h in Headers */,
			);
			runOnlyForDeploymentPostprocessing = 0;
		};
/* End PBXHeadersBuildPhase section */

/* Begin PBXNativeTarget section */
		833DB53A1494164F00509F2E /* DDGLib */ = {
			isa = PBXNativeTarget;
			buildConfigurationList = 833DB5451494164F00509F2E /* Build configuration list for PBXNativeTarget "DDGLib" */;
			buildPhases = (
				833DB5371494164F00509F2E /* Sources */,
				833DB5381494164F00509F2E /* Frameworks */,
				833DB5391494164F00509F2E /* Headers */,
			);
			buildRules = (
			);
			dependencies = (
			);
			name = DDGLib;
			productName = DDGLib;
			productReference = 833DB53B1494164F00509F2E /* libDDGLib.a */;
			productType = "com.apple.product-type.library.static";
		};
		83F32257149290EF00A61BC5 /* DuckDuckGo */ = {
			isa = PBXNativeTarget;
			buildConfigurationList = 83F32279149290EF00A61BC5 /* Build configuration list for PBXNativeTarget "DuckDuckGo" */;
			buildPhases = (
				83F32254149290EF00A61BC5 /* Sources */,
				83F32255149290EF00A61BC5 /* Frameworks */,
				83F32256149290EF00A61BC5 /* Resources */,
			);
			buildRules = (
			);
			dependencies = (
				834E50041494195200EABD6E /* PBXTargetDependency */,
			);
			name = DuckDuckGo;
			productName = DuckDuckGo2;
			productReference = 83F32258149290EF00A61BC5 /* DuckDuckGo.app */;
			productType = "com.apple.product-type.application";
		};
/* End PBXNativeTarget section */

/* Begin PBXProject section */
		83F3224F149290EF00A61BC5 /* Project object */ = {
			isa = PBXProject;
			attributes = {
				LastUpgradeCheck = 0420;
			};
			buildConfigurationList = 83F32252149290EF00A61BC5 /* Build configuration list for PBXProject "DuckDuckGo" */;
			compatibilityVersion = "Xcode 3.2";
			developmentRegion = English;
			hasScannedForEncodings = 0;
			knownRegions = (
				en,
			);
			mainGroup = 83F3224D149290EF00A61BC5;
			productRefGroup = 83F32259149290EF00A61BC5 /* Products */;
			projectDirPath = "";
			projectRoot = "";
			targets = (
				83F32257149290EF00A61BC5 /* DuckDuckGo */,
				833DB53A1494164F00509F2E /* DDGLib */,
			);
		};
/* End PBXProject section */

/* Begin PBXResourcesBuildPhase section */
		83F32256149290EF00A61BC5 /* Resources */ = {
			isa = PBXResourcesBuildPhase;
			buildActionMask = 2147483647;
			files = (
				83F32267149290EF00A61BC5 /* InfoPlist.strings in Resources */,
				83F32270149290EF00A61BC5 /* MainStoryboard_iPhone.storyboard in Resources */,
				83F32273149290EF00A61BC5 /* MainStoryboard_iPad.storyboard in Resources */,
				83F3228A1492934B00A61BC5 /* action34x29.png in Resources */,
				83F3228B1492934B00A61BC5 /* bbg40x37.png in Resources */,
				83F3228D1492934B00A61BC5 /* home40x37.png in Resources */,
				83F3228E1492934B00A61BC5 /* spacer8x16.png in Resources */,
				838E9065149A763200C11E41 /* CurrentTopicCell.xib in Resources */,
				838E9061149A75D700C11E41 /* DDGSearchController.xib in Resources */,
				839819481493E7F90017A892 /* gear40x37.png in Resources */,
				83FCA91114966EC000AEDAC6 /* buttonLightGrey40x37.png in Resources */,
				8303A4F014992F1900D34412 /* spacer44x44.png in Resources */,
				838E906A149A76D400C11E41 /* Localizable.strings in Resources */,
				8329AE05149F883300C6ECB2 /* duckPlaceholder314x73.png in Resources */,
				832F8A5D149FBF4600EAFADB /* duckPlaceholder314x73.psd in Resources */,
				838195D014A0CB0E001C5EBC /* customizeButton300x46.psd in Resources */,
				834CD86814A0F9D7006240F1 /* doneButton51x31.png in Resources */,
				83E46A9514A2210700A2D4FC /* Temporary in Resources */,
				83E46A9A14A22DEE00A2D4FC /* chevron15x27.png in Resources */,
				83E46A9C14A2391700A2D4FC /* arrowRight18x18.png in Resources */,
				83E46A9E14A2401C00A2D4FC /* TopicsTrendsPickCell.xib in Resources */,
				83E03E8214A4CA5D0098F328 /* topicChosen37x36.png in Resources */,
				4C1E3A0C14C9F44600A0E143 /* Default.png in Resources */,
				4C1E3A0D14C9F44600A0E143 /* Default@2x.png in Resources */,
				4C1E3A1214C9F50B00A0E143 /* icon57x.png in Resources */,
				4C1E3A1314C9F50B00A0E143 /* icon57x@2x.png in Resources */,
				4C1E3A1414C9F50B00A0E143 /* icon72x.png in Resources */,
			);
			runOnlyForDeploymentPostprocessing = 0;
		};
/* End PBXResourcesBuildPhase section */

/* Begin PBXSourcesBuildPhase section */
		833DB5371494164F00509F2E /* Sources */ = {
			isa = PBXSourcesBuildPhase;
			buildActionMask = 2147483647;
			files = (
				833DB56C149416B100509F2E /* CacheController.m in Sources */,
				833DB56D149416B100509F2E /* DataHelper.m in Sources */,
				833DB56E149416B100509F2E /* Instapaper.m in Sources */,
				833DB56F149416B100509F2E /* NetworkActivityStatus.m in Sources */,
				833DB571149416B100509F2E /* NSDate-Utilities.m in Sources */,
				833DB572149416B100509F2E /* UIImage+ImageUtility.m in Sources */,
				833DB573149416B100509F2E /* UtilityCHS.m in Sources */,
				4C8D7AF214BE7EE100F6E604 /* NSObject+SBJson.m in Sources */,
				4C8D7AF514BE7EE100F6E604 /* SBJsonParser.m in Sources */,
				4C8D7AF714BE7EE100F6E604 /* SBJsonStreamParser.m in Sources */,
				4C8D7AF914BE7EE100F6E604 /* SBJsonStreamParserAccumulator.m in Sources */,
				4C8D7AFB14BE7EE100F6E604 /* SBJsonStreamParserAdapter.m in Sources */,
				4C8D7AFD14BE7EE100F6E604 /* SBJsonStreamParserState.m in Sources */,
				4C8D7AFF14BE7EE100F6E604 /* SBJsonStreamWriter.m in Sources */,
				4C8D7B0114BE7EE100F6E604 /* SBJsonStreamWriterAccumulator.m in Sources */,
				4C8D7B0314BE7EE100F6E604 /* SBJsonStreamWriterState.m in Sources */,
				4C8D7B0514BE7EE100F6E604 /* SBJsonTokeniser.m in Sources */,
				4C8D7B0714BE7EE100F6E604 /* SBJsonUTF8Stream.m in Sources */,
				4C8D7B0914BE7EE100F6E604 /* SBJsonWriter.m in Sources */,
				4C1E3A1C14CB26DA00A0E143 /* Reachability.m in Sources */,
			);
			runOnlyForDeploymentPostprocessing = 0;
		};
		83F32254149290EF00A61BC5 /* Sources */ = {
			isa = PBXSourcesBuildPhase;
			buildActionMask = 2147483647;
			files = (
				83F32269149290EF00A61BC5 /* main.m in Sources */,
				83F3226D149290EF00A61BC5 /* DDGAppDelegate.m in Sources */,
				83F32276149290EF00A61BC5 /* DDGViewController.m in Sources */,
				83F3229E1492EE1B00A61BC5 /* DDGSearchController.m in Sources */,
				839819431493C1DB0017A892 /* DDGWebViewController.m in Sources */,
				838195D614A0CCDF001C5EBC /* DDGTopicsTrendsPick.m in Sources */,
				839CB4B014AA37500054297C /* DDGSearchSuggestionCache.m in Sources */,
			);
			runOnlyForDeploymentPostprocessing = 0;
		};
/* End PBXSourcesBuildPhase section */

/* Begin PBXTargetDependency section */
		834E50041494195200EABD6E /* PBXTargetDependency */ = {
			isa = PBXTargetDependency;
			target = 833DB53A1494164F00509F2E /* DDGLib */;
			targetProxy = 834E50031494195200EABD6E /* PBXContainerItemProxy */;
		};
/* End PBXTargetDependency section */

/* Begin PBXVariantGroup section */
		838E9063149A75D700C11E41 /* DDGSearchController.xib */ = {
			isa = PBXVariantGroup;
			children = (
				838E9062149A75D700C11E41 /* en */,
			);
			name = DDGSearchController.xib;
			sourceTree = "<group>";
		};
		838E9067149A763200C11E41 /* CurrentTopicCell.xib */ = {
			isa = PBXVariantGroup;
			children = (
				838E9066149A763200C11E41 /* en */,
			);
			name = CurrentTopicCell.xib;
			sourceTree = "<group>";
		};
		838E906C149A76D400C11E41 /* Localizable.strings */ = {
			isa = PBXVariantGroup;
			children = (
				838E906B149A76D400C11E41 /* en */,
			);
			name = Localizable.strings;
			path = ..;
			sourceTree = "<group>";
		};
		83F32265149290EF00A61BC5 /* InfoPlist.strings */ = {
			isa = PBXVariantGroup;
			children = (
				83F32266149290EF00A61BC5 /* en */,
			);
			name = InfoPlist.strings;
			sourceTree = "<group>";
		};
		83F3226E149290EF00A61BC5 /* MainStoryboard_iPhone.storyboard */ = {
			isa = PBXVariantGroup;
			children = (
				83F3226F149290EF00A61BC5 /* en */,
			);
			name = MainStoryboard_iPhone.storyboard;
			sourceTree = "<group>";
		};
		83F32271149290EF00A61BC5 /* MainStoryboard_iPad.storyboard */ = {
			isa = PBXVariantGroup;
			children = (
				83F32272149290EF00A61BC5 /* en */,
			);
			name = MainStoryboard_iPad.storyboard;
			sourceTree = "<group>";
		};
/* End PBXVariantGroup section */

/* Begin XCBuildConfiguration section */
		833DB5461494164F00509F2E /* Debug */ = {
			isa = XCBuildConfiguration;
			buildSettings = {
				CLANG_ENABLE_OBJC_ARC = YES;
				DSTROOT = /tmp/DDGLib.dst;
				GCC_PRECOMPILE_PREFIX_HEADER = YES;
				GCC_PREFIX_HEADER = "DDGLib/DDGLib-Prefix.pch";
				OTHER_LDFLAGS = "-ObjC";
				PRODUCT_NAME = "$(TARGET_NAME)";
				SKIP_INSTALL = YES;
			};
			name = Debug;
		};
		833DB5471494164F00509F2E /* Release */ = {
			isa = XCBuildConfiguration;
			buildSettings = {
				CLANG_ENABLE_OBJC_ARC = YES;
				DSTROOT = /tmp/DDGLib.dst;
				GCC_PRECOMPILE_PREFIX_HEADER = YES;
				GCC_PREFIX_HEADER = "DDGLib/DDGLib-Prefix.pch";
				OTHER_LDFLAGS = "-ObjC";
				PRODUCT_NAME = "$(TARGET_NAME)";
				SKIP_INSTALL = YES;
			};
			name = Release;
		};
		83F32277149290EF00A61BC5 /* Debug */ = {
			isa = XCBuildConfiguration;
			buildSettings = {
				ALWAYS_SEARCH_USER_PATHS = NO;
				ARCHS = "$(ARCHS_STANDARD_32_BIT)";
				"CODE_SIGN_IDENTITY[sdk=iphoneos*]" = "Mac Developer: Chris Heimark (XGXZZEPN5Y)";
				COPY_PHASE_STRIP = NO;
				GCC_C_LANGUAGE_STANDARD = gnu99;
				GCC_DYNAMIC_NO_PIC = NO;
				GCC_OPTIMIZATION_LEVEL = 0;
				GCC_PREPROCESSOR_DEFINITIONS = (
					"DEBUG=1",
					"$(inherited)",
				);
				GCC_SYMBOLS_PRIVATE_EXTERN = NO;
				GCC_VERSION = com.apple.compilers.llvm.clang.1_0;
				GCC_WARN_ABOUT_MISSING_PROTOTYPES = YES;
				GCC_WARN_ABOUT_RETURN_TYPE = YES;
				GCC_WARN_UNUSED_VARIABLE = YES;
				IPHONEOS_DEPLOYMENT_TARGET = 5.0;
				"PROVISIONING_PROFILE[sdk=iphoneos*]" = "92159ECF-B6AC-4591-AA1B-5AE0E75E69B4";
				SDKROOT = iphoneos;
				TARGETED_DEVICE_FAMILY = "1,2";
			};
			name = Debug;
		};
		83F32278149290EF00A61BC5 /* Release */ = {
			isa = XCBuildConfiguration;
			buildSettings = {
				ALWAYS_SEARCH_USER_PATHS = NO;
				ARCHS = "$(ARCHS_STANDARD_32_BIT)";
				CODE_SIGN_IDENTITY = "iPhone Distribution: Duck Duck Go, Inc.";
				"CODE_SIGN_IDENTITY[sdk=iphoneos*]" = "iPhone Distribution: Duck Duck Go, Inc.";
				COPY_PHASE_STRIP = YES;
				GCC_C_LANGUAGE_STANDARD = gnu99;
				GCC_VERSION = com.apple.compilers.llvm.clang.1_0;
				GCC_WARN_ABOUT_MISSING_PROTOTYPES = YES;
				GCC_WARN_ABOUT_RETURN_TYPE = YES;
				GCC_WARN_UNUSED_VARIABLE = YES;
				IPHONEOS_DEPLOYMENT_TARGET = 5.0;
				OTHER_CFLAGS = "-DNS_BLOCK_ASSERTIONS=1";
				PROVISIONING_PROFILE = "4D42040A-FD44-4F05-A983-3EEE1760A249";
				"PROVISIONING_PROFILE[sdk=iphoneos*]" = "4D42040A-FD44-4F05-A983-3EEE1760A249";
				SDKROOT = iphoneos;
				TARGETED_DEVICE_FAMILY = "1,2";
				VALIDATE_PRODUCT = YES;
			};
			name = Release;
		};
		83F3227A149290EF00A61BC5 /* Debug */ = {
			isa = XCBuildConfiguration;
			buildSettings = {
				CLANG_ENABLE_OBJC_ARC = YES;
				"CODE_SIGN_IDENTITY[sdk=iphoneos*]" = "iPhone Developer";
				GCC_PRECOMPILE_PREFIX_HEADER = YES;
				GCC_PREFIX_HEADER = "DuckDuckGo/DuckDuckGo-Prefix.pch";
				INFOPLIST_FILE = "DuckDuckGo/DuckDuckGo-Info.plist";
				OTHER_LDFLAGS = (
					"-ObjC",
					"-all_load",
				);
				PRODUCT_NAME = "$(TARGET_NAME)";
				"PROVISIONING_PROFILE[sdk=iphoneos*]" = "";
				WRAPPER_EXTENSION = app;
			};
			name = Debug;
		};
		83F3227B149290EF00A61BC5 /* Release */ = {
			isa = XCBuildConfiguration;
			buildSettings = {
				CLANG_ENABLE_OBJC_ARC = YES;
				"CODE_SIGN_IDENTITY[sdk=iphoneos*]" = "iPhone Developer";
				GCC_PRECOMPILE_PREFIX_HEADER = YES;
				GCC_PREFIX_HEADER = "DuckDuckGo/DuckDuckGo-Prefix.pch";
				INFOPLIST_FILE = "DuckDuckGo/DuckDuckGo-Info.plist";
				OTHER_LDFLAGS = (
					"-ObjC",
					"-all_load",
				);
				PRODUCT_NAME = "$(TARGET_NAME)";
				WRAPPER_EXTENSION = app;
			};
			name = Release;
		};
/* End XCBuildConfiguration section */

/* Begin XCConfigurationList section */
		833DB5451494164F00509F2E /* Build configuration list for PBXNativeTarget "DDGLib" */ = {
			isa = XCConfigurationList;
			buildConfigurations = (
				833DB5461494164F00509F2E /* Debug */,
				833DB5471494164F00509F2E /* Release */,
			);
			defaultConfigurationIsVisible = 0;
			defaultConfigurationName = Release;
		};
		83F32252149290EF00A61BC5 /* Build configuration list for PBXProject "DuckDuckGo" */ = {
			isa = XCConfigurationList;
			buildConfigurations = (
				83F32277149290EF00A61BC5 /* Debug */,
				83F32278149290EF00A61BC5 /* Release */,
			);
			defaultConfigurationIsVisible = 0;
			defaultConfigurationName = Release;
		};
		83F32279149290EF00A61BC5 /* Build configuration list for PBXNativeTarget "DuckDuckGo" */ = {
			isa = XCConfigurationList;
			buildConfigurations = (
				83F3227A149290EF00A61BC5 /* Debug */,
				83F3227B149290EF00A61BC5 /* Release */,
			);
			defaultConfigurationIsVisible = 0;
			defaultConfigurationName = Release;
		};
/* End XCConfigurationList section */
	};
	rootObject = 83F3224F149290EF00A61BC5 /* Project object */;
}
