// !$*UTF8*$!
{
	archiveVersion = 1;
	classes = {
	};
	objectVersion = 46;
	objects = {

/* Begin PBXBuildFile section */
		4C1E3A0C14C9F44600A0E143 /* Default.png in Resources */ = {isa = PBXBuildFile; fileRef = 4C1E3A0A14C9F44600A0E143 /* Default.png */; };
		4C1E3A0D14C9F44600A0E143 /* Default@2x.png in Resources */ = {isa = PBXBuildFile; fileRef = 4C1E3A0B14C9F44600A0E143 /* Default@2x.png */; };
		4C1E3A1214C9F50B00A0E143 /* icon57x.png in Resources */ = {isa = PBXBuildFile; fileRef = 4C1E3A0F14C9F50B00A0E143 /* icon57x.png */; };
		4C1E3A1314C9F50B00A0E143 /* icon57x@2x.png in Resources */ = {isa = PBXBuildFile; fileRef = 4C1E3A1014C9F50B00A0E143 /* icon57x@2x.png */; };
		4C1E3A1414C9F50B00A0E143 /* icon72x.png in Resources */ = {isa = PBXBuildFile; fileRef = 4C1E3A1114C9F50B00A0E143 /* icon72x.png */; };
		4C1EF85B150C043D00532858 /* EGORefreshTableHeaderView.h in Headers */ = {isa = PBXBuildFile; fileRef = 4C1EF859150C043D00532858 /* EGORefreshTableHeaderView.h */; };
		4C1EF85C150C043D00532858 /* EGORefreshTableHeaderView.m in Sources */ = {isa = PBXBuildFile; fileRef = 4C1EF85A150C043D00532858 /* EGORefreshTableHeaderView.m */; };
		4C1EF85E150C048B00532858 /* QuartzCore.framework in Frameworks */ = {isa = PBXBuildFile; fileRef = 4C1EF85D150C048A00532858 /* QuartzCore.framework */; };
		4C1EF865150C111400532858 /* blackArrow.png in Resources */ = {isa = PBXBuildFile; fileRef = 4C1EF863150C111400532858 /* blackArrow.png */; };
		4C1EF866150C111400532858 /* blackArrow@2x.png in Resources */ = {isa = PBXBuildFile; fileRef = 4C1EF864150C111400532858 /* blackArrow@2x.png */; };
		4C5142A414E1F13100E49892 /* header_tile@2x.png in Resources */ = {isa = PBXBuildFile; fileRef = 4C5142A314E1F13100E49892 /* header_tile@2x.png */; };
		4C5142A714E1F25C00E49892 /* header_tile.png in Resources */ = {isa = PBXBuildFile; fileRef = 4C5142A614E1F25B00E49892 /* header_tile.png */; };
		4C5DEC5A14E1F32E004C4F9F /* settings_button@2x.png in Resources */ = {isa = PBXBuildFile; fileRef = 4C5DEC5814E1F32E004C4F9F /* settings_button@2x.png */; };
		4C5DEC5B14E1F32E004C4F9F /* settings_button.png in Resources */ = {isa = PBXBuildFile; fileRef = 4C5DEC5914E1F32E004C4F9F /* settings_button.png */; };
		4C5DEC5F14E1F430004C4F9F /* search_field@2x.png in Resources */ = {isa = PBXBuildFile; fileRef = 4C5DEC5D14E1F430004C4F9F /* search_field@2x.png */; };
		4C5DEC6014E1F430004C4F9F /* search_field.png in Resources */ = {isa = PBXBuildFile; fileRef = 4C5DEC5E14E1F430004C4F9F /* search_field.png */; };
		4C5DEC6314E1FE4A004C4F9F /* home_button@2x.png in Resources */ = {isa = PBXBuildFile; fileRef = 4C5DEC6114E1FE4A004C4F9F /* home_button@2x.png */; };
		4C5DEC6414E1FE4A004C4F9F /* home_button.png in Resources */ = {isa = PBXBuildFile; fileRef = 4C5DEC6214E1FE4A004C4F9F /* home_button.png */; };
		4C5DEC6714E205C8004C4F9F /* back_button@2x.png in Resources */ = {isa = PBXBuildFile; fileRef = 4C5DEC6514E205C8004C4F9F /* back_button@2x.png */; };
		4C5DEC6814E205C8004C4F9F /* back_button.png in Resources */ = {isa = PBXBuildFile; fileRef = 4C5DEC6614E205C8004C4F9F /* back_button.png */; };
		4CA0DC4A14EF1C2900CFC5D2 /* SDURLCache.h in Headers */ = {isa = PBXBuildFile; fileRef = 4CA0DC4814EF1C2900CFC5D2 /* SDURLCache.h */; };
		4CA0DC4B14EF1C2900CFC5D2 /* SDURLCache.m in Sources */ = {isa = PBXBuildFile; fileRef = 4CA0DC4914EF1C2900CFC5D2 /* SDURLCache.m */; };
		4CA7ED3714D3B48200A83E77 /* DDGNonAnimatedPushSegue.m in Sources */ = {isa = PBXBuildFile; fileRef = 4CA7ED3614D3B48200A83E77 /* DDGNonAnimatedPushSegue.m */; };
		4CCEA043150AAB1D00CCC480 /* DDGSearchSuggestionsProvider.m in Sources */ = {isa = PBXBuildFile; fileRef = 4CCEA042150AAB1D00CCC480 /* DDGSearchSuggestionsProvider.m */; };
		4CCEA04D150BBA7F00CCC480 /* DDGAutocompleteServerKeys.m in Sources */ = {isa = PBXBuildFile; fileRef = 4CCEA04C150BBA7F00CCC480 /* DDGAutocompleteServerKeys.m */; };
		4CFA1A9014DDB73C00DF52FE /* Foundation.framework in Frameworks */ = {isa = PBXBuildFile; fileRef = 833DB53D1494164F00509F2E /* Foundation.framework */; };
		4CFA1A9C14DDB77F00DF52FE /* libNoARC.a in Frameworks */ = {isa = PBXBuildFile; fileRef = 4CFA1A8F14DDB73C00DF52FE /* libNoARC.a */; };
		4CFA1AB314DDBD3300DF52FE /* AFHTTPClient.h in Headers */ = {isa = PBXBuildFile; fileRef = 4CFA1A9E14DDBD3300DF52FE /* AFHTTPClient.h */; };
		4CFA1AB414DDBD3300DF52FE /* AFHTTPClient.m in Sources */ = {isa = PBXBuildFile; fileRef = 4CFA1A9F14DDBD3300DF52FE /* AFHTTPClient.m */; };
		4CFA1AB514DDBD3300DF52FE /* AFHTTPRequestOperation.h in Headers */ = {isa = PBXBuildFile; fileRef = 4CFA1AA014DDBD3300DF52FE /* AFHTTPRequestOperation.h */; };
		4CFA1AB614DDBD3300DF52FE /* AFHTTPRequestOperation.m in Sources */ = {isa = PBXBuildFile; fileRef = 4CFA1AA114DDBD3300DF52FE /* AFHTTPRequestOperation.m */; };
		4CFA1AB714DDBD3300DF52FE /* AFImageRequestOperation.h in Headers */ = {isa = PBXBuildFile; fileRef = 4CFA1AA214DDBD3300DF52FE /* AFImageRequestOperation.h */; };
		4CFA1AB814DDBD3300DF52FE /* AFImageRequestOperation.m in Sources */ = {isa = PBXBuildFile; fileRef = 4CFA1AA314DDBD3300DF52FE /* AFImageRequestOperation.m */; };
		4CFA1AB914DDBD3300DF52FE /* AFJSONRequestOperation.h in Headers */ = {isa = PBXBuildFile; fileRef = 4CFA1AA414DDBD3300DF52FE /* AFJSONRequestOperation.h */; };
		4CFA1ABA14DDBD3300DF52FE /* AFJSONRequestOperation.m in Sources */ = {isa = PBXBuildFile; fileRef = 4CFA1AA514DDBD3300DF52FE /* AFJSONRequestOperation.m */; };
		4CFA1ABB14DDBD3300DF52FE /* AFJSONUtilities.h in Headers */ = {isa = PBXBuildFile; fileRef = 4CFA1AA614DDBD3300DF52FE /* AFJSONUtilities.h */; };
		4CFA1ABC14DDBD3300DF52FE /* AFJSONUtilities.m in Sources */ = {isa = PBXBuildFile; fileRef = 4CFA1AA714DDBD3300DF52FE /* AFJSONUtilities.m */; };
		4CFA1ABD14DDBD3300DF52FE /* AFNetworkActivityIndicatorManager.h in Headers */ = {isa = PBXBuildFile; fileRef = 4CFA1AA814DDBD3300DF52FE /* AFNetworkActivityIndicatorManager.h */; };
		4CFA1ABE14DDBD3300DF52FE /* AFNetworkActivityIndicatorManager.m in Sources */ = {isa = PBXBuildFile; fileRef = 4CFA1AA914DDBD3300DF52FE /* AFNetworkActivityIndicatorManager.m */; };
		4CFA1ABF14DDBD3300DF52FE /* AFNetworking.h in Headers */ = {isa = PBXBuildFile; fileRef = 4CFA1AAA14DDBD3300DF52FE /* AFNetworking.h */; };
		4CFA1AC014DDBD3300DF52FE /* AFPropertyListRequestOperation.h in Headers */ = {isa = PBXBuildFile; fileRef = 4CFA1AAB14DDBD3300DF52FE /* AFPropertyListRequestOperation.h */; };
		4CFA1AC114DDBD3300DF52FE /* AFPropertyListRequestOperation.m in Sources */ = {isa = PBXBuildFile; fileRef = 4CFA1AAC14DDBD3300DF52FE /* AFPropertyListRequestOperation.m */; };
		4CFA1AC214DDBD3300DF52FE /* AFURLConnectionOperation.h in Headers */ = {isa = PBXBuildFile; fileRef = 4CFA1AAD14DDBD3300DF52FE /* AFURLConnectionOperation.h */; };
		4CFA1AC314DDBD3300DF52FE /* AFURLConnectionOperation.m in Sources */ = {isa = PBXBuildFile; fileRef = 4CFA1AAE14DDBD3300DF52FE /* AFURLConnectionOperation.m */; };
		4CFA1AC414DDBD3300DF52FE /* AFXMLRequestOperation.h in Headers */ = {isa = PBXBuildFile; fileRef = 4CFA1AAF14DDBD3300DF52FE /* AFXMLRequestOperation.h */; };
		4CFA1AC514DDBD3300DF52FE /* AFXMLRequestOperation.m in Sources */ = {isa = PBXBuildFile; fileRef = 4CFA1AB014DDBD3300DF52FE /* AFXMLRequestOperation.m */; };
		4CFA1AC614DDBD3300DF52FE /* UIImageView+AFNetworking.h in Headers */ = {isa = PBXBuildFile; fileRef = 4CFA1AB114DDBD3300DF52FE /* UIImageView+AFNetworking.h */; };
		4CFA1AC714DDBD3300DF52FE /* UIImageView+AFNetworking.m in Sources */ = {isa = PBXBuildFile; fileRef = 4CFA1AB214DDBD3300DF52FE /* UIImageView+AFNetworking.m */; };
		8303A4F014992F1900D34412 /* spacer44x44.png in Resources */ = {isa = PBXBuildFile; fileRef = 8303A4EF14992F1900D34412 /* spacer44x44.png */; };
		8345080614AB8D520093C2A1 /* Foundation.framework in Frameworks */ = {isa = PBXBuildFile; fileRef = 833DB53D1494164F00509F2E /* Foundation.framework */; };
		834CD86814A0F9D7006240F1 /* doneButton51x31.png in Resources */ = {isa = PBXBuildFile; fileRef = 834CD86714A0F9D7006240F1 /* doneButton51x31.png */; };
		834CD86B14A0FC3C006240F1 /* SystemConfiguration.framework in Frameworks */ = {isa = PBXBuildFile; fileRef = 834CD86A14A0FC3C006240F1 /* SystemConfiguration.framework */; };
		834E5002149418D400EABD6E /* Twitter.framework in Frameworks */ = {isa = PBXBuildFile; fileRef = 834E5001149418D400EABD6E /* Twitter.framework */; };
		838E9061149A75D700C11E41 /* DDGSearchController.xib in Resources */ = {isa = PBXBuildFile; fileRef = 838E9063149A75D700C11E41 /* DDGSearchController.xib */; };
		838E9065149A763200C11E41 /* CurrentTopicCell.xib in Resources */ = {isa = PBXBuildFile; fileRef = 838E9067149A763200C11E41 /* CurrentTopicCell.xib */; };
		838E906A149A76D400C11E41 /* Localizable.strings in Resources */ = {isa = PBXBuildFile; fileRef = 838E906C149A76D400C11E41 /* Localizable.strings */; };
		839819431493C1DB0017A892 /* DDGWebViewController.m in Sources */ = {isa = PBXBuildFile; fileRef = 839819421493C1DB0017A892 /* DDGWebViewController.m */; };
		83E03E8214A4CA5D0098F328 /* topicChosen37x36.png in Resources */ = {isa = PBXBuildFile; fileRef = 83E03E8114A4CA5C0098F328 /* topicChosen37x36.png */; };
		83E46A9514A2210700A2D4FC /* Temporary in Resources */ = {isa = PBXBuildFile; fileRef = 83E46A9414A2210700A2D4FC /* Temporary */; };
		83E46A9A14A22DEE00A2D4FC /* chevron15x27.png in Resources */ = {isa = PBXBuildFile; fileRef = 83E46A9914A22DEE00A2D4FC /* chevron15x27.png */; };
		83E46A9C14A2391700A2D4FC /* arrowRight18x18.png in Resources */ = {isa = PBXBuildFile; fileRef = 83E46A9B14A2391700A2D4FC /* arrowRight18x18.png */; };
		83F3225D149290EF00A61BC5 /* UIKit.framework in Frameworks */ = {isa = PBXBuildFile; fileRef = 83F3225C149290EF00A61BC5 /* UIKit.framework */; };
		83F32261149290EF00A61BC5 /* CoreGraphics.framework in Frameworks */ = {isa = PBXBuildFile; fileRef = 83F32260149290EF00A61BC5 /* CoreGraphics.framework */; };
		83F32267149290EF00A61BC5 /* InfoPlist.strings in Resources */ = {isa = PBXBuildFile; fileRef = 83F32265149290EF00A61BC5 /* InfoPlist.strings */; };
		83F32269149290EF00A61BC5 /* main.m in Sources */ = {isa = PBXBuildFile; fileRef = 83F32268149290EF00A61BC5 /* main.m */; };
		83F3226D149290EF00A61BC5 /* DDGAppDelegate.m in Sources */ = {isa = PBXBuildFile; fileRef = 83F3226C149290EF00A61BC5 /* DDGAppDelegate.m */; };
		83F32270149290EF00A61BC5 /* iPhone.storyboard in Resources */ = {isa = PBXBuildFile; fileRef = 83F3226E149290EF00A61BC5 /* iPhone.storyboard */; };
		83F32273149290EF00A61BC5 /* iPad.storyboard in Resources */ = {isa = PBXBuildFile; fileRef = 83F32271149290EF00A61BC5 /* iPad.storyboard */; };
		83F32276149290EF00A61BC5 /* DDGViewController.m in Sources */ = {isa = PBXBuildFile; fileRef = 83F32275149290EF00A61BC5 /* DDGViewController.m */; };
		83F3228A1492934B00A61BC5 /* action34x29.png in Resources */ = {isa = PBXBuildFile; fileRef = 83F322851492934B00A61BC5 /* action34x29.png */; };
		83F3228E1492934B00A61BC5 /* spacer8x16.png in Resources */ = {isa = PBXBuildFile; fileRef = 83F322891492934B00A61BC5 /* spacer8x16.png */; };
		83F3229E1492EE1B00A61BC5 /* DDGSearchController.m in Sources */ = {isa = PBXBuildFile; fileRef = 83F3229C1492EE1B00A61BC5 /* DDGSearchController.m */; };
		83FCA91114966EC000AEDAC6 /* buttonLightGrey40x37.png in Resources */ = {isa = PBXBuildFile; fileRef = 83FCA91014966EC000AEDAC6 /* buttonLightGrey40x37.png */; };
/* End PBXBuildFile section */

/* Begin PBXFileReference section */
		4C1E3A0A14C9F44600A0E143 /* Default.png */ = {isa = PBXFileReference; lastKnownFileType = image.png; path = Default.png; sourceTree = "<group>"; };
		4C1E3A0B14C9F44600A0E143 /* Default@2x.png */ = {isa = PBXFileReference; lastKnownFileType = image.png; path = "Default@2x.png"; sourceTree = "<group>"; };
		4C1E3A0F14C9F50B00A0E143 /* icon57x.png */ = {isa = PBXFileReference; lastKnownFileType = image.png; path = icon57x.png; sourceTree = "<group>"; };
		4C1E3A1014C9F50B00A0E143 /* icon57x@2x.png */ = {isa = PBXFileReference; lastKnownFileType = image.png; path = "icon57x@2x.png"; sourceTree = "<group>"; };
		4C1E3A1114C9F50B00A0E143 /* icon72x.png */ = {isa = PBXFileReference; lastKnownFileType = image.png; path = icon72x.png; sourceTree = "<group>"; };
		4C1EF859150C043D00532858 /* EGORefreshTableHeaderView.h */ = {isa = PBXFileReference; fileEncoding = 4; lastKnownFileType = sourcecode.c.h; path = EGORefreshTableHeaderView.h; sourceTree = "<group>"; };
		4C1EF85A150C043D00532858 /* EGORefreshTableHeaderView.m */ = {isa = PBXFileReference; fileEncoding = 4; lastKnownFileType = sourcecode.c.objc; path = EGORefreshTableHeaderView.m; sourceTree = "<group>"; };
		4C1EF85D150C048A00532858 /* QuartzCore.framework */ = {isa = PBXFileReference; lastKnownFileType = wrapper.framework; name = QuartzCore.framework; path = System/Library/Frameworks/QuartzCore.framework; sourceTree = SDKROOT; };
		4C1EF863150C111400532858 /* blackArrow.png */ = {isa = PBXFileReference; lastKnownFileType = image.png; path = blackArrow.png; sourceTree = "<group>"; };
		4C1EF864150C111400532858 /* blackArrow@2x.png */ = {isa = PBXFileReference; lastKnownFileType = image.png; path = "blackArrow@2x.png"; sourceTree = "<group>"; };
		4C5142A314E1F13100E49892 /* header_tile@2x.png */ = {isa = PBXFileReference; lastKnownFileType = image.png; path = "header_tile@2x.png"; sourceTree = "<group>"; };
		4C5142A614E1F25B00E49892 /* header_tile.png */ = {isa = PBXFileReference; lastKnownFileType = image.png; path = header_tile.png; sourceTree = "<group>"; };
		4C5DEC5814E1F32E004C4F9F /* settings_button@2x.png */ = {isa = PBXFileReference; lastKnownFileType = image.png; path = "settings_button@2x.png"; sourceTree = "<group>"; };
		4C5DEC5914E1F32E004C4F9F /* settings_button.png */ = {isa = PBXFileReference; lastKnownFileType = image.png; path = settings_button.png; sourceTree = "<group>"; };
		4C5DEC5D14E1F430004C4F9F /* search_field@2x.png */ = {isa = PBXFileReference; lastKnownFileType = image.png; path = "search_field@2x.png"; sourceTree = "<group>"; };
		4C5DEC5E14E1F430004C4F9F /* search_field.png */ = {isa = PBXFileReference; lastKnownFileType = image.png; path = search_field.png; sourceTree = "<group>"; };
		4C5DEC6114E1FE4A004C4F9F /* home_button@2x.png */ = {isa = PBXFileReference; lastKnownFileType = image.png; path = "home_button@2x.png"; sourceTree = "<group>"; };
		4C5DEC6214E1FE4A004C4F9F /* home_button.png */ = {isa = PBXFileReference; lastKnownFileType = image.png; path = home_button.png; sourceTree = "<group>"; };
		4C5DEC6514E205C8004C4F9F /* back_button@2x.png */ = {isa = PBXFileReference; lastKnownFileType = image.png; path = "back_button@2x.png"; sourceTree = "<group>"; };
		4C5DEC6614E205C8004C4F9F /* back_button.png */ = {isa = PBXFileReference; lastKnownFileType = image.png; path = back_button.png; sourceTree = "<group>"; };
		4CA0DC4814EF1C2900CFC5D2 /* SDURLCache.h */ = {isa = PBXFileReference; fileEncoding = 4; lastKnownFileType = sourcecode.c.h; path = SDURLCache.h; sourceTree = "<group>"; };
		4CA0DC4914EF1C2900CFC5D2 /* SDURLCache.m */ = {isa = PBXFileReference; fileEncoding = 4; lastKnownFileType = sourcecode.c.objc; path = SDURLCache.m; sourceTree = "<group>"; };
		4CA7ED3514D3B48200A83E77 /* DDGNonAnimatedPushSegue.h */ = {isa = PBXFileReference; fileEncoding = 4; lastKnownFileType = sourcecode.c.h; path = DDGNonAnimatedPushSegue.h; sourceTree = "<group>"; };
		4CA7ED3614D3B48200A83E77 /* DDGNonAnimatedPushSegue.m */ = {isa = PBXFileReference; fileEncoding = 4; lastKnownFileType = sourcecode.c.objc; path = DDGNonAnimatedPushSegue.m; sourceTree = "<group>"; };
		4CA7ED3814D3BFB000A83E77 /* DDGSearchHandler.h */ = {isa = PBXFileReference; fileEncoding = 4; lastKnownFileType = sourcecode.c.h; path = DDGSearchHandler.h; sourceTree = "<group>"; };
		4CCEA041150AAB1D00CCC480 /* DDGSearchSuggestionsProvider.h */ = {isa = PBXFileReference; fileEncoding = 4; lastKnownFileType = sourcecode.c.h; path = DDGSearchSuggestionsProvider.h; sourceTree = "<group>"; };
		4CCEA042150AAB1D00CCC480 /* DDGSearchSuggestionsProvider.m */ = {isa = PBXFileReference; fileEncoding = 4; lastKnownFileType = sourcecode.c.objc; path = DDGSearchSuggestionsProvider.m; sourceTree = "<group>"; };
		4CCEA04B150BBA7F00CCC480 /* DDGAutocompleteServerKeys.h */ = {isa = PBXFileReference; fileEncoding = 4; lastKnownFileType = sourcecode.c.h; path = DDGAutocompleteServerKeys.h; sourceTree = "<group>"; };
		4CCEA04C150BBA7F00CCC480 /* DDGAutocompleteServerKeys.m */ = {isa = PBXFileReference; fileEncoding = 4; lastKnownFileType = sourcecode.c.objc; path = DDGAutocompleteServerKeys.m; sourceTree = "<group>"; };
		4CFA1A8F14DDB73C00DF52FE /* libNoARC.a */ = {isa = PBXFileReference; explicitFileType = archive.ar; includeInIndex = 0; path = libNoARC.a; sourceTree = BUILT_PRODUCTS_DIR; };
		4CFA1A9314DDB73C00DF52FE /* NoARC-Prefix.pch */ = {isa = PBXFileReference; lastKnownFileType = sourcecode.c.h; path = "NoARC-Prefix.pch"; sourceTree = "<group>"; };
		4CFA1A9E14DDBD3300DF52FE /* AFHTTPClient.h */ = {isa = PBXFileReference; fileEncoding = 4; lastKnownFileType = sourcecode.c.h; path = AFHTTPClient.h; sourceTree = "<group>"; };
		4CFA1A9F14DDBD3300DF52FE /* AFHTTPClient.m */ = {isa = PBXFileReference; fileEncoding = 4; lastKnownFileType = sourcecode.c.objc; path = AFHTTPClient.m; sourceTree = "<group>"; };
		4CFA1AA014DDBD3300DF52FE /* AFHTTPRequestOperation.h */ = {isa = PBXFileReference; fileEncoding = 4; lastKnownFileType = sourcecode.c.h; path = AFHTTPRequestOperation.h; sourceTree = "<group>"; };
		4CFA1AA114DDBD3300DF52FE /* AFHTTPRequestOperation.m */ = {isa = PBXFileReference; fileEncoding = 4; lastKnownFileType = sourcecode.c.objc; path = AFHTTPRequestOperation.m; sourceTree = "<group>"; };
		4CFA1AA214DDBD3300DF52FE /* AFImageRequestOperation.h */ = {isa = PBXFileReference; fileEncoding = 4; lastKnownFileType = sourcecode.c.h; path = AFImageRequestOperation.h; sourceTree = "<group>"; };
		4CFA1AA314DDBD3300DF52FE /* AFImageRequestOperation.m */ = {isa = PBXFileReference; fileEncoding = 4; lastKnownFileType = sourcecode.c.objc; path = AFImageRequestOperation.m; sourceTree = "<group>"; };
		4CFA1AA414DDBD3300DF52FE /* AFJSONRequestOperation.h */ = {isa = PBXFileReference; fileEncoding = 4; lastKnownFileType = sourcecode.c.h; path = AFJSONRequestOperation.h; sourceTree = "<group>"; };
		4CFA1AA514DDBD3300DF52FE /* AFJSONRequestOperation.m */ = {isa = PBXFileReference; fileEncoding = 4; lastKnownFileType = sourcecode.c.objc; path = AFJSONRequestOperation.m; sourceTree = "<group>"; };
		4CFA1AA614DDBD3300DF52FE /* AFJSONUtilities.h */ = {isa = PBXFileReference; fileEncoding = 4; lastKnownFileType = sourcecode.c.h; path = AFJSONUtilities.h; sourceTree = "<group>"; };
		4CFA1AA714DDBD3300DF52FE /* AFJSONUtilities.m */ = {isa = PBXFileReference; fileEncoding = 4; lastKnownFileType = sourcecode.c.objc; path = AFJSONUtilities.m; sourceTree = "<group>"; };
		4CFA1AA814DDBD3300DF52FE /* AFNetworkActivityIndicatorManager.h */ = {isa = PBXFileReference; fileEncoding = 4; lastKnownFileType = sourcecode.c.h; path = AFNetworkActivityIndicatorManager.h; sourceTree = "<group>"; };
		4CFA1AA914DDBD3300DF52FE /* AFNetworkActivityIndicatorManager.m */ = {isa = PBXFileReference; fileEncoding = 4; lastKnownFileType = sourcecode.c.objc; path = AFNetworkActivityIndicatorManager.m; sourceTree = "<group>"; };
		4CFA1AAA14DDBD3300DF52FE /* AFNetworking.h */ = {isa = PBXFileReference; fileEncoding = 4; lastKnownFileType = sourcecode.c.h; path = AFNetworking.h; sourceTree = "<group>"; };
		4CFA1AAB14DDBD3300DF52FE /* AFPropertyListRequestOperation.h */ = {isa = PBXFileReference; fileEncoding = 4; lastKnownFileType = sourcecode.c.h; path = AFPropertyListRequestOperation.h; sourceTree = "<group>"; };
		4CFA1AAC14DDBD3300DF52FE /* AFPropertyListRequestOperation.m */ = {isa = PBXFileReference; fileEncoding = 4; lastKnownFileType = sourcecode.c.objc; path = AFPropertyListRequestOperation.m; sourceTree = "<group>"; };
		4CFA1AAD14DDBD3300DF52FE /* AFURLConnectionOperation.h */ = {isa = PBXFileReference; fileEncoding = 4; lastKnownFileType = sourcecode.c.h; path = AFURLConnectionOperation.h; sourceTree = "<group>"; };
		4CFA1AAE14DDBD3300DF52FE /* AFURLConnectionOperation.m */ = {isa = PBXFileReference; fileEncoding = 4; lastKnownFileType = sourcecode.c.objc; path = AFURLConnectionOperation.m; sourceTree = "<group>"; };
		4CFA1AAF14DDBD3300DF52FE /* AFXMLRequestOperation.h */ = {isa = PBXFileReference; fileEncoding = 4; lastKnownFileType = sourcecode.c.h; path = AFXMLRequestOperation.h; sourceTree = "<group>"; };
		4CFA1AB014DDBD3300DF52FE /* AFXMLRequestOperation.m */ = {isa = PBXFileReference; fileEncoding = 4; lastKnownFileType = sourcecode.c.objc; path = AFXMLRequestOperation.m; sourceTree = "<group>"; };
		4CFA1AB114DDBD3300DF52FE /* UIImageView+AFNetworking.h */ = {isa = PBXFileReference; fileEncoding = 4; lastKnownFileType = sourcecode.c.h; path = "UIImageView+AFNetworking.h"; sourceTree = "<group>"; };
		4CFA1AB214DDBD3300DF52FE /* UIImageView+AFNetworking.m */ = {isa = PBXFileReference; fileEncoding = 4; lastKnownFileType = sourcecode.c.objc; path = "UIImageView+AFNetworking.m"; sourceTree = "<group>"; };
		8303A4E71499287B00D34412 /* Always.h */ = {isa = PBXFileReference; fileEncoding = 4; lastKnownFileType = sourcecode.c.h; path = Always.h; sourceTree = "<group>"; };
		8303A4EF14992F1900D34412 /* spacer44x44.png */ = {isa = PBXFileReference; lastKnownFileType = image.png; path = spacer44x44.png; sourceTree = "<group>"; };
		833DB53D1494164F00509F2E /* Foundation.framework */ = {isa = PBXFileReference; lastKnownFileType = wrapper.framework; name = Foundation.framework; path = System/Library/Frameworks/Foundation.framework; sourceTree = SDKROOT; };
		834CD86714A0F9D7006240F1 /* doneButton51x31.png */ = {isa = PBXFileReference; lastKnownFileType = image.png; path = doneButton51x31.png; sourceTree = "<group>"; };
		834CD86A14A0FC3C006240F1 /* SystemConfiguration.framework */ = {isa = PBXFileReference; lastKnownFileType = wrapper.framework; name = SystemConfiguration.framework; path = System/Library/Frameworks/SystemConfiguration.framework; sourceTree = SDKROOT; };
		834E5001149418D400EABD6E /* Twitter.framework */ = {isa = PBXFileReference; lastKnownFileType = wrapper.framework; name = Twitter.framework; path = System/Library/Frameworks/Twitter.framework; sourceTree = SDKROOT; };
		838E9062149A75D700C11E41 /* en */ = {isa = PBXFileReference; lastKnownFileType = file.xib; name = en; path = en.lproj/DDGSearchController.xib; sourceTree = "<group>"; };
		838E9066149A763200C11E41 /* en */ = {isa = PBXFileReference; lastKnownFileType = file.xib; name = en; path = en.lproj/CurrentTopicCell.xib; sourceTree = "<group>"; };
		838E906B149A76D400C11E41 /* en */ = {isa = PBXFileReference; lastKnownFileType = text.plist.strings; name = en; path = en.lproj/Localizable.strings; sourceTree = "<group>"; };
		839819411493C1DB0017A892 /* DDGWebViewController.h */ = {isa = PBXFileReference; fileEncoding = 4; lastKnownFileType = sourcecode.c.h; path = DDGWebViewController.h; sourceTree = "<group>"; };
		839819421493C1DB0017A892 /* DDGWebViewController.m */ = {isa = PBXFileReference; fileEncoding = 4; lastKnownFileType = sourcecode.c.objc; path = DDGWebViewController.m; sourceTree = "<group>"; };
		839CB4B414AA3AEA0054297C /* Singleton.h */ = {isa = PBXFileReference; fileEncoding = 4; lastKnownFileType = sourcecode.c.h; path = Singleton.h; sourceTree = "<group>"; };
		83E03E8114A4CA5C0098F328 /* topicChosen37x36.png */ = {isa = PBXFileReference; lastKnownFileType = image.png; path = topicChosen37x36.png; sourceTree = "<group>"; };
		83E46A9414A2210700A2D4FC /* Temporary */ = {isa = PBXFileReference; lastKnownFileType = folder; path = Temporary; sourceTree = "<group>"; };
		83E46A9914A22DEE00A2D4FC /* chevron15x27.png */ = {isa = PBXFileReference; lastKnownFileType = image.png; path = chevron15x27.png; sourceTree = "<group>"; };
		83E46A9B14A2391700A2D4FC /* arrowRight18x18.png */ = {isa = PBXFileReference; lastKnownFileType = image.png; path = arrowRight18x18.png; sourceTree = "<group>"; };
		83F32258149290EF00A61BC5 /* DuckDuckGo.app */ = {isa = PBXFileReference; explicitFileType = wrapper.application; includeInIndex = 0; path = DuckDuckGo.app; sourceTree = BUILT_PRODUCTS_DIR; };
		83F3225C149290EF00A61BC5 /* UIKit.framework */ = {isa = PBXFileReference; lastKnownFileType = wrapper.framework; name = UIKit.framework; path = System/Library/Frameworks/UIKit.framework; sourceTree = SDKROOT; };
		83F32260149290EF00A61BC5 /* CoreGraphics.framework */ = {isa = PBXFileReference; lastKnownFileType = wrapper.framework; name = CoreGraphics.framework; path = System/Library/Frameworks/CoreGraphics.framework; sourceTree = SDKROOT; };
		83F32264149290EF00A61BC5 /* DuckDuckGo-Info.plist */ = {isa = PBXFileReference; lastKnownFileType = text.plist.xml; path = "DuckDuckGo-Info.plist"; sourceTree = "<group>"; };
		83F32266149290EF00A61BC5 /* en */ = {isa = PBXFileReference; lastKnownFileType = text.plist.strings; name = en; path = en.lproj/InfoPlist.strings; sourceTree = "<group>"; };
		83F32268149290EF00A61BC5 /* main.m */ = {isa = PBXFileReference; lastKnownFileType = sourcecode.c.objc; path = main.m; sourceTree = "<group>"; };
		83F3226A149290EF00A61BC5 /* DuckDuckGo-Prefix.pch */ = {isa = PBXFileReference; lastKnownFileType = sourcecode.c.h; path = "DuckDuckGo-Prefix.pch"; sourceTree = "<group>"; };
		83F3226B149290EF00A61BC5 /* DDGAppDelegate.h */ = {isa = PBXFileReference; lastKnownFileType = sourcecode.c.h; path = DDGAppDelegate.h; sourceTree = "<group>"; };
		83F3226C149290EF00A61BC5 /* DDGAppDelegate.m */ = {isa = PBXFileReference; lastKnownFileType = sourcecode.c.objc; path = DDGAppDelegate.m; sourceTree = "<group>"; };
		83F3226F149290EF00A61BC5 /* en */ = {isa = PBXFileReference; lastKnownFileType = file.storyboard; name = en; path = en.lproj/iPhone.storyboard; sourceTree = "<group>"; };
		83F32272149290EF00A61BC5 /* en */ = {isa = PBXFileReference; lastKnownFileType = file.storyboard; name = en; path = en.lproj/iPad.storyboard; sourceTree = "<group>"; };
		83F32274149290EF00A61BC5 /* DDGViewController.h */ = {isa = PBXFileReference; lastKnownFileType = sourcecode.c.h; path = DDGViewController.h; sourceTree = "<group>"; };
		83F32275149290EF00A61BC5 /* DDGViewController.m */ = {isa = PBXFileReference; lastKnownFileType = sourcecode.c.objc; path = DDGViewController.m; sourceTree = "<group>"; };
		83F322851492934B00A61BC5 /* action34x29.png */ = {isa = PBXFileReference; lastKnownFileType = image.png; path = action34x29.png; sourceTree = "<group>"; };
		83F322891492934B00A61BC5 /* spacer8x16.png */ = {isa = PBXFileReference; lastKnownFileType = image.png; path = spacer8x16.png; sourceTree = "<group>"; };
		83F3229B1492EE1B00A61BC5 /* DDGSearchController.h */ = {isa = PBXFileReference; fileEncoding = 4; lastKnownFileType = sourcecode.c.h; path = DDGSearchController.h; sourceTree = "<group>"; };
		83F3229C1492EE1B00A61BC5 /* DDGSearchController.m */ = {isa = PBXFileReference; fileEncoding = 4; lastKnownFileType = sourcecode.c.objc; path = DDGSearchController.m; sourceTree = "<group>"; };
		83FCA91014966EC000AEDAC6 /* buttonLightGrey40x37.png */ = {isa = PBXFileReference; lastKnownFileType = image.png; path = buttonLightGrey40x37.png; sourceTree = "<group>"; };
/* End PBXFileReference section */

/* Begin PBXFrameworksBuildPhase section */
		4CFA1A8C14DDB73C00DF52FE /* Frameworks */ = {
			isa = PBXFrameworksBuildPhase;
			buildActionMask = 2147483647;
			files = (
				4CFA1A9014DDB73C00DF52FE /* Foundation.framework in Frameworks */,
			);
			runOnlyForDeploymentPostprocessing = 0;
		};
		83F32255149290EF00A61BC5 /* Frameworks */ = {
			isa = PBXFrameworksBuildPhase;
			buildActionMask = 2147483647;
			files = (
				4C1EF85E150C048B00532858 /* QuartzCore.framework in Frameworks */,
				4CFA1A9C14DDB77F00DF52FE /* libNoARC.a in Frameworks */,
				8345080614AB8D520093C2A1 /* Foundation.framework in Frameworks */,
				83F3225D149290EF00A61BC5 /* UIKit.framework in Frameworks */,
				834CD86B14A0FC3C006240F1 /* SystemConfiguration.framework in Frameworks */,
				834E5002149418D400EABD6E /* Twitter.framework in Frameworks */,
				83F32261149290EF00A61BC5 /* CoreGraphics.framework in Frameworks */,
			);
			runOnlyForDeploymentPostprocessing = 0;
		};
/* End PBXFrameworksBuildPhase section */

/* Begin PBXGroup section */
		4C6AC43514DDA95500A1ACA1 /* 3rd Party */ = {
			isa = PBXGroup;
			children = (
			);
			name = "3rd Party";
			sourceTree = "<group>";
		};
		4CA0DC4714EF1C0800CFC5D2 /* SDURLCache */ = {
			isa = PBXGroup;
			children = (
				4CA0DC4814EF1C2900CFC5D2 /* SDURLCache.h */,
				4CA0DC4914EF1C2900CFC5D2 /* SDURLCache.m */,
			);
			name = SDURLCache;
			sourceTree = "<group>";
		};
		4CFA1A9114DDB73C00DF52FE /* NoARC */ = {
			isa = PBXGroup;
			children = (
				4CA0DC4714EF1C0800CFC5D2 /* SDURLCache */,
				4CFA1A9D14DDBD2200DF52FE /* AFNetworking */,
				4CFA1A9214DDB73C00DF52FE /* Supporting Files */,
			);
			path = NoARC;
			sourceTree = "<group>";
		};
		4CFA1A9214DDB73C00DF52FE /* Supporting Files */ = {
			isa = PBXGroup;
			children = (
				4CFA1A9314DDB73C00DF52FE /* NoARC-Prefix.pch */,
			);
			name = "Supporting Files";
			sourceTree = "<group>";
		};
		4CFA1A9D14DDBD2200DF52FE /* AFNetworking */ = {
			isa = PBXGroup;
			children = (
				4CFA1A9E14DDBD3300DF52FE /* AFHTTPClient.h */,
				4CFA1A9F14DDBD3300DF52FE /* AFHTTPClient.m */,
				4CFA1AA014DDBD3300DF52FE /* AFHTTPRequestOperation.h */,
				4CFA1AA114DDBD3300DF52FE /* AFHTTPRequestOperation.m */,
				4CFA1AA214DDBD3300DF52FE /* AFImageRequestOperation.h */,
				4CFA1AA314DDBD3300DF52FE /* AFImageRequestOperation.m */,
				4CFA1AA414DDBD3300DF52FE /* AFJSONRequestOperation.h */,
				4CFA1AA514DDBD3300DF52FE /* AFJSONRequestOperation.m */,
				4CFA1AA614DDBD3300DF52FE /* AFJSONUtilities.h */,
				4CFA1AA714DDBD3300DF52FE /* AFJSONUtilities.m */,
				4CFA1AA814DDBD3300DF52FE /* AFNetworkActivityIndicatorManager.h */,
				4CFA1AA914DDBD3300DF52FE /* AFNetworkActivityIndicatorManager.m */,
				4CFA1AAA14DDBD3300DF52FE /* AFNetworking.h */,
				4CFA1AAB14DDBD3300DF52FE /* AFPropertyListRequestOperation.h */,
				4CFA1AAC14DDBD3300DF52FE /* AFPropertyListRequestOperation.m */,
				4CFA1AAD14DDBD3300DF52FE /* AFURLConnectionOperation.h */,
				4CFA1AAE14DDBD3300DF52FE /* AFURLConnectionOperation.m */,
				4CFA1AAF14DDBD3300DF52FE /* AFXMLRequestOperation.h */,
				4CFA1AB014DDBD3300DF52FE /* AFXMLRequestOperation.m */,
				4CFA1AB114DDBD3300DF52FE /* UIImageView+AFNetworking.h */,
				4CFA1AB214DDBD3300DF52FE /* UIImageView+AFNetworking.m */,
			);
			name = AFNetworking;
			sourceTree = "<group>";
		};
		833DB53C1494164F00509F2E /* Frameworks */ = {
			isa = PBXGroup;
			children = (
				83F3225C149290EF00A61BC5 /* UIKit.framework */,
				83F32260149290EF00A61BC5 /* CoreGraphics.framework */,
				834CD86A14A0FC3C006240F1 /* SystemConfiguration.framework */,
				834E5001149418D400EABD6E /* Twitter.framework */,
				833DB53D1494164F00509F2E /* Foundation.framework */,
			);
			name = Frameworks;
			sourceTree = "<group>";
		};
		838E906D149A794F00C11E41 /* Resources */ = {
			isa = PBXGroup;
			children = (
				83F3226E149290EF00A61BC5 /* iPhone.storyboard */,
				83F32271149290EF00A61BC5 /* iPad.storyboard */,
				838E9063149A75D700C11E41 /* DDGSearchController.xib */,
				838E9067149A763200C11E41 /* CurrentTopicCell.xib */,
				838E906C149A76D400C11E41 /* Localizable.strings */,
			);
			name = Resources;
			sourceTree = "<group>";
		};
		83F3224D149290EF00A61BC5 = {
			isa = PBXGroup;
			children = (
				4C1EF85D150C048A00532858 /* QuartzCore.framework */,
				83F32262149290EF00A61BC5 /* DuckDuckGo */,
				4CFA1A9114DDB73C00DF52FE /* NoARC */,
				833DB53C1494164F00509F2E /* Frameworks */,
				83F32259149290EF00A61BC5 /* Products */,
			);
			sourceTree = "<group>";
		};
		83F32259149290EF00A61BC5 /* Products */ = {
			isa = PBXGroup;
			children = (
				83F32258149290EF00A61BC5 /* DuckDuckGo.app */,
				4CFA1A8F14DDB73C00DF52FE /* libNoARC.a */,
			);
			name = Products;
			sourceTree = "<group>";
		};
		83F32262149290EF00A61BC5 /* DuckDuckGo */ = {
			isa = PBXGroup;
			children = (
				4C6AC43514DDA95500A1ACA1 /* 3rd Party */,
				83F3226B149290EF00A61BC5 /* DDGAppDelegate.h */,
				83F3226C149290EF00A61BC5 /* DDGAppDelegate.m */,
				83F32274149290EF00A61BC5 /* DDGViewController.h */,
				83F32275149290EF00A61BC5 /* DDGViewController.m */,
				4CA7ED3514D3B48200A83E77 /* DDGNonAnimatedPushSegue.h */,
				4CA7ED3614D3B48200A83E77 /* DDGNonAnimatedPushSegue.m */,
				839819411493C1DB0017A892 /* DDGWebViewController.h */,
				839819421493C1DB0017A892 /* DDGWebViewController.m */,
				4CA7ED3814D3BFB000A83E77 /* DDGSearchHandler.h */,
				4CCEA04B150BBA7F00CCC480 /* DDGAutocompleteServerKeys.h */,
				4CCEA04C150BBA7F00CCC480 /* DDGAutocompleteServerKeys.m */,
				83F3229B1492EE1B00A61BC5 /* DDGSearchController.h */,
				83F3229C1492EE1B00A61BC5 /* DDGSearchController.m */,
				4CCEA041150AAB1D00CCC480 /* DDGSearchSuggestionsProvider.h */,
				4CCEA042150AAB1D00CCC480 /* DDGSearchSuggestionsProvider.m */,
				4C1EF859150C043D00532858 /* EGORefreshTableHeaderView.h */,
				4C1EF85A150C043D00532858 /* EGORefreshTableHeaderView.m */,
				4C1EF863150C111400532858 /* blackArrow.png */,
				4C1EF864150C111400532858 /* blackArrow@2x.png */,
				838E906D149A794F00C11E41 /* Resources */,
				83F322841492932D00A61BC5 /* Images */,
				83F322841492932D00A61BC5 /* Images */,
				83E46A9414A2210700A2D4FC /* Temporary */,
				83F32263149290EF00A61BC5 /* Supporting Files */,
			);
			path = DuckDuckGo;
			sourceTree = "<group>";
		};
		83F32263149290EF00A61BC5 /* Supporting Files */ = {
			isa = PBXGroup;
			children = (
				83F32264149290EF00A61BC5 /* DuckDuckGo-Info.plist */,
				83F32265149290EF00A61BC5 /* InfoPlist.strings */,
				83F32268149290EF00A61BC5 /* main.m */,
				83F3226A149290EF00A61BC5 /* DuckDuckGo-Prefix.pch */,
				8303A4E71499287B00D34412 /* Always.h */,
				839CB4B414AA3AEA0054297C /* Singleton.h */,
			);
			name = "Supporting Files";
			sourceTree = "<group>";
		};
		83F322841492932D00A61BC5 /* Images */ = {
			isa = PBXGroup;
			children = (
				4C5142A614E1F25B00E49892 /* header_tile.png */,
				4C5142A314E1F13100E49892 /* header_tile@2x.png */,
				4C5DEC5814E1F32E004C4F9F /* settings_button@2x.png */,
				4C5DEC5914E1F32E004C4F9F /* settings_button.png */,
				4C5DEC5D14E1F430004C4F9F /* search_field@2x.png */,
				4C5DEC5E14E1F430004C4F9F /* search_field.png */,
				4C5DEC6114E1FE4A004C4F9F /* home_button@2x.png */,
				4C5DEC6214E1FE4A004C4F9F /* home_button.png */,
				4C5DEC6514E205C8004C4F9F /* back_button@2x.png */,
				4C5DEC6614E205C8004C4F9F /* back_button.png */,
				4C1E3A0F14C9F50B00A0E143 /* icon57x.png */,
				4C1E3A1014C9F50B00A0E143 /* icon57x@2x.png */,
				4C1E3A1114C9F50B00A0E143 /* icon72x.png */,
				4C1E3A0A14C9F44600A0E143 /* Default.png */,
				4C1E3A0B14C9F44600A0E143 /* Default@2x.png */,
				83E03E8114A4CA5C0098F328 /* topicChosen37x36.png */,
				83E46A9B14A2391700A2D4FC /* arrowRight18x18.png */,
				83E46A9914A22DEE00A2D4FC /* chevron15x27.png */,
				834CD86714A0F9D7006240F1 /* doneButton51x31.png */,
				8303A4EF14992F1900D34412 /* spacer44x44.png */,
				83F322851492934B00A61BC5 /* action34x29.png */,
				83F322891492934B00A61BC5 /* spacer8x16.png */,
				83FCA91014966EC000AEDAC6 /* buttonLightGrey40x37.png */,
			);
			name = Images;
			sourceTree = "<group>";
		};
/* End PBXGroup section */

/* Begin PBXHeadersBuildPhase section */
		4CFA1A8D14DDB73C00DF52FE /* Headers */ = {
			isa = PBXHeadersBuildPhase;
			buildActionMask = 2147483647;
			files = (
				4CFA1AB314DDBD3300DF52FE /* AFHTTPClient.h in Headers */,
				4CFA1AB514DDBD3300DF52FE /* AFHTTPRequestOperation.h in Headers */,
				4CFA1AB714DDBD3300DF52FE /* AFImageRequestOperation.h in Headers */,
				4CFA1AB914DDBD3300DF52FE /* AFJSONRequestOperation.h in Headers */,
				4CFA1ABB14DDBD3300DF52FE /* AFJSONUtilities.h in Headers */,
				4CFA1ABD14DDBD3300DF52FE /* AFNetworkActivityIndicatorManager.h in Headers */,
				4CFA1ABF14DDBD3300DF52FE /* AFNetworking.h in Headers */,
				4CFA1AC014DDBD3300DF52FE /* AFPropertyListRequestOperation.h in Headers */,
				4CFA1AC214DDBD3300DF52FE /* AFURLConnectionOperation.h in Headers */,
				4CFA1AC414DDBD3300DF52FE /* AFXMLRequestOperation.h in Headers */,
				4CFA1AC614DDBD3300DF52FE /* UIImageView+AFNetworking.h in Headers */,
				4CA0DC4A14EF1C2900CFC5D2 /* SDURLCache.h in Headers */,
				4C1EF85B150C043D00532858 /* EGORefreshTableHeaderView.h in Headers */,
			);
			runOnlyForDeploymentPostprocessing = 0;
		};
/* End PBXHeadersBuildPhase section */

/* Begin PBXNativeTarget section */
		4CFA1A8E14DDB73C00DF52FE /* NoARC */ = {
			isa = PBXNativeTarget;
			buildConfigurationList = 4CFA1A9714DDB73C00DF52FE /* Build configuration list for PBXNativeTarget "NoARC" */;
			buildPhases = (
				4CFA1A8B14DDB73C00DF52FE /* Sources */,
				4CFA1A8C14DDB73C00DF52FE /* Frameworks */,
				4CFA1A8D14DDB73C00DF52FE /* Headers */,
			);
			buildRules = (
			);
			dependencies = (
			);
			name = NoARC;
			productName = NoARC;
			productReference = 4CFA1A8F14DDB73C00DF52FE /* libNoARC.a */;
			productType = "com.apple.product-type.library.static";
		};
		83F32257149290EF00A61BC5 /* DuckDuckGo */ = {
			isa = PBXNativeTarget;
			buildConfigurationList = 83F32279149290EF00A61BC5 /* Build configuration list for PBXNativeTarget "DuckDuckGo" */;
			buildPhases = (
				83F32254149290EF00A61BC5 /* Sources */,
				83F32255149290EF00A61BC5 /* Frameworks */,
				83F32256149290EF00A61BC5 /* Resources */,
			);
			buildRules = (
			);
			dependencies = (
			);
			name = DuckDuckGo;
			productName = DuckDuckGo2;
			productReference = 83F32258149290EF00A61BC5 /* DuckDuckGo.app */;
			productType = "com.apple.product-type.application";
		};
/* End PBXNativeTarget section */

/* Begin PBXProject section */
		83F3224F149290EF00A61BC5 /* Project object */ = {
			isa = PBXProject;
			attributes = {
				LastUpgradeCheck = 0420;
			};
			buildConfigurationList = 83F32252149290EF00A61BC5 /* Build configuration list for PBXProject "DuckDuckGo" */;
			compatibilityVersion = "Xcode 3.2";
			developmentRegion = English;
			hasScannedForEncodings = 0;
			knownRegions = (
				en,
			);
			mainGroup = 83F3224D149290EF00A61BC5;
			productRefGroup = 83F32259149290EF00A61BC5 /* Products */;
			projectDirPath = "";
			projectRoot = "";
			targets = (
				83F32257149290EF00A61BC5 /* DuckDuckGo */,
				4CFA1A8E14DDB73C00DF52FE /* NoARC */,
			);
		};
/* End PBXProject section */

/* Begin PBXResourcesBuildPhase section */
		83F32256149290EF00A61BC5 /* Resources */ = {
			isa = PBXResourcesBuildPhase;
			buildActionMask = 2147483647;
			files = (
				83F32267149290EF00A61BC5 /* InfoPlist.strings in Resources */,
				83F32270149290EF00A61BC5 /* iPhone.storyboard in Resources */,
				83F32273149290EF00A61BC5 /* iPad.storyboard in Resources */,
				83F3228A1492934B00A61BC5 /* action34x29.png in Resources */,
				83F3228E1492934B00A61BC5 /* spacer8x16.png in Resources */,
				838E9065149A763200C11E41 /* CurrentTopicCell.xib in Resources */,
				838E9061149A75D700C11E41 /* DDGSearchController.xib in Resources */,
				83FCA91114966EC000AEDAC6 /* buttonLightGrey40x37.png in Resources */,
				8303A4F014992F1900D34412 /* spacer44x44.png in Resources */,
				838E906A149A76D400C11E41 /* Localizable.strings in Resources */,
				834CD86814A0F9D7006240F1 /* doneButton51x31.png in Resources */,
				83E46A9514A2210700A2D4FC /* Temporary in Resources */,
				83E46A9A14A22DEE00A2D4FC /* chevron15x27.png in Resources */,
				83E46A9C14A2391700A2D4FC /* arrowRight18x18.png in Resources */,
				83E03E8214A4CA5D0098F328 /* topicChosen37x36.png in Resources */,
				4C1E3A0C14C9F44600A0E143 /* Default.png in Resources */,
				4C1E3A0D14C9F44600A0E143 /* Default@2x.png in Resources */,
				4C1E3A1214C9F50B00A0E143 /* icon57x.png in Resources */,
				4C1E3A1314C9F50B00A0E143 /* icon57x@2x.png in Resources */,
				4C1E3A1414C9F50B00A0E143 /* icon72x.png in Resources */,
				4C5142A414E1F13100E49892 /* header_tile@2x.png in Resources */,
				4C5142A714E1F25C00E49892 /* header_tile.png in Resources */,
				4C5DEC5A14E1F32E004C4F9F /* settings_button@2x.png in Resources */,
				4C5DEC5B14E1F32E004C4F9F /* settings_button.png in Resources */,
				4C5DEC5F14E1F430004C4F9F /* search_field@2x.png in Resources */,
				4C5DEC6014E1F430004C4F9F /* search_field.png in Resources */,
				4C5DEC6314E1FE4A004C4F9F /* home_button@2x.png in Resources */,
				4C5DEC6414E1FE4A004C4F9F /* home_button.png in Resources */,
				4C5DEC6714E205C8004C4F9F /* back_button@2x.png in Resources */,
				4C5DEC6814E205C8004C4F9F /* back_button.png in Resources */,
				4C1EF865150C111400532858 /* blackArrow.png in Resources */,
				4C1EF866150C111400532858 /* blackArrow@2x.png in Resources */,
			);
			runOnlyForDeploymentPostprocessing = 0;
		};
/* End PBXResourcesBuildPhase section */

/* Begin PBXSourcesBuildPhase section */
		4CFA1A8B14DDB73C00DF52FE /* Sources */ = {
			isa = PBXSourcesBuildPhase;
			buildActionMask = 2147483647;
			files = (
				4CFA1AB414DDBD3300DF52FE /* AFHTTPClient.m in Sources */,
				4CFA1AB614DDBD3300DF52FE /* AFHTTPRequestOperation.m in Sources */,
				4CFA1AB814DDBD3300DF52FE /* AFImageRequestOperation.m in Sources */,
				4CFA1ABA14DDBD3300DF52FE /* AFJSONRequestOperation.m in Sources */,
				4CFA1ABC14DDBD3300DF52FE /* AFJSONUtilities.m in Sources */,
				4CFA1ABE14DDBD3300DF52FE /* AFNetworkActivityIndicatorManager.m in Sources */,
				4CFA1AC114DDBD3300DF52FE /* AFPropertyListRequestOperation.m in Sources */,
				4CFA1AC314DDBD3300DF52FE /* AFURLConnectionOperation.m in Sources */,
				4CFA1AC514DDBD3300DF52FE /* AFXMLRequestOperation.m in Sources */,
				4CFA1AC714DDBD3300DF52FE /* UIImageView+AFNetworking.m in Sources */,
				4CA0DC4B14EF1C2900CFC5D2 /* SDURLCache.m in Sources */,
				4C1EF85C150C043D00532858 /* EGORefreshTableHeaderView.m in Sources */,
			);
			runOnlyForDeploymentPostprocessing = 0;
		};
		83F32254149290EF00A61BC5 /* Sources */ = {
			isa = PBXSourcesBuildPhase;
			buildActionMask = 2147483647;
			files = (
				83F32269149290EF00A61BC5 /* main.m in Sources */,
				83F3226D149290EF00A61BC5 /* DDGAppDelegate.m in Sources */,
				83F32276149290EF00A61BC5 /* DDGViewController.m in Sources */,
				83F3229E1492EE1B00A61BC5 /* DDGSearchController.m in Sources */,
				839819431493C1DB0017A892 /* DDGWebViewController.m in Sources */,
				4CA7ED3714D3B48200A83E77 /* DDGNonAnimatedPushSegue.m in Sources */,
				4CCEA043150AAB1D00CCC480 /* DDGSearchSuggestionsProvider.m in Sources */,
				4CCEA04D150BBA7F00CCC480 /* DDGAutocompleteServerKeys.m in Sources */,
			);
			runOnlyForDeploymentPostprocessing = 0;
		};
/* End PBXSourcesBuildPhase section */

/* Begin PBXVariantGroup section */
		838E9063149A75D700C11E41 /* DDGSearchController.xib */ = {
			isa = PBXVariantGroup;
			children = (
				838E9062149A75D700C11E41 /* en */,
			);
			name = DDGSearchController.xib;
			sourceTree = "<group>";
		};
		838E9067149A763200C11E41 /* CurrentTopicCell.xib */ = {
			isa = PBXVariantGroup;
			children = (
				838E9066149A763200C11E41 /* en */,
			);
			name = CurrentTopicCell.xib;
			sourceTree = "<group>";
		};
		838E906C149A76D400C11E41 /* Localizable.strings */ = {
			isa = PBXVariantGroup;
			children = (
				838E906B149A76D400C11E41 /* en */,
			);
			name = Localizable.strings;
			path = ..;
			sourceTree = "<group>";
		};
		83F32265149290EF00A61BC5 /* InfoPlist.strings */ = {
			isa = PBXVariantGroup;
			children = (
				83F32266149290EF00A61BC5 /* en */,
			);
			name = InfoPlist.strings;
			sourceTree = "<group>";
		};
		83F3226E149290EF00A61BC5 /* iPhone.storyboard */ = {
			isa = PBXVariantGroup;
			children = (
				83F3226F149290EF00A61BC5 /* en */,
			);
			name = iPhone.storyboard;
			sourceTree = "<group>";
		};
		83F32271149290EF00A61BC5 /* iPad.storyboard */ = {
			isa = PBXVariantGroup;
			children = (
				83F32272149290EF00A61BC5 /* en */,
			);
			name = iPad.storyboard;
			sourceTree = "<group>";
		};
/* End PBXVariantGroup section */

/* Begin XCBuildConfiguration section */
		4CFA1A9814DDB73C00DF52FE /* Debug */ = {
			isa = XCBuildConfiguration;
			buildSettings = {
				CODE_SIGN_IDENTITY = "iPhone Developer";
				"CODE_SIGN_IDENTITY[sdk=iphoneos*]" = "iPhone Developer";
				DSTROOT = /tmp/NoARC.dst;
				GCC_PRECOMPILE_PREFIX_HEADER = YES;
				GCC_PREFIX_HEADER = "NoARC/NoARC-Prefix.pch";
				OTHER_LDFLAGS = "-ObjC";
				PRODUCT_NAME = "$(TARGET_NAME)";
				PROVISIONING_PROFILE = "";
				"PROVISIONING_PROFILE[sdk=iphoneos*]" = "";
				SKIP_INSTALL = YES;
			};
			name = Debug;
		};
		4CFA1A9914DDB73C00DF52FE /* Release */ = {
			isa = XCBuildConfiguration;
			buildSettings = {
				DSTROOT = /tmp/NoARC.dst;
				GCC_PRECOMPILE_PREFIX_HEADER = YES;
				GCC_PREFIX_HEADER = "NoARC/NoARC-Prefix.pch";
				OTHER_LDFLAGS = "-ObjC";
				PRODUCT_NAME = "$(TARGET_NAME)";
				SKIP_INSTALL = YES;
			};
			name = Release;
		};
		83F32277149290EF00A61BC5 /* Debug */ = {
			isa = XCBuildConfiguration;
			buildSettings = {
				ALWAYS_SEARCH_USER_PATHS = NO;
				ARCHS = "$(ARCHS_STANDARD_32_BIT)";
				"CODE_SIGN_IDENTITY[sdk=iphoneos*]" = "Mac Developer: Chris Heimark (XGXZZEPN5Y)";
				COPY_PHASE_STRIP = NO;
				GCC_C_LANGUAGE_STANDARD = gnu99;
				GCC_DYNAMIC_NO_PIC = NO;
				GCC_OPTIMIZATION_LEVEL = 0;
				GCC_PREPROCESSOR_DEFINITIONS = (
					"DEBUG=1",
					"$(inherited)",
				);
				GCC_SYMBOLS_PRIVATE_EXTERN = NO;
				GCC_VERSION = com.apple.compilers.llvm.clang.1_0;
				GCC_WARN_ABOUT_MISSING_PROTOTYPES = YES;
				GCC_WARN_ABOUT_RETURN_TYPE = YES;
				GCC_WARN_UNUSED_VARIABLE = YES;
				IPHONEOS_DEPLOYMENT_TARGET = 5.0;
				"PROVISIONING_PROFILE[sdk=iphoneos*]" = "92159ECF-B6AC-4591-AA1B-5AE0E75E69B4";
				SDKROOT = iphoneos;
				TARGETED_DEVICE_FAMILY = "1,2";
			};
			name = Debug;
		};
		83F32278149290EF00A61BC5 /* Release */ = {
			isa = XCBuildConfiguration;
			buildSettings = {
				ALWAYS_SEARCH_USER_PATHS = NO;
				ARCHS = "$(ARCHS_STANDARD_32_BIT)";
				CODE_SIGN_IDENTITY = "iPhone Distribution: Duck Duck Go, Inc.";
				"CODE_SIGN_IDENTITY[sdk=iphoneos*]" = "iPhone Distribution: Duck Duck Go, Inc.";
				COPY_PHASE_STRIP = YES;
				GCC_C_LANGUAGE_STANDARD = gnu99;
				GCC_VERSION = com.apple.compilers.llvm.clang.1_0;
				GCC_WARN_ABOUT_MISSING_PROTOTYPES = YES;
				GCC_WARN_ABOUT_RETURN_TYPE = YES;
				GCC_WARN_UNUSED_VARIABLE = YES;
				IPHONEOS_DEPLOYMENT_TARGET = 5.0;
				OTHER_CFLAGS = "-DNS_BLOCK_ASSERTIONS=1";
				PROVISIONING_PROFILE = "4D42040A-FD44-4F05-A983-3EEE1760A249";
				"PROVISIONING_PROFILE[sdk=iphoneos*]" = "4D42040A-FD44-4F05-A983-3EEE1760A249";
				SDKROOT = iphoneos;
				TARGETED_DEVICE_FAMILY = "1,2";
				VALIDATE_PRODUCT = YES;
			};
			name = Release;
		};
		83F3227A149290EF00A61BC5 /* Debug */ = {
			isa = XCBuildConfiguration;
			buildSettings = {
				CLANG_ENABLE_OBJC_ARC = YES;
				CODE_SIGN_IDENTITY = "iPhone Developer";
				"CODE_SIGN_IDENTITY[sdk=iphoneos*]" = "iPhone Developer";
				GCC_PRECOMPILE_PREFIX_HEADER = YES;
				GCC_PREFIX_HEADER = "DuckDuckGo/DuckDuckGo-Prefix.pch";
				INFOPLIST_FILE = "DuckDuckGo/DuckDuckGo-Info.plist";
				OTHER_LDFLAGS = (
					"-ObjC",
					"-all_load",
				);
				PRODUCT_NAME = "$(TARGET_NAME)";
				PROVISIONING_PROFILE = "";
				"PROVISIONING_PROFILE[sdk=iphoneos*]" = "";
				WRAPPER_EXTENSION = app;
			};
			name = Debug;
		};
		83F3227B149290EF00A61BC5 /* Release */ = {
			isa = XCBuildConfiguration;
			buildSettings = {
				CLANG_ENABLE_OBJC_ARC = YES;
				CODE_SIGN_IDENTITY = "iPhone Distribution";
				"CODE_SIGN_IDENTITY[sdk=iphoneos*]" = "iPhone Distribution";
				GCC_PRECOMPILE_PREFIX_HEADER = YES;
				GCC_PREFIX_HEADER = "DuckDuckGo/DuckDuckGo-Prefix.pch";
				INFOPLIST_FILE = "DuckDuckGo/DuckDuckGo-Info.plist";
				OTHER_LDFLAGS = (
					"-ObjC",
					"-all_load",
				);
				PRODUCT_NAME = "$(TARGET_NAME)";
				PROVISIONING_PROFILE = "";
				"PROVISIONING_PROFILE[sdk=iphoneos*]" = "";
				WRAPPER_EXTENSION = app;
			};
			name = Release;
		};
/* End XCBuildConfiguration section */

/* Begin XCConfigurationList section */
		4CFA1A9714DDB73C00DF52FE /* Build configuration list for PBXNativeTarget "NoARC" */ = {
			isa = XCConfigurationList;
			buildConfigurations = (
				4CFA1A9814DDB73C00DF52FE /* Debug */,
				4CFA1A9914DDB73C00DF52FE /* Release */,
			);
			defaultConfigurationIsVisible = 0;
			defaultConfigurationName = Release;
		};
		83F32252149290EF00A61BC5 /* Build configuration list for PBXProject "DuckDuckGo" */ = {
			isa = XCConfigurationList;
			buildConfigurations = (
				83F32277149290EF00A61BC5 /* Debug */,
				83F32278149290EF00A61BC5 /* Release */,
			);
			defaultConfigurationIsVisible = 0;
			defaultConfigurationName = Release;
		};
		83F32279149290EF00A61BC5 /* Build configuration list for PBXNativeTarget "DuckDuckGo" */ = {
			isa = XCConfigurationList;
			buildConfigurations = (
				83F3227A149290EF00A61BC5 /* Debug */,
				83F3227B149290EF00A61BC5 /* Release */,
			);
			defaultConfigurationIsVisible = 0;
			defaultConfigurationName = Release;
		};
/* End XCConfigurationList section */
	};
	rootObject = 83F3224F149290EF00A61BC5 /* Project object */;
}
